<?xml version="1.0" encoding="utf-8"?>
<Project ToolsVersion="4.0" xmlns="http://schemas.microsoft.com/developer/msbuild/2003">
  <ItemGroup>
    <Filter Include="Source Files">
      <UniqueIdentifier>{4FC737F1-C7A5-4376-A066-2A32D752A2FF}</UniqueIdentifier>
      <Extensions>cpp;c;cc;cxx;def;odl;idl;hpj;bat;asm;asmx</Extensions>
    </Filter>
    <Filter Include="Header Files">
      <UniqueIdentifier>{93995380-89BD-4b04-88EB-625FBE52EBFB}</UniqueIdentifier>
      <Extensions>h;hpp;hxx;hm;inl;inc;xsd</Extensions>
    </Filter>
    <Filter Include="Resource Files">
      <UniqueIdentifier>{67DA6AB6-F800-4c08-8B7A-83BB121AAD01}</UniqueIdentifier>
      <Extensions>rc;ico;cur;bmp;dlg;rc2;rct;bin;rgs;gif;jpg;jpeg;jpe;resx;tiff;tif;png;wav</Extensions>
    </Filter>
  </ItemGroup>
  <ItemGroup>
    <ClCompile Include="dllmain.cpp">
      <Filter>Source Files</Filter>
    </ClCompile>
    <ClCompile Include="stdafx.cpp">
      <Filter>Source Files</Filter>
    </ClCompile>
    <ClCompile Include="BalloonHelp.cpp">
      <Filter>Source Files</Filter>
    </ClCompile>
    <ClCompile Include="BarPlotWnd.cpp">
      <Filter>Source Files</Filter>
    </ClCompile>
    <ClCompile Include="CellPropDlg.cpp">
      <Filter>Source Files</Filter>
    </ClCompile>
    <ClCompile Include="ColorPicker.cpp">
      <Filter>Source Files</Filter>
    </ClCompile>
    <ClCompile Include="Combo.cpp">
      <Filter>Source Files</Filter>
    </ClCompile>
    <ClCompile Include="Crack.cpp">
      <Filter>Source Files</Filter>
    </ClCompile>
    <ClCompile Include="CWndMngr.cpp">
      <Filter>Source Files</Filter>
    </ClCompile>
    <ClCompile Include="DataTable.cpp">
      <Filter>Source Files</Filter>
    </ClCompile>
    <ClCompile Include="dibapi.cpp">
      <Filter>Source Files</Filter>
    </ClCompile>
    <ClCompile Include="DIBSection.cpp">
      <Filter>Source Files</Filter>
    </ClCompile>
    <ClCompile Include="DynamicScatterWnd.cpp">
      <Filter>Source Files</Filter>
    </ClCompile>
    <ClCompile Include="EditTreeCtrl\EditTreeCtrl.cpp">
      <Filter>Source Files</Filter>
    </ClCompile>
    <ClCompile Include="EditTreeCtrl\EditTreeCtrlEx.cpp">
      <Filter>Source Files</Filter>
    </ClCompile>
    <ClCompile Include="FieldSorterDlg.cpp">
      <Filter>Source Files</Filter>
    </ClCompile>
    <ClCompile Include="FolderDlg.cpp">
      <Filter>Source Files</Filter>
    </ClCompile>
    <ClCompile Include="Graphwnd.cpp">
      <Filter>Source Files</Filter>
    </ClCompile>
    <ClCompile Include="Label.cpp">
      <Filter>Source Files</Filter>
    </ClCompile>
    <ClCompile Include="Legend.cpp">
      <Filter>Source Files</Filter>
    </ClCompile>
    <ClCompile Include="MapLabelDlg.cpp">
      <Filter>Source Files</Filter>
    </ClCompile>
    <ClCompile Include="MapLayerDlg.cpp">
      <Filter>Source Files</Filter>
    </ClCompile>
    <ClCompile Include="MapListWnd.cpp">
      <Filter>Source Files</Filter>
    </ClCompile>
    <ClCompile Include="MapWnd.cpp">
      <Filter>Source Files</Filter>
    </ClCompile>
    <ClCompile Include="Marker.cpp">
      <Filter>Source Files</Filter>
    </ClCompile>
    <ClCompile Include="NameDlg.cpp">
      <Filter>Source Files</Filter>
    </ClCompile>
    <ClCompile Include="OpenGLWnd.cpp">
      <Filter>Source Files</Filter>
    </ClCompile>
    <ClCompile Include="PPPlotAxes.cpp">
      <Filter>Source Files</Filter>
    </ClCompile>
    <ClCompile Include="PPPlotLines.cpp">
      <Filter>Source Files</Filter>
    </ClCompile>
    <ClCompile Include="PPPlotSetup.cpp">
      <Filter>Source Files</Filter>
    </ClCompile>
    <ClCompile Include="RadarGraphWnd.cpp">
      <Filter>Source Files</Filter>
    </ClCompile>
    <ClCompile Include="Raster.cpp">
      <Filter>Source Files</Filter>
    </ClCompile>
    <ClCompile Include="RecordableWindow.cpp">
      <Filter>Source Files</Filter>
    </ClCompile>
    <ClCompile Include="scale.cpp">
      <Filter>Source Files</Filter>
    </ClCompile>
    <ClCompile Include="ScatterWnd.cpp">
      <Filter>Source Files</Filter>
    </ClCompile>
    <ClCompile Include="StaticSplitterWnd.cpp">
      <Filter>Source Files</Filter>
    </ClCompile>
    <ClCompile Include="SysInfo.cpp">
      <Filter>Source Files</Filter>
    </ClCompile>
    <ClCompile Include="SYSINIT.CPP">
      <Filter>Source Files</Filter>
    </ClCompile>
    <ClCompile Include="TabCtrlSSL.cpp">
      <Filter>Source Files</Filter>
    </ClCompile>
    <ClCompile Include="TabPageSSL.cpp">
      <Filter>Source Files</Filter>
    </ClCompile>
    <ClCompile Include="TipWnd.cpp">
      <Filter>Source Files</Filter>
    </ClCompile>
    <ClCompile Include="TreePropertySheet\hookwnd.cpp">
      <Filter>Source Files</Filter>
    </ClCompile>
    <ClCompile Include="TreePropertySheet\PropPageFrame.cpp">
      <Filter>Source Files</Filter>
    </ClCompile>
    <ClCompile Include="TreePropertySheet\PropPageFrameBordered.cpp">
      <Filter>Source Files</Filter>
    </ClCompile>
    <ClCompile Include="TreePropertySheet\PropPageFrameEx.cpp">
      <Filter>Source Files</Filter>
    </ClCompile>
    <ClCompile Include="TreePropertySheet\PropPageFrameOffice2003.cpp">
      <Filter>Source Files</Filter>
    </ClCompile>
    <ClCompile Include="TreePropertySheet\ResizableGrip.cpp">
      <Filter>Source Files</Filter>
    </ClCompile>
    <ClCompile Include="TreePropertySheet\ResizableLayout.cpp">
      <Filter>Source Files</Filter>
    </ClCompile>
    <ClCompile Include="TreePropertySheet\ResizableMinMax.cpp">
      <Filter>Source Files</Filter>
    </ClCompile>
    <ClCompile Include="TreePropertySheet\ResizablePage.cpp">
      <Filter>Source Files</Filter>
    </ClCompile>
    <ClCompile Include="TreePropertySheet\ResizableState.cpp">
      <Filter>Source Files</Filter>
    </ClCompile>
    <ClCompile Include="TreePropertySheet\ThemeLibEx.cpp">
      <Filter>Source Files</Filter>
    </ClCompile>
    <ClCompile Include="TreePropertySheet\TreePropSheetBase.cpp">
      <Filter>Source Files</Filter>
    </ClCompile>
    <ClCompile Include="TreePropertySheet\TreePropSheetBordered.cpp">
      <Filter>Source Files</Filter>
    </ClCompile>
    <ClCompile Include="TreePropertySheet\TreePropSheetEx.cpp">
      <Filter>Source Files</Filter>
    </ClCompile>
    <ClCompile Include="TreePropertySheet\TreePropSheetOffice2003.cpp">
      <Filter>Source Files</Filter>
    </ClCompile>
    <ClCompile Include="TreePropertySheet\TreePropSheetResizableLibHook.cpp">
      <Filter>Source Files</Filter>
    </ClCompile>
    <ClCompile Include="TreePropertySheet\TreePropSheetSplitter.cpp">
      <Filter>Source Files</Filter>
    </ClCompile>
    <ClCompile Include="TreePropertySheet\TreePropSheetTreeCtrl.cpp">
      <Filter>Source Files</Filter>
    </ClCompile>
    <ClCompile Include="VDataTable.cpp">
      <Filter>Source Files</Filter>
    </ClCompile>
    <ClCompile Include="XBalloonMsg.cpp">
      <Filter>Source Files</Filter>
    </ClCompile>
    <ClCompile Include="XGlyphButton.cpp">
      <Filter>Source Files</Filter>
    </ClCompile>
    <ClCompile Include="Grid\GridCell.cpp">
      <Filter>Source Files</Filter>
    </ClCompile>
    <ClCompile Include="Grid\GridCellBase.cpp">
      <Filter>Source Files</Filter>
    </ClCompile>
    <ClCompile Include="Grid\GridCtrl.cpp">
      <Filter>Source Files</Filter>
    </ClCompile>
    <ClCompile Include="Grid\GridDropTarget.cpp">
      <Filter>Source Files</Filter>
    </ClCompile>
    <ClCompile Include="Grid\InPlaceEdit.cpp">
      <Filter>Source Files</Filter>
    </ClCompile>
    <ClCompile Include="Grid\TitleTip.cpp">
      <Filter>Source Files</Filter>
    </ClCompile>
    <ClCompile Include="CustomTabCtrl\CustomTabCtrl.cpp">
      <Filter>Source Files</Filter>
    </ClCompile>
    <ClCompile Include="CustomTabCtrl\ThemeUtil.cpp">
      <Filter>Source Files</Filter>
    </ClCompile>
    <ClCompile Include="plot3d\ColorScaleWnd.cpp">
      <Filter>Source Files</Filter>
    </ClCompile>
    <ClCompile Include="plot3d\Plot3DWnd.cpp">
      <Filter>Source Files</Filter>
    </ClCompile>
    <ClCompile Include="plot3d\ScatterLegendWnd.cpp">
      <Filter>Source Files</Filter>
    </ClCompile>
    <ClCompile Include="plot3d\ScatterPlot3DWnd.cpp">
      <Filter>Source Files</Filter>
    </ClCompile>
    <ClCompile Include="plot3d\ScatterPropertiesDlg.cpp">
      <Filter>Source Files</Filter>
    </ClCompile>
    <ClCompile Include="plot3d\ShapePreviewWnd.cpp">
      <Filter>Source Files</Filter>
    </ClCompile>
    <ClCompile Include="MapFrame.cpp">
      <Filter>Source Files</Filter>
    </ClCompile>
    <ClCompile Include="ReportBox.cpp">
      <Filter>Source Files</Filter>
    </ClCompile>
    <ClCompile Include="ResizeDlg.cpp">
      <Filter>Source Files</Filter>
    </ClCompile>
    <ClCompile Include="QueryBuilder.cpp">
      <Filter>Source Files</Filter>
    </ClCompile>
    <ClCompile Include="QueryViewer.cpp">
      <Filter>Source Files</Filter>
    </ClCompile>
    <ClCompile Include="SpatialOperatorsDlg.cpp">
      <Filter>Source Files</Filter>
    </ClCompile>
    <ClCompile Include="MapToolbar.cpp">
      <Filter>Source Files</Filter>
    </ClCompile>
    <ClCompile Include="CubicSpline.cpp">
      <Filter>Source Files</Filter>
    </ClCompile>
    <ClCompile Include="LogWnd.cpp">
      <Filter>Source Files</Filter>
    </ClCompile>
    <ClCompile Include="plot3d\BarPlot3DWnd.cpp">
      <Filter>Source Files</Filter>
    </ClCompile>
  </ItemGroup>
  <ItemGroup>
    <None Include="ReadMe.txt" />
    <None Include="TreePropertySheet\ResizableMsgSupport.inl">
      <Filter>Header Files</Filter>
    </None>
    <None Include="EnvWinLibs.def">
      <Filter>Source Files</Filter>
    </None>
    <None Include="res\EnvWinLibs.rc2">
      <Filter>Resource Files</Filter>
    </None>
  </ItemGroup>
  <ItemGroup>
    <ClInclude Include="NetworkTree.h">
      <Filter>Header Files</Filter>
    </ClInclude>
    <ClInclude Include="XNamedColors.h">
      <Filter>Header Files</Filter>
    </ClInclude>
    <ClInclude Include="Report.h">
      <Filter>Header Files</Filter>
    </ClInclude>
    <ClInclude Include="MapWnd.h">
      <Filter>Header Files</Filter>
    </ClInclude>
    <ClInclude Include="MapListWnd.h">
      <Filter>Header Files</Filter>
    </ClInclude>
    <ClInclude Include="misc.h">
      <Filter>Header Files</Filter>
    </ClInclude>
    <ClInclude Include="BalloonHelp.h">
      <Filter>Header Files</Filter>
    </ClInclude>
    <ClInclude Include="BAR.HPP">
      <Filter>Header Files</Filter>
    </ClInclude>
    <ClInclude Include="BarPlotWnd.h">
      <Filter>Header Files</Filter>
    </ClInclude>
    <ClInclude Include="CellPropDlg.h">
      <Filter>Header Files</Filter>
    </ClInclude>
    <ClInclude Include="ColorPicker.h">
      <Filter>Header Files</Filter>
    </ClInclude>
    <ClInclude Include="COMBO.HPP">
      <Filter>Header Files</Filter>
    </ClInclude>
    <ClInclude Include="CRACK.H">
      <Filter>Header Files</Filter>
    </ClInclude>
    <ClInclude Include="CWndMngr.h">
      <Filter>Header Files</Filter>
    </ClInclude>
    <ClInclude Include="DataTable.h">
      <Filter>Header Files</Filter>
    </ClInclude>
    <ClInclude Include="DIBSection.h">
      <Filter>Header Files</Filter>
    </ClInclude>
    <ClInclude Include="DirDialog.h">
      <Filter>Header Files</Filter>
    </ClInclude>
    <ClInclude Include="DragChecklistBox.h">
      <Filter>Header Files</Filter>
    </ClInclude>
    <ClInclude Include="DynamicScatterWnd.h">
      <Filter>Header Files</Filter>
    </ClInclude>
    <ClInclude Include="EasySize.h">
      <Filter>Header Files</Filter>
    </ClInclude>
    <ClInclude Include="EditTreeCtrl\CursorDef.h">
      <Filter>Header Files</Filter>
    </ClInclude>
    <ClInclude Include="EditTreeCtrl\EditTreeCtrl.h">
      <Filter>Header Files</Filter>
    </ClInclude>
    <ClInclude Include="EditTreeCtrl\EditTreeCtrlEx.h">
      <Filter>Header Files</Filter>
    </ClInclude>
    <ClInclude Include="FieldSorterDlg.h">
      <Filter>Header Files</Filter>
    </ClInclude>
    <ClInclude Include="FolderDlg.h">
      <Filter>Header Files</Filter>
    </ClInclude>
    <ClInclude Include="GRAPH.H">
      <Filter>Header Files</Filter>
    </ClInclude>
    <ClInclude Include="graphwnd.h">
      <Filter>Header Files</Filter>
    </ClInclude>
    <ClInclude Include="INIFILE.HPP">
      <Filter>Header Files</Filter>
    </ClInclude>
    <ClInclude Include="Label.h">
      <Filter>Header Files</Filter>
    </ClInclude>
    <ClInclude Include="LEGEND.H">
      <Filter>Header Files</Filter>
    </ClInclude>
    <ClInclude Include="MapLabelDlg.h">
      <Filter>Header Files</Filter>
    </ClInclude>
    <ClInclude Include="MapLayerDlg.h">
      <Filter>Header Files</Filter>
    </ClInclude>
    <ClInclude Include="MARKER.HPP">
      <Filter>Header Files</Filter>
    </ClInclude>
    <ClInclude Include="memdc.h">
      <Filter>Header Files</Filter>
    </ClInclude>
    <ClInclude Include="NameDlg.h">
      <Filter>Header Files</Filter>
    </ClInclude>
    <ClInclude Include="OpenGLWnd.h">
      <Filter>Header Files</Filter>
    </ClInclude>
    <ClInclude Include="PPPlotAxes.h">
      <Filter>Header Files</Filter>
    </ClInclude>
    <ClInclude Include="PPPlotLines.h">
      <Filter>Header Files</Filter>
    </ClInclude>
    <ClInclude Include="PPPlotSetup.h">
      <Filter>Header Files</Filter>
    </ClInclude>
    <ClInclude Include="RadarGraphWnd.h">
      <Filter>Header Files</Filter>
    </ClInclude>
    <ClInclude Include="Raster.h">
      <Filter>Header Files</Filter>
    </ClInclude>
    <ClInclude Include="RecordableWindow.h">
      <Filter>Header Files</Filter>
    </ClInclude>
    <ClInclude Include="scale.h">
      <Filter>Header Files</Filter>
    </ClInclude>
    <ClInclude Include="scatterwnd.h">
      <Filter>Header Files</Filter>
    </ClInclude>
    <ClInclude Include="StaticSplitterWnd.h">
      <Filter>Header Files</Filter>
    </ClInclude>
    <ClInclude Include="SysInfo.h">
      <Filter>Header Files</Filter>
    </ClInclude>
    <ClInclude Include="SYSINIT.HPP">
      <Filter>Header Files</Filter>
    </ClInclude>
    <ClInclude Include="TabCtrlSSL.h">
      <Filter>Header Files</Filter>
    </ClInclude>
    <ClInclude Include="TabPageSSL.h">
      <Filter>Header Files</Filter>
    </ClInclude>
    <ClInclude Include="TextWnd.h">
      <Filter>Header Files</Filter>
    </ClInclude>
    <ClInclude Include="TIPWND.H">
      <Filter>Header Files</Filter>
    </ClInclude>
    <ClInclude Include="TreePropertySheet\PropPageFrame.h">
      <Filter>Header Files</Filter>
    </ClInclude>
    <ClInclude Include="TreePropertySheet\PropPageFrameBordered.h">
      <Filter>Header Files</Filter>
    </ClInclude>
    <ClInclude Include="TreePropertySheet\PropPageFrameEx.h">
      <Filter>Header Files</Filter>
    </ClInclude>
    <ClInclude Include="TreePropertySheet\PropPageFrameOffice2003.h">
      <Filter>Header Files</Filter>
    </ClInclude>
    <ClInclude Include="TreePropertySheet\ResizableGrip.h">
      <Filter>Header Files</Filter>
    </ClInclude>
    <ClInclude Include="TreePropertySheet\ResizableLayout.h">
      <Filter>Header Files</Filter>
    </ClInclude>
    <ClInclude Include="TreePropertySheet\ResizableMinMax.h">
      <Filter>Header Files</Filter>
    </ClInclude>
    <ClInclude Include="TreePropertySheet\ResizableMsgSupport.h">
      <Filter>Header Files</Filter>
    </ClInclude>
    <ClInclude Include="TreePropertySheet\ResizablePage.h">
      <Filter>Header Files</Filter>
    </ClInclude>
    <ClInclude Include="TreePropertySheet\ResizableState.h">
      <Filter>Header Files</Filter>
    </ClInclude>
    <ClInclude Include="TreePropertySheet\ThemeLibEx.h">
      <Filter>Header Files</Filter>
    </ClInclude>
    <ClInclude Include="TreePropertySheet\tmemdc.h">
      <Filter>Header Files</Filter>
    </ClInclude>
    <ClInclude Include="TreePropertySheet\TreePropSheetBase.h">
      <Filter>Header Files</Filter>
    </ClInclude>
    <ClInclude Include="TreePropertySheet\TreePropSheetBordered.h">
      <Filter>Header Files</Filter>
    </ClInclude>
    <ClInclude Include="TreePropertySheet\TreePropSheetEx.h">
      <Filter>Header Files</Filter>
    </ClInclude>
    <ClInclude Include="TreePropertySheet\TreePropSheetOffice2003.h">
      <Filter>Header Files</Filter>
    </ClInclude>
    <ClInclude Include="TreePropertySheet\TreePropSheetResizableLibHook.h">
      <Filter>Header Files</Filter>
    </ClInclude>
    <ClInclude Include="TreePropertySheet\TreePropSheetSplitter.h">
      <Filter>Header Files</Filter>
    </ClInclude>
    <ClInclude Include="TreePropertySheet\TreePropSheetTreeCtrl.h">
      <Filter>Header Files</Filter>
    </ClInclude>
    <ClInclude Include="TreePropertySheet\TreePropSheetUtil.hpp">
      <Filter>Header Files</Filter>
    </ClInclude>
    <ClInclude Include="VDataTable.h">
      <Filter>Header Files</Filter>
    </ClInclude>
    <ClInclude Include="XBalloonMsg.h">
      <Filter>Header Files</Filter>
    </ClInclude>
    <ClInclude Include="XGlyphButton.h">
      <Filter>Header Files</Filter>
    </ClInclude>
    <ClInclude Include="Grid\CellRange.h">
      <Filter>Header Files</Filter>
    </ClInclude>
    <ClInclude Include="Grid\GRIDCELL.H">
      <Filter>Header Files</Filter>
    </ClInclude>
    <ClInclude Include="Grid\GridCellBase.h">
      <Filter>Header Files</Filter>
    </ClInclude>
    <ClInclude Include="Grid\GRIDCTRL.H">
      <Filter>Header Files</Filter>
    </ClInclude>
    <ClInclude Include="Grid\GridDropTarget.h">
      <Filter>Header Files</Filter>
    </ClInclude>
    <ClInclude Include="Grid\InPlaceEdit.h">
      <Filter>Header Files</Filter>
    </ClInclude>
    <ClInclude Include="Grid\MEMDC.H">
      <Filter>Header Files</Filter>
    </ClInclude>
    <ClInclude Include="Grid\TITLETIP.H">
      <Filter>Header Files</Filter>
    </ClInclude>
    <ClInclude Include="CustomTabCtrl\CustomTabCtrl.h">
      <Filter>Header Files</Filter>
    </ClInclude>
    <ClInclude Include="CustomTabCtrl\Schemadef.h">
      <Filter>Header Files</Filter>
    </ClInclude>
    <ClInclude Include="CustomTabCtrl\ThemeUtil.h">
      <Filter>Header Files</Filter>
    </ClInclude>
    <ClInclude Include="CustomTabCtrl\Tmschema.h">
      <Filter>Header Files</Filter>
    </ClInclude>
    <ClInclude Include="plot3d\ColorScaleWnd.h">
      <Filter>Header Files</Filter>
    </ClInclude>
    <ClInclude Include="plot3d\Plot3DWnd.h">
      <Filter>Header Files</Filter>
    </ClInclude>
    <ClInclude Include="plot3d\ScatterLegendWnd.h">
      <Filter>Header Files</Filter>
    </ClInclude>
    <ClInclude Include="plot3d\ScatterPlot3DWnd.h">
      <Filter>Header Files</Filter>
    </ClInclude>
    <ClInclude Include="plot3d\ScatterPropertiesDlg.h">
      <Filter>Header Files</Filter>
    </ClInclude>
    <ClInclude Include="plot3d\ShapePreviewWnd.h">
      <Filter>Header Files</Filter>
    </ClInclude>
    <ClInclude Include="gl\glReal.h">
      <Filter>Header Files</Filter>
    </ClInclude>
    <ClInclude Include="MapFrame.h">
      <Filter>Header Files</Filter>
    </ClInclude>
    <ClInclude Include="ReportBox.h">
      <Filter>Header Files</Filter>
    </ClInclude>
    <ClInclude Include="EnvWinlibs.h">
      <Filter>Header Files</Filter>
    </ClInclude>
    <ClInclude Include="ResizeDlg.h">
      <Filter>Header Files</Filter>
    </ClInclude>
    <ClInclude Include="stdafx.h">
      <Filter>Header Files</Filter>
    </ClInclude>
    <ClInclude Include="WinLib_resource.h">
      <Filter>Header Files</Filter>
    </ClInclude>
    <ClInclude Include="QueryBuilder.h">
      <Filter>Header Files</Filter>
    </ClInclude>
    <ClInclude Include="QueryViewer.h">
      <Filter>Header Files</Filter>
    </ClInclude>
    <ClInclude Include="SpatialOperatorsDlg.h">
      <Filter>Header Files</Filter>
    </ClInclude>
    <ClInclude Include="MapToolbar.h">
      <Filter>Header Files</Filter>
    </ClInclude>
    <ClInclude Include="EnvWinLib_resource.h">
      <Filter>Header Files</Filter>
    </ClInclude>
    <ClInclude Include="CubicSpline.h">
      <Filter>Header Files</Filter>
    </ClInclude>
    <ClInclude Include="LogWnd.h">
      <Filter>Header Files</Filter>
    </ClInclude>
    <ClInclude Include="plot3d\BarPlot3DWnd.h">
      <Filter>Header Files</Filter>
    </ClInclude>
  </ItemGroup>
  <ItemGroup>
    <ResourceCompile Include="EnvWinLibs.rc">
      <Filter>Resource Files</Filter>
    </ResourceCompile>
  </ItemGroup>
</Project>