<?xml version="1.0" encoding="utf-8"?>
<Project ToolsVersion="4.0" xmlns="http://schemas.microsoft.com/developer/msbuild/2003">
  <ItemGroup>
    <Filter Include="Source Files">
      <UniqueIdentifier>{4FC737F1-C7A5-4376-A066-2A32D752A2FF}</UniqueIdentifier>
      <Extensions>cpp;c;cc;cxx;def;odl;idl;hpj;bat;asm;asmx</Extensions>
    </Filter>
    <Filter Include="Header Files">
      <UniqueIdentifier>{93995380-89BD-4b04-88EB-625FBE52EBFB}</UniqueIdentifier>
      <Extensions>h;hh;hpp;hxx;hm;inl;inc;ipp;xsd</Extensions>
    </Filter>
    <Filter Include="Resource Files">
      <UniqueIdentifier>{67DA6AB6-F800-4c08-8B7A-83BB121AAD01}</UniqueIdentifier>
      <Extensions>rc;ico;cur;bmp;dlg;rc2;rct;bin;rgs;gif;jpg;jpeg;jpe;resx;tiff;tif;png;wav;mfcribbon-ms</Extensions>
    </Filter>
    <Filter Include="Source Files\corvusoft">
      <UniqueIdentifier>{cf2a7b79-dbac-4522-9645-637323db1c93}</UniqueIdentifier>
    </Filter>
    <Filter Include="Source Files\corvusoft\restbed">
      <UniqueIdentifier>{ef50361d-f6c8-401b-ad08-b3d6cf6fac55}</UniqueIdentifier>
    </Filter>
    <Filter Include="Source Files\corvusoft\restbed\detail">
      <UniqueIdentifier>{1ebfe023-fc39-4443-a6a7-a37953572b25}</UniqueIdentifier>
    </Filter>
  </ItemGroup>
  <ItemGroup>
    <ClInclude Include="stdafx.h">
      <Filter>Header Files</Filter>
    </ClInclude>
    <ClInclude Include="targetver.h">
      <Filter>Header Files</Filter>
    </ClInclude>
  </ItemGroup>
  <ItemGroup>
    <ClCompile Include="stdafx.cpp">
      <Filter>Source Files</Filter>
    </ClCompile>
    <ClCompile Include="corvusoft\restbed\http.cpp">
      <Filter>Source Files\corvusoft\restbed</Filter>
    </ClCompile>
    <ClCompile Include="corvusoft\restbed\request.cpp">
      <Filter>Source Files\corvusoft\restbed</Filter>
    </ClCompile>
    <ClCompile Include="corvusoft\restbed\resource.cpp">
      <Filter>Source Files\corvusoft\restbed</Filter>
    </ClCompile>
    <ClCompile Include="corvusoft\restbed\response.cpp">
      <Filter>Source Files\corvusoft\restbed</Filter>
    </ClCompile>
    <ClCompile Include="corvusoft\restbed\rule.cpp">
      <Filter>Source Files\corvusoft\restbed</Filter>
    </ClCompile>
    <ClCompile Include="corvusoft\restbed\service.cpp">
      <Filter>Source Files\corvusoft\restbed</Filter>
    </ClCompile>
    <ClCompile Include="corvusoft\restbed\session.cpp">
      <Filter>Source Files\corvusoft\restbed</Filter>
    </ClCompile>
    <ClCompile Include="corvusoft\restbed\session_manager.cpp">
      <Filter>Source Files\corvusoft\restbed</Filter>
    </ClCompile>
    <ClCompile Include="corvusoft\restbed\settings.cpp">
      <Filter>Source Files\corvusoft\restbed</Filter>
    </ClCompile>
    <ClCompile Include="corvusoft\restbed\ssl_settings.cpp">
      <Filter>Source Files\corvusoft\restbed</Filter>
    </ClCompile>
    <ClCompile Include="corvusoft\restbed\string.cpp">
      <Filter>Source Files\corvusoft\restbed</Filter>
    </ClCompile>
    <ClCompile Include="corvusoft\restbed\uri.cpp">
      <Filter>Source Files\corvusoft\restbed</Filter>
    </ClCompile>
    <ClCompile Include="corvusoft\restbed\web_socket.cpp">
      <Filter>Source Files\corvusoft\restbed</Filter>
    </ClCompile>
    <ClCompile Include="corvusoft\restbed\web_socket_message.cpp">
      <Filter>Source Files\corvusoft\restbed</Filter>
    </ClCompile>
    <ClCompile Include="corvusoft\restbed\detail\http_impl.cpp">
      <Filter>Source Files\corvusoft\restbed\detail</Filter>
    </ClCompile>
    <ClCompile Include="corvusoft\restbed\detail\service_impl.cpp">
      <Filter>Source Files\corvusoft\restbed\detail</Filter>
    </ClCompile>
    <ClCompile Include="corvusoft\restbed\detail\session_impl.cpp">
      <Filter>Source Files\corvusoft\restbed\detail</Filter>
    </ClCompile>
    <ClCompile Include="corvusoft\restbed\detail\socket_impl.cpp">
      <Filter>Source Files\corvusoft\restbed\detail</Filter>
    </ClCompile>
    <ClCompile Include="corvusoft\restbed\detail\web_socket_impl.cpp">
      <Filter>Source Files\corvusoft\restbed\detail</Filter>
    </ClCompile>
    <ClCompile Include="corvusoft\restbed\detail\web_socket_manager_impl.cpp">
      <Filter>Source Files\corvusoft\restbed\detail</Filter>
    </ClCompile>
  </ItemGroup>
</Project>