<?xml version="1.0" encoding="utf-8"?>
<Project ToolsVersion="4.0" xmlns="http://schemas.microsoft.com/developer/msbuild/2003">
  <ItemGroup>
    <Filter Include="Source Files">
      <UniqueIdentifier>{4FC737F1-C7A5-4376-A066-2A32D752A2FF}</UniqueIdentifier>
      <Extensions>cpp;c;cc;cxx;def;odl;idl;hpj;bat;asm;asmx</Extensions>
    </Filter>
    <Filter Include="Header Files">
      <UniqueIdentifier>{93995380-89BD-4b04-88EB-625FBE52EBFB}</UniqueIdentifier>
      <Extensions>h;hpp;hxx;hm;inl;inc;xsd</Extensions>
    </Filter>
    <Filter Include="Resource Files">
      <UniqueIdentifier>{67DA6AB6-F800-4c08-8B7A-83BB121AAD01}</UniqueIdentifier>
      <Extensions>rc;ico;cur;bmp;dlg;rc2;rct;bin;rgs;gif;jpg;jpeg;jpe;resx;tiff;tif;png;wav;mfcribbon-ms</Extensions>
    </Filter>
  </ItemGroup>
  <ItemGroup>
    <None Include="ReadMe.txt" />
    <None Include="SpatialAllocator.def">
      <Filter>Source Files</Filter>
    </None>
    <None Include="res\SpatialAllocator.rc2">
      <Filter>Resource Files</Filter>
    </None>
  </ItemGroup>
  <ItemGroup>
    <ClCompile Include="SpatialAllocator.cpp">
      <Filter>Source Files</Filter>
    </ClCompile>
    <ClCompile Include="dllmain.cpp">
      <Filter>Source Files</Filter>
    </ClCompile>
    <ClCompile Include="stdafx.cpp">
      <Filter>Source Files</Filter>
    </ClCompile>
    <ClCompile Include="SAllocView.cpp">
      <Filter>Source Files</Filter>
    </ClCompile>
    <ClCompile Include="SAllocWnd.cpp">
      <Filter>Source Files</Filter>
    </ClCompile>
    <ClCompile Include="SAllocTree.cpp">
      <Filter>Source Files</Filter>
    </ClCompile>
    <ClCompile Include="AllocBasicPP.cpp">
      <Filter>Source Files</Filter>
    </ClCompile>
    <ClCompile Include="AllocEditor.cpp">
      <Filter>Source Files</Filter>
    </ClCompile>
    <ClCompile Include="AllocConstraintPP.cpp">
      <Filter>Source Files</Filter>
    </ClCompile>
    <ClCompile Include="AllocPrefsPP.cpp">
      <Filter>Source Files</Filter>
    </ClCompile>
    <ClCompile Include="AllocSetEditor.cpp">
      <Filter>Source Files</Filter>
    </ClCompile>
    <ClCompile Include="AllocSetResults.cpp">
      <Filter>Source Files</Filter>
    </ClCompile>
    <ClCompile Include="MapContainer.cpp">
      <Filter>Source Files</Filter>
    </ClCompile>
    <ClCompile Include="AllocExpandPP.cpp">
      <Filter>Source Files</Filter>
    </ClCompile>
  </ItemGroup>
  <ItemGroup>
    <ClInclude Include="stdafx.h">
      <Filter>Header Files</Filter>
    </ClInclude>
    <ClInclude Include="targetver.h">
      <Filter>Header Files</Filter>
    </ClInclude>
    <ClInclude Include="Resource.h">
      <Filter>Header Files</Filter>
    </ClInclude>
    <ClInclude Include="SpatialAllocator.h">
      <Filter>Header Files</Filter>
    </ClInclude>
    <ClInclude Include="..\EnvExtension.h">
      <Filter>Header Files</Filter>
    </ClInclude>
    <ClInclude Include="SAllocTree.h">
      <Filter>Header Files</Filter>
    </ClInclude>
    <ClInclude Include="SAllocView.h">
      <Filter>Header Files</Filter>
    </ClInclude>
    <ClInclude Include="SAllocWnd.h">
      <Filter>Header Files</Filter>
    </ClInclude>
    <ClInclude Include="AllocEditor.h">
      <Filter>Header Files</Filter>
    </ClInclude>
    <ClInclude Include="AllocBasicPP.h">
      <Filter>Header Files</Filter>
    </ClInclude>
    <ClInclude Include="AllocConstraintPP.h">
      <Filter>Header Files</Filter>
    </ClInclude>
    <ClInclude Include="AllocPrefsPP.h">
      <Filter>Header Files</Filter>
    </ClInclude>
    <ClInclude Include="AllocSetEditor.h">
      <Filter>Header Files</Filter>
    </ClInclude>
    <ClInclude Include="AllocSetResults.h">
      <Filter>Header Files</Filter>
    </ClInclude>
    <ClInclude Include="MapContainer.h">
      <Filter>Header Files</Filter>
    </ClInclude>
    <ClInclude Include="AllocExpandPP.h">
      <Filter>Header Files</Filter>
    </ClInclude>
  </ItemGroup>
  <ItemGroup>
    <ResourceCompile Include="SpatialAllocator.rc">
      <Filter>Resource Files</Filter>
    </ResourceCompile>
  </ItemGroup>
</Project>