
Microsoft Visual Studio Solution File, Format Version 12.00
# Visual Studio Version 17
VisualStudioVersion = 17.0.32112.339
MinimumVisualStudioVersion = 10.0.40219.1
Project("{8BC9CEB8-8B4A-11D0-8D11-00A0C91BC942}") = "EnvLibs", "EnvLibs\EnvLibs.vcxproj", "{E3502523-3A54-4A72-AC75-A59C944AD9C1}"
EndProject
Project("{8BC9CEB8-8B4A-11D0-8D11-00A0C91BC942}") = "EnvEngine", "EnvEngine\EnvEngine.vcxproj", "{7E2932D5-10E4-4BAC-A07F-2E512402B88C}"
	ProjectSection(ProjectDependencies) = postProject
		{E3502523-3A54-4A72-AC75-A59C944AD9C1} = {E3502523-3A54-4A72-AC75-A59C944AD9C1}
	EndProjectSection
EndProject
Project("{8BC9CEB8-8B4A-11D0-8D11-00A0C91BC942}") = "Envision", "Envision\Envision.vcxproj", "{2A08AFB9-CB91-4FAE-B06C-573238E74E8D}"
	ProjectSection(ProjectDependencies) = postProject
		{E3502523-3A54-4A72-AC75-A59C944AD9C1} = {E3502523-3A54-4A72-AC75-A59C944AD9C1}
		{48AD5D58-DA1C-4555-9958-C29C4925F8FB} = {48AD5D58-DA1C-4555-9958-C29C4925F8FB}
		{9C79B078-36CA-402F-A47A-D87B5F23FA90} = {9C79B078-36CA-402F-A47A-D87B5F23FA90}
		{7E2932D5-10E4-4BAC-A07F-2E512402B88C} = {7E2932D5-10E4-4BAC-A07F-2E512402B88C}
	EndProjectSection
EndProject
Project("{8BC9CEB8-8B4A-11D0-8D11-00A0C91BC942}") = "EnvWinLibs", "EnvWinLibs\EnvWinLibs.vcxproj", "{48AD5D58-DA1C-4555-9958-C29C4925F8FB}"
	ProjectSection(ProjectDependencies) = postProject
		{E3502523-3A54-4A72-AC75-A59C944AD9C1} = {E3502523-3A54-4A72-AC75-A59C944AD9C1}
	EndProjectSection
EndProject
Project("{8BC9CEB8-8B4A-11D0-8D11-00A0C91BC942}") = "UltimateGrid", "Envision\UltimateGrid\UltimateGrid.vcxproj", "{9C79B078-36CA-402F-A47A-D87B5F23FA90}"
EndProject
Project("{8BC9CEB8-8B4A-11D0-8D11-00A0C91BC942}") = "ExamplePlugin", "Plugins\ExamplePlugin\ExamplePlugin.vcxproj", "{18DCC1FB-8EAA-4082-9A2F-91E863743E30}"
	ProjectSection(ProjectDependencies) = postProject
		{E3502523-3A54-4A72-AC75-A59C944AD9C1} = {E3502523-3A54-4A72-AC75-A59C944AD9C1}
		{7E2932D5-10E4-4BAC-A07F-2E512402B88C} = {7E2932D5-10E4-4BAC-A07F-2E512402B88C}
	EndProjectSection
EndProject
Project("{8BC9CEB8-8B4A-11D0-8D11-00A0C91BC942}") = "Flow", "Plugins\Flow\Flow.vcxproj", "{5594E9B7-DC35-4886-A550-C658551E12DF}"
	ProjectSection(ProjectDependencies) = postProject
		{E3502523-3A54-4A72-AC75-A59C944AD9C1} = {E3502523-3A54-4A72-AC75-A59C944AD9C1}
		{48AD5D58-DA1C-4555-9958-C29C4925F8FB} = {48AD5D58-DA1C-4555-9958-C29C4925F8FB}
		{2A08AFB9-CB91-4FAE-B06C-573238E74E8D} = {2A08AFB9-CB91-4FAE-B06C-573238E74E8D}
		{7E2932D5-10E4-4BAC-A07F-2E512402B88C} = {7E2932D5-10E4-4BAC-A07F-2E512402B88C}
	EndProjectSection
EndProject
Project("{8BC9CEB8-8B4A-11D0-8D11-00A0C91BC942}") = "Reporter", "Plugins\Reporter\Reporter.vcxproj", "{AA3DDBA9-C668-48A4-9063-6F9DF233F0B1}"
	ProjectSection(ProjectDependencies) = postProject
		{E3502523-3A54-4A72-AC75-A59C944AD9C1} = {E3502523-3A54-4A72-AC75-A59C944AD9C1}
		{7E2932D5-10E4-4BAC-A07F-2E512402B88C} = {7E2932D5-10E4-4BAC-A07F-2E512402B88C}
	EndProjectSection
EndProject
Project("{8BC9CEB8-8B4A-11D0-8D11-00A0C91BC942}") = "AcuteHazards", "Plugins\AcuteHazards\AcuteHazards.vcxproj", "{8ED9E22E-DAC6-49BA-B7D1-9B858F69F5B6}"
	ProjectSection(ProjectDependencies) = postProject
		{E3502523-3A54-4A72-AC75-A59C944AD9C1} = {E3502523-3A54-4A72-AC75-A59C944AD9C1}
		{7E2932D5-10E4-4BAC-A07F-2E512402B88C} = {7E2932D5-10E4-4BAC-A07F-2E512402B88C}
	EndProjectSection
EndProject
Project("{8BC9CEB8-8B4A-11D0-8D11-00A0C91BC942}") = "Target", "Plugins\Target\Target.vcxproj", "{0EE20CD4-D3FE-4927-8A4D-B5F8FC2A95BD}"
	ProjectSection(ProjectDependencies) = postProject
		{E3502523-3A54-4A72-AC75-A59C944AD9C1} = {E3502523-3A54-4A72-AC75-A59C944AD9C1}
		{7E2932D5-10E4-4BAC-A07F-2E512402B88C} = {7E2932D5-10E4-4BAC-A07F-2E512402B88C}
	EndProjectSection
EndProject
Project("{8BC9CEB8-8B4A-11D0-8D11-00A0C91BC942}") = "SpatialAllocator", "Plugins\SpatialAllocator\SpatialAllocator.vcxproj", "{235326F4-6FFB-4BB6-B81C-305E67B40FE0}"
	ProjectSection(ProjectDependencies) = postProject
		{E3502523-3A54-4A72-AC75-A59C944AD9C1} = {E3502523-3A54-4A72-AC75-A59C944AD9C1}
		{7E2932D5-10E4-4BAC-A07F-2E512402B88C} = {7E2932D5-10E4-4BAC-A07F-2E512402B88C}
	EndProjectSection
EndProject
Project("{8BC9CEB8-8B4A-11D0-8D11-00A0C91BC942}") = "Developer", "Plugins\Developer\Developer.vcxproj", "{03C1C985-CE5A-4BD6-8DBC-7C62465B87BF}"
	ProjectSection(ProjectDependencies) = postProject
		{E3502523-3A54-4A72-AC75-A59C944AD9C1} = {E3502523-3A54-4A72-AC75-A59C944AD9C1}
		{7E2932D5-10E4-4BAC-A07F-2E512402B88C} = {7E2932D5-10E4-4BAC-A07F-2E512402B88C}
	EndProjectSection
EndProject
Project("{8BC9CEB8-8B4A-11D0-8D11-00A0C91BC942}") = "EnvServer", "EnvServer\EnvServer.vcxproj", "{46D2D77A-F999-404D-A0BF-F919DC40F85A}"
EndProject
Project("{8BC9CEB8-8B4A-11D0-8D11-00A0C91BC942}") = "Restbed", "EnvServer\Restbed\Restbed.vcxproj", "{3C75BE17-8D8F-4F55-BD8E-594BAEE3BFD4}"
EndProject
Project("{8BC9CEB8-8B4A-11D0-8D11-00A0C91BC942}") = "SSTM", "Plugins\SSTM\SSTM.vcxproj", "{F7536A95-C981-4DB3-AFFE-800D41B06D9B}"
EndProject
Project("{8BC9CEB8-8B4A-11D0-8D11-00A0C91BC942}") = "Sync", "Plugins\Sync\Sync.vcxproj", "{5FE5CF98-BB42-42AB-B0E8-C55DBE08669F}"
EndProject
Project("{2150E333-8FDC-42A3-9474-1A3956D46DE8}") = "Plugins", "Plugins", "{E97765A7-4C87-43CB-99A1-2B6752E3BB81}"
EndProject
Project("{8BC9CEB8-8B4A-11D0-8D11-00A0C91BC942}") = "HBV", "Plugins\Flow\HBV\HBV.vcxproj", "{96CE869C-7B4A-4093-AA55-6ED075943623}"
EndProject
Project("{8BC9CEB8-8B4A-11D0-8D11-00A0C91BC942}") = "Flood", "Plugins\Flood\Flood.vcxproj", "{6134E72E-71D6-4576-989D-B46E548A0E24}"
EndProject
Project("{8BC9CEB8-8B4A-11D0-8D11-00A0C91BC942}") = "envcmd", "envcmd\envcmd.vcxproj", "{A1771F25-1DCB-4556-BBAA-2B1321DD23C2}"
EndProject
Project("{8BC9CEB8-8B4A-11D0-8D11-00A0C91BC942}") = "LPJGuess", "Plugins\LPJGuess\LPJGuess.vcxproj", "{6134E72E-71D6-4576-989D-B46E548A0A24}"
EndProject
Project("{8BC9CEB8-8B4A-11D0-8D11-00A0C91BC942}") = "COCNH", "Plugins\COCNH\COCNH.vcxproj", "{6134E72E-71D6-4576-969D-B46E548A0A24}"
EndProject
Project("{8BC9CEB8-8B4A-11D0-8D11-00A0C91BC942}") = "DynamicVeg", "Plugins\DynamicVeg\DynamicVeg.vcxproj", "{6134E72E-71A6-4576-969D-B46E548A0A24}"
EndProject
Project("{8BC9CEB8-8B4A-11D0-8D11-00A0C91BC942}") = "Economy", "Plugins\Economy\Economy.vcxproj", "{105C441D-43A8-43C6-AC02-4BD361A5092A}"
EndProject
Project("{8BC9CEB8-8B4A-11D0-8D11-00A0C91BC942}") = "FlameLenDisturbHandler", "Plugins\FlameLenDisturbHandler\FlameLenDisturbHandler.vcxproj", "{EFBA571E-92BC-4BB8-8E71-84B6969BD7BE}"
EndProject
Project("{8BC9CEB8-8B4A-11D0-8D11-00A0C91BC942}") = "FlammapAP", "Plugins\Flammap\FlammapAP.vcxproj", "{2301BFFE-2740-4C90-B88E-B475329FE6B2}"
EndProject
Project("{8BC9CEB8-8B4A-11D0-8D11-00A0C91BC942}") = "TerrBiodiv", "Plugins\TerrBiodiv\TerrBiodiv.vcxproj", "{105C441D-43A8-43C6-AC12-4BD361A5092A}"
EndProject
Project("{8BC9CEB8-8B4A-11D0-8D11-00A0C91BC942}") = "F2R", "Plugins\F2R\F2R.vcxproj", "{29EAFF6A-37C0-4A2B-88BF-F177F9D294C2}"
EndProject
Project("{8BC9CEB8-8B4A-11D0-8D11-00A0C91BC942}") = "Trigger", "Plugins\Trigger\Trigger.vcxproj", "{DB45CD2E-7601-4985-A1BA-4347D85EFC8B}"
EndProject
Project("{8BC9CEB8-8B4A-11D0-8D11-00A0C91BC942}") = "VersionUpdater", "VersionUpdater\VersionUpdater.vcxproj", "{661D361B-DCF4-455C-BE6C-A2EAA9E27D5B}"
EndProject
Project("{8BC9CEB8-8B4A-11D0-8D11-00A0C91BC942}") = "Calvin", "Plugins\Calvin\Calvin.vcxproj", "{CE3DDAA2-68DD-477A-B48A-7967C5143DC9}"
EndProject
Project("{8BC9CEB8-8B4A-11D0-8D11-00A0C91BC942}") = "SWAT_Adapter", "Plugins\SWAT_Adapter\SWAT_Adapter.vcxproj", "{053C3EC9-5C21-4A2A-81FA-35599F67B0AF}"
EndProject
Project("{6989167D-11E4-40FE-8C1A-2192A86A7E90}") = "SWAT_DLL", "Plugins\SWAT_DLL\SWAT_DLL.vfproj", "{2ED973F4-B280-4308-8A42-F80716DBD2FA}"
EndProject
Project("{8BC9CEB8-8B4A-11D0-8D11-00A0C91BC942}") = "ModflowAdapter", "Plugins\modflowadapter\ModflowAdapter.vcxproj", "{23749113-DBFB-41C5-A13D-93B08449C958}"
EndProject
Project("{2150E333-8FDC-42A3-9474-1A3956D46DE8}") = "Modflow", "Modflow", "{C00C9974-3062-4DD5-B7FF-54251AAE8F38}"
	ProjectSection(SolutionItems) = preProject
		..\..\Models\MF2005.1_12\src\de47.f = ..\..\Models\MF2005.1_12\src\de47.f
		..\..\Models\MF2005.1_12\src\gmg7.f = ..\..\Models\MF2005.1_12\src\gmg7.f
		..\..\Models\MF2005.1_12\src\gmg7_c_interface.f90 = ..\..\Models\MF2005.1_12\src\gmg7_c_interface.f90
		..\..\Models\MF2005.1_12\src\gwf2bas7.f = ..\..\Models\MF2005.1_12\src\gwf2bas7.f
		..\..\Models\MF2005.1_12\src\gwf2bcf7.f = ..\..\Models\MF2005.1_12\src\gwf2bcf7.f
		..\..\Models\MF2005.1_12\src\gwf2chd7.f = ..\..\Models\MF2005.1_12\src\gwf2chd7.f
		..\..\Models\MF2005.1_12\src\gwf2drn7.f = ..\..\Models\MF2005.1_12\src\gwf2drn7.f
		..\..\Models\MF2005.1_12\src\gwf2drt7.f = ..\..\Models\MF2005.1_12\src\gwf2drt7.f
		..\..\Models\MF2005.1_12\src\gwf2ets7.f = ..\..\Models\MF2005.1_12\src\gwf2ets7.f
		..\..\Models\MF2005.1_12\src\gwf2evt7.f = ..\..\Models\MF2005.1_12\src\gwf2evt7.f
		..\..\Models\MF2005.1_12\src\gwf2fhb7.f = ..\..\Models\MF2005.1_12\src\gwf2fhb7.f
		..\..\Models\MF2005.1_12\src\gwf2gag7.f = ..\..\Models\MF2005.1_12\src\gwf2gag7.f
		..\..\Models\MF2005.1_12\src\gwf2ghb7.f = ..\..\Models\MF2005.1_12\src\gwf2ghb7.f
		..\..\Models\MF2005.1_12\src\gwf2hfb7.f = ..\..\Models\MF2005.1_12\src\gwf2hfb7.f
		..\..\Models\MF2005.1_12\src\gwf2huf7.f = ..\..\Models\MF2005.1_12\src\gwf2huf7.f
		..\..\Models\MF2005.1_12\src\gwf2hydmod7.f = ..\..\Models\MF2005.1_12\src\gwf2hydmod7.f
		..\..\Models\MF2005.1_12\src\gwf2ibs7.f = ..\..\Models\MF2005.1_12\src\gwf2ibs7.f
		..\..\Models\MF2005.1_12\src\gwf2lak7.f = ..\..\Models\MF2005.1_12\src\gwf2lak7.f
		..\..\Models\MF2005.1_12\src\gwf2lpf7.f = ..\..\Models\MF2005.1_12\src\gwf2lpf7.f
		..\..\Models\MF2005.1_12\src\gwf2mnw17.f = ..\..\Models\MF2005.1_12\src\gwf2mnw17.f
		..\..\Models\MF2005.1_12\src\gwf2mnw27.f = ..\..\Models\MF2005.1_12\src\gwf2mnw27.f
		..\..\Models\MF2005.1_12\src\gwf2mnw2i7.f = ..\..\Models\MF2005.1_12\src\gwf2mnw2i7.f
		..\..\Models\MF2005.1_12\src\gwf2rch7.f = ..\..\Models\MF2005.1_12\src\gwf2rch7.f
		..\..\Models\MF2005.1_12\src\gwf2res7.f = ..\..\Models\MF2005.1_12\src\gwf2res7.f
		..\..\Models\MF2005.1_12\src\gwf2riv7.f = ..\..\Models\MF2005.1_12\src\gwf2riv7.f
		..\..\Models\MF2005.1_12\src\gwf2sfr7.f = ..\..\Models\MF2005.1_12\src\gwf2sfr7.f
		..\..\Models\MF2005.1_12\src\gwf2str7.f = ..\..\Models\MF2005.1_12\src\gwf2str7.f
		..\..\Models\MF2005.1_12\src\gwf2sub7.f = ..\..\Models\MF2005.1_12\src\gwf2sub7.f
		..\..\Models\MF2005.1_12\src\gwf2swi27.f = ..\..\Models\MF2005.1_12\src\gwf2swi27.f
		..\..\Models\MF2005.1_12\src\gwf2swr7.f = ..\..\Models\MF2005.1_12\src\gwf2swr7.f
		..\..\Models\MF2005.1_12\src\gwf2swr7util.f = ..\..\Models\MF2005.1_12\src\gwf2swr7util.f
		..\..\Models\MF2005.1_12\src\gwf2swt7.f = ..\..\Models\MF2005.1_12\src\gwf2swt7.f
		..\..\Models\MF2005.1_12\src\gwf2uzf1.f = ..\..\Models\MF2005.1_12\src\gwf2uzf1.f
		..\..\Models\MF2005.1_12\src\gwf2wel7.f = ..\..\Models\MF2005.1_12\src\gwf2wel7.f
		..\..\Models\MF2005.1_12\src\gwflakmodule.f = ..\..\Models\MF2005.1_12\src\gwflakmodule.f
		..\..\Models\MF2005.1_12\src\gwfsfrmodule.f = ..\..\Models\MF2005.1_12\src\gwfsfrmodule.f
		..\..\Models\MF2005.1_12\src\gwfuzfmodule.f = ..\..\Models\MF2005.1_12\src\gwfuzfmodule.f
		..\..\Models\MF2005.1_12\src\hufutl7.f = ..\..\Models\MF2005.1_12\src\hufutl7.f
		..\..\Models\MF2005.1_12\src\lmt8.f = ..\..\Models\MF2005.1_12\src\lmt8.f
		..\..\Models\MF2005.1_12\src\mf2005.f = ..\..\Models\MF2005.1_12\src\mf2005.f
		..\..\Models\MF2005.1_12\src\mf2kgmg.c = ..\..\Models\MF2005.1_12\src\mf2kgmg.c
		..\..\Models\MF2005.1_12\src\mf2kgmg.h = ..\..\Models\MF2005.1_12\src\mf2kgmg.h
		..\..\Models\MF2005.1_12\src\mhc7.f = ..\..\Models\MF2005.1_12\src\mhc7.f
		..\..\Models\MF2005.1_12\src\nogmg.txt = ..\..\Models\MF2005.1_12\src\nogmg.txt
		..\..\Models\MF2005.1_12\src\obs2bas7.f = ..\..\Models\MF2005.1_12\src\obs2bas7.f
		..\..\Models\MF2005.1_12\src\obs2chd7.f = ..\..\Models\MF2005.1_12\src\obs2chd7.f
		..\..\Models\MF2005.1_12\src\obs2drn7.f = ..\..\Models\MF2005.1_12\src\obs2drn7.f
		..\..\Models\MF2005.1_12\src\obs2ghb7.f = ..\..\Models\MF2005.1_12\src\obs2ghb7.f
		..\..\Models\MF2005.1_12\src\obs2riv7.f = ..\..\Models\MF2005.1_12\src\obs2riv7.f
		..\..\Models\MF2005.1_12\src\obs2str7.f = ..\..\Models\MF2005.1_12\src\obs2str7.f
		..\..\Models\MF2005.1_12\src\openspec.inc = ..\..\Models\MF2005.1_12\src\openspec.inc
		..\..\Models\MF2005.1_12\src\parutl7.f = ..\..\Models\MF2005.1_12\src\parutl7.f
		..\..\Models\MF2005.1_12\src\pcg7.f = ..\..\Models\MF2005.1_12\src\pcg7.f
		..\..\Models\MF2005.1_12\src\pcgn2.f90 = ..\..\Models\MF2005.1_12\src\pcgn2.f90
		..\..\Models\MF2005.1_12\src\pcgn_solve2.f90 = ..\..\Models\MF2005.1_12\src\pcgn_solve2.f90
		..\..\Models\MF2005.1_12\src\r_vector.c = ..\..\Models\MF2005.1_12\src\r_vector.c
		..\..\Models\MF2005.1_12\src\r_vector.h = ..\..\Models\MF2005.1_12\src\r_vector.h
		..\..\Models\MF2005.1_12\src\sip7.f = ..\..\Models\MF2005.1_12\src\sip7.f
		..\..\Models\MF2005.1_12\src\solvers.c = ..\..\Models\MF2005.1_12\src\solvers.c
		..\..\Models\MF2005.1_12\src\solvers.h = ..\..\Models\MF2005.1_12\src\solvers.h
		..\..\Models\MF2005.1_12\src\utl7.f = ..\..\Models\MF2005.1_12\src\utl7.f
	EndProjectSection
EndProject
Project("{8BC9CEB8-8B4A-11D0-8D11-00A0C91BC942}") = "SWAT_Flow_Adapter", "Plugins\Flow\SWAT_Flow_Adapter\SWAT_Flow_Adapter.vcxproj", "{01994FF0-05C3-4746-AF08-64CB228867B9}"
EndProject
Project("{54435603-DBB4-11D2-8724-00A0C9A8B90C}") = "Setup-x64", "Setup-x64\Setup1.vdproj", "{EF43EED9-DF6F-46BB-871C-9C0318801399}"
EndProject
Project("{8BC9CEB8-8B4A-11D0-8D11-00A0C91BC942}") = "ShoreZone", "Plugins\ShoreZone\ShoreZone.vcxproj", "{18DCC1FB-8EAA-4182-9A2F-81E863743E30}"
EndProject
Project("{8BC9CEB8-8B4A-11D0-8D11-00A0C91BC942}") = "PSWCP", "Plugins\PSWCP\PSWCP.vcxproj", "{A83A489C-DCC3-44D9-82AD-A675C25FCCFB}"
EndProject
Project("{8BC9CEB8-8B4A-11D0-8D11-00A0C91BC942}") = "PugetSound", "Plugins\PugetSound\PugetSound.vcxproj", "{03C1D985-CE5A-4B16-8DBC-7C62465B87BF}"
EndProject
Project("{8BC9CEB8-8B4A-11D0-8D11-00A0C91BC942}") = "CVA", "Plugins\CVA\CVA.vcxproj", "{13DCC1FB-8E8A-4082-9A2F-91E862743E30}"
EndProject
Project("{8BC9CEB8-8B4A-11D0-8D11-00A0C91BC942}") = "Transitions", "Plugins\Transitions\Transitions.vcxproj", "{A83A489C-DCC3-44D9-82AD-A67512000000}"
EndProject
Project("{8BC9CEB8-8B4A-11D0-8D11-00A0C91BC942}") = "ChronicHazards", "Plugins\ChronicHazards\ChronicHazards.vcxproj", "{BCD8171F-82E5-4D7B-8D06-BA82ADCE613E}"
EndProject
Project("{8BC9CEB8-8B4A-11D0-8D11-00A0C91BC942}") = "FieldCalc", "Plugins\FieldCalc\FieldCalc.vcxproj", "{18DCD1FB-8EAA-4A82-9A2F-91E863843E30}"
EndProject
Project("{8BC9CEB8-8B4A-11D0-8D11-00A0C91BC942}") = "UrbanDev", "Plugins\UrbanDev\UrbanDev.vcxproj", "{A83A580C-DCC3-44D9-82AD-A675C25FCCFB}"
EndProject
Global
	GlobalSection(SolutionConfigurationPlatforms) = preSolution
		Debug|x64 = Debug|x64
		Debug|x86 = Debug|x86
		MinSizeRel|x64 = MinSizeRel|x64
		MinSizeRel|x86 = MinSizeRel|x86
		Release|x64 = Release|x64
		Release|x86 = Release|x86
		RelWithDebInfo|x64 = RelWithDebInfo|x64
		RelWithDebInfo|x86 = RelWithDebInfo|x86
		Template|x64 = Template|x64
		Template|x86 = Template|x86
	EndGlobalSection
	GlobalSection(ProjectConfigurationPlatforms) = postSolution
		{E3502523-3A54-4A72-AC75-A59C944AD9C1}.Debug|x64.ActiveCfg = Debug|x64
		{E3502523-3A54-4A72-AC75-A59C944AD9C1}.Debug|x64.Build.0 = Debug|x64
		{E3502523-3A54-4A72-AC75-A59C944AD9C1}.Debug|x86.ActiveCfg = Debug|Win32
		{E3502523-3A54-4A72-AC75-A59C944AD9C1}.Debug|x86.Build.0 = Debug|Win32
		{E3502523-3A54-4A72-AC75-A59C944AD9C1}.MinSizeRel|x64.ActiveCfg = Release|x64
		{E3502523-3A54-4A72-AC75-A59C944AD9C1}.MinSizeRel|x64.Build.0 = Release|x64
		{E3502523-3A54-4A72-AC75-A59C944AD9C1}.MinSizeRel|x86.ActiveCfg = Release|Win32
		{E3502523-3A54-4A72-AC75-A59C944AD9C1}.MinSizeRel|x86.Build.0 = Release|Win32
		{E3502523-3A54-4A72-AC75-A59C944AD9C1}.Release|x64.ActiveCfg = Release|x64
		{E3502523-3A54-4A72-AC75-A59C944AD9C1}.Release|x64.Build.0 = Release|x64
		{E3502523-3A54-4A72-AC75-A59C944AD9C1}.Release|x86.ActiveCfg = Release|Win32
		{E3502523-3A54-4A72-AC75-A59C944AD9C1}.Release|x86.Build.0 = Release|Win32
		{E3502523-3A54-4A72-AC75-A59C944AD9C1}.RelWithDebInfo|x64.ActiveCfg = Release|x64
		{E3502523-3A54-4A72-AC75-A59C944AD9C1}.RelWithDebInfo|x64.Build.0 = Release|x64
		{E3502523-3A54-4A72-AC75-A59C944AD9C1}.RelWithDebInfo|x86.ActiveCfg = Release|Win32
		{E3502523-3A54-4A72-AC75-A59C944AD9C1}.RelWithDebInfo|x86.Build.0 = Release|Win32
		{E3502523-3A54-4A72-AC75-A59C944AD9C1}.Template|x64.ActiveCfg = Release|x64
		{E3502523-3A54-4A72-AC75-A59C944AD9C1}.Template|x64.Build.0 = Release|x64
		{E3502523-3A54-4A72-AC75-A59C944AD9C1}.Template|x86.ActiveCfg = Release|Win32
		{E3502523-3A54-4A72-AC75-A59C944AD9C1}.Template|x86.Build.0 = Release|Win32
		{7E2932D5-10E4-4BAC-A07F-2E512402B88C}.Debug|x64.ActiveCfg = Debug|x64
		{7E2932D5-10E4-4BAC-A07F-2E512402B88C}.Debug|x64.Build.0 = Debug|x64
		{7E2932D5-10E4-4BAC-A07F-2E512402B88C}.Debug|x86.ActiveCfg = Debug|Win32
		{7E2932D5-10E4-4BAC-A07F-2E512402B88C}.Debug|x86.Build.0 = Debug|Win32
		{7E2932D5-10E4-4BAC-A07F-2E512402B88C}.MinSizeRel|x64.ActiveCfg = Release|x64
		{7E2932D5-10E4-4BAC-A07F-2E512402B88C}.MinSizeRel|x64.Build.0 = Release|x64
		{7E2932D5-10E4-4BAC-A07F-2E512402B88C}.MinSizeRel|x86.ActiveCfg = Release|Win32
		{7E2932D5-10E4-4BAC-A07F-2E512402B88C}.MinSizeRel|x86.Build.0 = Release|Win32
		{7E2932D5-10E4-4BAC-A07F-2E512402B88C}.Release|x64.ActiveCfg = Release|x64
		{7E2932D5-10E4-4BAC-A07F-2E512402B88C}.Release|x64.Build.0 = Release|x64
		{7E2932D5-10E4-4BAC-A07F-2E512402B88C}.Release|x86.ActiveCfg = Release|Win32
		{7E2932D5-10E4-4BAC-A07F-2E512402B88C}.Release|x86.Build.0 = Release|Win32
		{7E2932D5-10E4-4BAC-A07F-2E512402B88C}.RelWithDebInfo|x64.ActiveCfg = Release|x64
		{7E2932D5-10E4-4BAC-A07F-2E512402B88C}.RelWithDebInfo|x64.Build.0 = Release|x64
		{7E2932D5-10E4-4BAC-A07F-2E512402B88C}.RelWithDebInfo|x86.ActiveCfg = Release|Win32
		{7E2932D5-10E4-4BAC-A07F-2E512402B88C}.RelWithDebInfo|x86.Build.0 = Release|Win32
		{7E2932D5-10E4-4BAC-A07F-2E512402B88C}.Template|x64.ActiveCfg = Release|x64
		{7E2932D5-10E4-4BAC-A07F-2E512402B88C}.Template|x64.Build.0 = Release|x64
		{7E2932D5-10E4-4BAC-A07F-2E512402B88C}.Template|x86.ActiveCfg = Release|Win32
		{7E2932D5-10E4-4BAC-A07F-2E512402B88C}.Template|x86.Build.0 = Release|Win32
		{2A08AFB9-CB91-4FAE-B06C-573238E74E8D}.Debug|x64.ActiveCfg = Debug|x64
		{2A08AFB9-CB91-4FAE-B06C-573238E74E8D}.Debug|x64.Build.0 = Debug|x64
		{2A08AFB9-CB91-4FAE-B06C-573238E74E8D}.Debug|x86.ActiveCfg = Debug|Win32
		{2A08AFB9-CB91-4FAE-B06C-573238E74E8D}.Debug|x86.Build.0 = Debug|Win32
		{2A08AFB9-CB91-4FAE-B06C-573238E74E8D}.MinSizeRel|x64.ActiveCfg = Template|x64
		{2A08AFB9-CB91-4FAE-B06C-573238E74E8D}.MinSizeRel|x64.Build.0 = Template|x64
		{2A08AFB9-CB91-4FAE-B06C-573238E74E8D}.MinSizeRel|x86.ActiveCfg = Template|Win32
		{2A08AFB9-CB91-4FAE-B06C-573238E74E8D}.MinSizeRel|x86.Build.0 = Template|Win32
		{2A08AFB9-CB91-4FAE-B06C-573238E74E8D}.Release|x64.ActiveCfg = Release|x64
		{2A08AFB9-CB91-4FAE-B06C-573238E74E8D}.Release|x64.Build.0 = Release|x64
		{2A08AFB9-CB91-4FAE-B06C-573238E74E8D}.Release|x86.ActiveCfg = Release|Win32
		{2A08AFB9-CB91-4FAE-B06C-573238E74E8D}.Release|x86.Build.0 = Release|Win32
		{2A08AFB9-CB91-4FAE-B06C-573238E74E8D}.RelWithDebInfo|x64.ActiveCfg = Release|x64
		{2A08AFB9-CB91-4FAE-B06C-573238E74E8D}.RelWithDebInfo|x64.Build.0 = Release|x64
		{2A08AFB9-CB91-4FAE-B06C-573238E74E8D}.RelWithDebInfo|x86.ActiveCfg = Release|Win32
		{2A08AFB9-CB91-4FAE-B06C-573238E74E8D}.RelWithDebInfo|x86.Build.0 = Release|Win32
		{2A08AFB9-CB91-4FAE-B06C-573238E74E8D}.Template|x64.ActiveCfg = Template|x64
		{2A08AFB9-CB91-4FAE-B06C-573238E74E8D}.Template|x64.Build.0 = Template|x64
		{2A08AFB9-CB91-4FAE-B06C-573238E74E8D}.Template|x86.ActiveCfg = Template|Win32
		{2A08AFB9-CB91-4FAE-B06C-573238E74E8D}.Template|x86.Build.0 = Template|Win32
		{48AD5D58-DA1C-4555-9958-C29C4925F8FB}.Debug|x64.ActiveCfg = Debug|x64
		{48AD5D58-DA1C-4555-9958-C29C4925F8FB}.Debug|x64.Build.0 = Debug|x64
		{48AD5D58-DA1C-4555-9958-C29C4925F8FB}.Debug|x86.ActiveCfg = Debug|Win32
		{48AD5D58-DA1C-4555-9958-C29C4925F8FB}.Debug|x86.Build.0 = Debug|Win32
		{48AD5D58-DA1C-4555-9958-C29C4925F8FB}.MinSizeRel|x64.ActiveCfg = Template|x64
		{48AD5D58-DA1C-4555-9958-C29C4925F8FB}.MinSizeRel|x64.Build.0 = Template|x64
		{48AD5D58-DA1C-4555-9958-C29C4925F8FB}.MinSizeRel|x86.ActiveCfg = Template|Win32
		{48AD5D58-DA1C-4555-9958-C29C4925F8FB}.MinSizeRel|x86.Build.0 = Template|Win32
		{48AD5D58-DA1C-4555-9958-C29C4925F8FB}.Release|x64.ActiveCfg = Release|x64
		{48AD5D58-DA1C-4555-9958-C29C4925F8FB}.Release|x64.Build.0 = Release|x64
		{48AD5D58-DA1C-4555-9958-C29C4925F8FB}.Release|x86.ActiveCfg = Release|Win32
		{48AD5D58-DA1C-4555-9958-C29C4925F8FB}.Release|x86.Build.0 = Release|Win32
		{48AD5D58-DA1C-4555-9958-C29C4925F8FB}.RelWithDebInfo|x64.ActiveCfg = Release|x64
		{48AD5D58-DA1C-4555-9958-C29C4925F8FB}.RelWithDebInfo|x64.Build.0 = Release|x64
		{48AD5D58-DA1C-4555-9958-C29C4925F8FB}.RelWithDebInfo|x86.ActiveCfg = Release|Win32
		{48AD5D58-DA1C-4555-9958-C29C4925F8FB}.RelWithDebInfo|x86.Build.0 = Release|Win32
		{48AD5D58-DA1C-4555-9958-C29C4925F8FB}.Template|x64.ActiveCfg = Template|x64
		{48AD5D58-DA1C-4555-9958-C29C4925F8FB}.Template|x64.Build.0 = Template|x64
		{48AD5D58-DA1C-4555-9958-C29C4925F8FB}.Template|x86.ActiveCfg = Template|Win32
		{48AD5D58-DA1C-4555-9958-C29C4925F8FB}.Template|x86.Build.0 = Template|Win32
		{9C79B078-36CA-402F-A47A-D87B5F23FA90}.Debug|x64.ActiveCfg = Debug|x64
		{9C79B078-36CA-402F-A47A-D87B5F23FA90}.Debug|x64.Build.0 = Debug|x64
		{9C79B078-36CA-402F-A47A-D87B5F23FA90}.Debug|x86.ActiveCfg = Debug|Win32
		{9C79B078-36CA-402F-A47A-D87B5F23FA90}.Debug|x86.Build.0 = Debug|Win32
		{9C79B078-36CA-402F-A47A-D87B5F23FA90}.MinSizeRel|x64.ActiveCfg = Release|x64
		{9C79B078-36CA-402F-A47A-D87B5F23FA90}.MinSizeRel|x64.Build.0 = Release|x64
		{9C79B078-36CA-402F-A47A-D87B5F23FA90}.MinSizeRel|x86.ActiveCfg = Release|Win32
		{9C79B078-36CA-402F-A47A-D87B5F23FA90}.MinSizeRel|x86.Build.0 = Release|Win32
		{9C79B078-36CA-402F-A47A-D87B5F23FA90}.Release|x64.ActiveCfg = Release|x64
		{9C79B078-36CA-402F-A47A-D87B5F23FA90}.Release|x64.Build.0 = Release|x64
		{9C79B078-36CA-402F-A47A-D87B5F23FA90}.Release|x86.ActiveCfg = Release|Win32
		{9C79B078-36CA-402F-A47A-D87B5F23FA90}.Release|x86.Build.0 = Release|Win32
		{9C79B078-36CA-402F-A47A-D87B5F23FA90}.RelWithDebInfo|x64.ActiveCfg = Release|x64
		{9C79B078-36CA-402F-A47A-D87B5F23FA90}.RelWithDebInfo|x64.Build.0 = Release|x64
		{9C79B078-36CA-402F-A47A-D87B5F23FA90}.RelWithDebInfo|x86.ActiveCfg = Release|Win32
		{9C79B078-36CA-402F-A47A-D87B5F23FA90}.RelWithDebInfo|x86.Build.0 = Release|Win32
		{9C79B078-36CA-402F-A47A-D87B5F23FA90}.Template|x64.ActiveCfg = Release|x64
		{9C79B078-36CA-402F-A47A-D87B5F23FA90}.Template|x64.Build.0 = Release|x64
		{9C79B078-36CA-402F-A47A-D87B5F23FA90}.Template|x86.ActiveCfg = Release|Win32
		{9C79B078-36CA-402F-A47A-D87B5F23FA90}.Template|x86.Build.0 = Release|Win32
		{18DCC1FB-8EAA-4082-9A2F-91E863743E30}.Debug|x64.ActiveCfg = Debug|x64
		{18DCC1FB-8EAA-4082-9A2F-91E863743E30}.Debug|x64.Build.0 = Debug|x64
		{18DCC1FB-8EAA-4082-9A2F-91E863743E30}.Debug|x86.ActiveCfg = Debug|Win32
		{18DCC1FB-8EAA-4082-9A2F-91E863743E30}.Debug|x86.Build.0 = Debug|Win32
		{18DCC1FB-8EAA-4082-9A2F-91E863743E30}.MinSizeRel|x64.ActiveCfg = Release|x64
		{18DCC1FB-8EAA-4082-9A2F-91E863743E30}.MinSizeRel|x64.Build.0 = Release|x64
		{18DCC1FB-8EAA-4082-9A2F-91E863743E30}.MinSizeRel|x86.ActiveCfg = Release|Win32
		{18DCC1FB-8EAA-4082-9A2F-91E863743E30}.MinSizeRel|x86.Build.0 = Release|Win32
		{18DCC1FB-8EAA-4082-9A2F-91E863743E30}.Release|x64.ActiveCfg = Release|x64
		{18DCC1FB-8EAA-4082-9A2F-91E863743E30}.Release|x64.Build.0 = Release|x64
		{18DCC1FB-8EAA-4082-9A2F-91E863743E30}.Release|x86.ActiveCfg = Release|Win32
		{18DCC1FB-8EAA-4082-9A2F-91E863743E30}.Release|x86.Build.0 = Release|Win32
		{18DCC1FB-8EAA-4082-9A2F-91E863743E30}.RelWithDebInfo|x64.ActiveCfg = Release|x64
		{18DCC1FB-8EAA-4082-9A2F-91E863743E30}.RelWithDebInfo|x64.Build.0 = Release|x64
		{18DCC1FB-8EAA-4082-9A2F-91E863743E30}.RelWithDebInfo|x86.ActiveCfg = Release|Win32
		{18DCC1FB-8EAA-4082-9A2F-91E863743E30}.RelWithDebInfo|x86.Build.0 = Release|Win32
		{18DCC1FB-8EAA-4082-9A2F-91E863743E30}.Template|x64.ActiveCfg = Release|x64
		{18DCC1FB-8EAA-4082-9A2F-91E863743E30}.Template|x64.Build.0 = Release|x64
		{18DCC1FB-8EAA-4082-9A2F-91E863743E30}.Template|x86.ActiveCfg = Release|Win32
		{18DCC1FB-8EAA-4082-9A2F-91E863743E30}.Template|x86.Build.0 = Release|Win32
		{5594E9B7-DC35-4886-A550-C658551E12DF}.Debug|x64.ActiveCfg = Debug|x64
		{5594E9B7-DC35-4886-A550-C658551E12DF}.Debug|x64.Build.0 = Debug|x64
		{5594E9B7-DC35-4886-A550-C658551E12DF}.Debug|x86.ActiveCfg = Debug|Win32
		{5594E9B7-DC35-4886-A550-C658551E12DF}.Debug|x86.Build.0 = Debug|Win32
		{5594E9B7-DC35-4886-A550-C658551E12DF}.MinSizeRel|x64.ActiveCfg = Release|x64
		{5594E9B7-DC35-4886-A550-C658551E12DF}.MinSizeRel|x64.Build.0 = Release|x64
		{5594E9B7-DC35-4886-A550-C658551E12DF}.MinSizeRel|x86.ActiveCfg = Release|Win32
		{5594E9B7-DC35-4886-A550-C658551E12DF}.MinSizeRel|x86.Build.0 = Release|Win32
		{5594E9B7-DC35-4886-A550-C658551E12DF}.Release|x64.ActiveCfg = Release|x64
		{5594E9B7-DC35-4886-A550-C658551E12DF}.Release|x64.Build.0 = Release|x64
		{5594E9B7-DC35-4886-A550-C658551E12DF}.Release|x86.ActiveCfg = Release|Win32
		{5594E9B7-DC35-4886-A550-C658551E12DF}.Release|x86.Build.0 = Release|Win32
		{5594E9B7-DC35-4886-A550-C658551E12DF}.RelWithDebInfo|x64.ActiveCfg = Release|x64
		{5594E9B7-DC35-4886-A550-C658551E12DF}.RelWithDebInfo|x64.Build.0 = Release|x64
		{5594E9B7-DC35-4886-A550-C658551E12DF}.RelWithDebInfo|x86.ActiveCfg = Release|Win32
		{5594E9B7-DC35-4886-A550-C658551E12DF}.RelWithDebInfo|x86.Build.0 = Release|Win32
		{5594E9B7-DC35-4886-A550-C658551E12DF}.Template|x64.ActiveCfg = Release|x64
		{5594E9B7-DC35-4886-A550-C658551E12DF}.Template|x64.Build.0 = Release|x64
		{5594E9B7-DC35-4886-A550-C658551E12DF}.Template|x86.ActiveCfg = Release|Win32
		{5594E9B7-DC35-4886-A550-C658551E12DF}.Template|x86.Build.0 = Release|Win32
		{AA3DDBA9-C668-48A4-9063-6F9DF233F0B1}.Debug|x64.ActiveCfg = Debug|x64
		{AA3DDBA9-C668-48A4-9063-6F9DF233F0B1}.Debug|x64.Build.0 = Debug|x64
		{AA3DDBA9-C668-48A4-9063-6F9DF233F0B1}.Debug|x86.ActiveCfg = Debug|Win32
		{AA3DDBA9-C668-48A4-9063-6F9DF233F0B1}.Debug|x86.Build.0 = Debug|Win32
		{AA3DDBA9-C668-48A4-9063-6F9DF233F0B1}.MinSizeRel|x64.ActiveCfg = Release|x64
		{AA3DDBA9-C668-48A4-9063-6F9DF233F0B1}.MinSizeRel|x64.Build.0 = Release|x64
		{AA3DDBA9-C668-48A4-9063-6F9DF233F0B1}.MinSizeRel|x86.ActiveCfg = Release|Win32
		{AA3DDBA9-C668-48A4-9063-6F9DF233F0B1}.MinSizeRel|x86.Build.0 = Release|Win32
		{AA3DDBA9-C668-48A4-9063-6F9DF233F0B1}.Release|x64.ActiveCfg = Release|x64
		{AA3DDBA9-C668-48A4-9063-6F9DF233F0B1}.Release|x64.Build.0 = Release|x64
		{AA3DDBA9-C668-48A4-9063-6F9DF233F0B1}.Release|x86.ActiveCfg = Release|Win32
		{AA3DDBA9-C668-48A4-9063-6F9DF233F0B1}.Release|x86.Build.0 = Release|Win32
		{AA3DDBA9-C668-48A4-9063-6F9DF233F0B1}.RelWithDebInfo|x64.ActiveCfg = Release|x64
		{AA3DDBA9-C668-48A4-9063-6F9DF233F0B1}.RelWithDebInfo|x64.Build.0 = Release|x64
		{AA3DDBA9-C668-48A4-9063-6F9DF233F0B1}.RelWithDebInfo|x86.ActiveCfg = Release|Win32
		{AA3DDBA9-C668-48A4-9063-6F9DF233F0B1}.RelWithDebInfo|x86.Build.0 = Release|Win32
		{AA3DDBA9-C668-48A4-9063-6F9DF233F0B1}.Template|x64.ActiveCfg = Release|x64
		{AA3DDBA9-C668-48A4-9063-6F9DF233F0B1}.Template|x64.Build.0 = Release|x64
		{AA3DDBA9-C668-48A4-9063-6F9DF233F0B1}.Template|x86.ActiveCfg = Release|Win32
		{AA3DDBA9-C668-48A4-9063-6F9DF233F0B1}.Template|x86.Build.0 = Release|Win32
		{8ED9E22E-DAC6-49BA-B7D1-9B858F69F5B6}.Debug|x64.ActiveCfg = Debug|x64
		{8ED9E22E-DAC6-49BA-B7D1-9B858F69F5B6}.Debug|x64.Build.0 = Debug|x64
		{8ED9E22E-DAC6-49BA-B7D1-9B858F69F5B6}.Debug|x86.ActiveCfg = Debug|Win32
		{8ED9E22E-DAC6-49BA-B7D1-9B858F69F5B6}.Debug|x86.Build.0 = Debug|Win32
		{8ED9E22E-DAC6-49BA-B7D1-9B858F69F5B6}.MinSizeRel|x64.ActiveCfg = Release|x64
		{8ED9E22E-DAC6-49BA-B7D1-9B858F69F5B6}.MinSizeRel|x64.Build.0 = Release|x64
		{8ED9E22E-DAC6-49BA-B7D1-9B858F69F5B6}.MinSizeRel|x86.ActiveCfg = Release|Win32
		{8ED9E22E-DAC6-49BA-B7D1-9B858F69F5B6}.MinSizeRel|x86.Build.0 = Release|Win32
		{8ED9E22E-DAC6-49BA-B7D1-9B858F69F5B6}.Release|x64.ActiveCfg = Release|x64
		{8ED9E22E-DAC6-49BA-B7D1-9B858F69F5B6}.Release|x64.Build.0 = Release|x64
		{8ED9E22E-DAC6-49BA-B7D1-9B858F69F5B6}.Release|x86.ActiveCfg = Release|Win32
		{8ED9E22E-DAC6-49BA-B7D1-9B858F69F5B6}.Release|x86.Build.0 = Release|Win32
		{8ED9E22E-DAC6-49BA-B7D1-9B858F69F5B6}.RelWithDebInfo|x64.ActiveCfg = Release|x64
		{8ED9E22E-DAC6-49BA-B7D1-9B858F69F5B6}.RelWithDebInfo|x64.Build.0 = Release|x64
		{8ED9E22E-DAC6-49BA-B7D1-9B858F69F5B6}.RelWithDebInfo|x86.ActiveCfg = Release|Win32
		{8ED9E22E-DAC6-49BA-B7D1-9B858F69F5B6}.RelWithDebInfo|x86.Build.0 = Release|Win32
		{8ED9E22E-DAC6-49BA-B7D1-9B858F69F5B6}.Template|x64.ActiveCfg = Release|x64
		{8ED9E22E-DAC6-49BA-B7D1-9B858F69F5B6}.Template|x64.Build.0 = Release|x64
		{8ED9E22E-DAC6-49BA-B7D1-9B858F69F5B6}.Template|x86.ActiveCfg = Release|Win32
		{8ED9E22E-DAC6-49BA-B7D1-9B858F69F5B6}.Template|x86.Build.0 = Release|Win32
		{0EE20CD4-D3FE-4927-8A4D-B5F8FC2A95BD}.Debug|x64.ActiveCfg = Debug|x64
		{0EE20CD4-D3FE-4927-8A4D-B5F8FC2A95BD}.Debug|x64.Build.0 = Debug|x64
		{0EE20CD4-D3FE-4927-8A4D-B5F8FC2A95BD}.Debug|x86.ActiveCfg = Debug|Win32
		{0EE20CD4-D3FE-4927-8A4D-B5F8FC2A95BD}.Debug|x86.Build.0 = Debug|Win32
		{0EE20CD4-D3FE-4927-8A4D-B5F8FC2A95BD}.MinSizeRel|x64.ActiveCfg = Release|x64
		{0EE20CD4-D3FE-4927-8A4D-B5F8FC2A95BD}.MinSizeRel|x64.Build.0 = Release|x64
		{0EE20CD4-D3FE-4927-8A4D-B5F8FC2A95BD}.MinSizeRel|x86.ActiveCfg = Release|Win32
		{0EE20CD4-D3FE-4927-8A4D-B5F8FC2A95BD}.MinSizeRel|x86.Build.0 = Release|Win32
		{0EE20CD4-D3FE-4927-8A4D-B5F8FC2A95BD}.Release|x64.ActiveCfg = Release|x64
		{0EE20CD4-D3FE-4927-8A4D-B5F8FC2A95BD}.Release|x64.Build.0 = Release|x64
		{0EE20CD4-D3FE-4927-8A4D-B5F8FC2A95BD}.Release|x86.ActiveCfg = Release|Win32
		{0EE20CD4-D3FE-4927-8A4D-B5F8FC2A95BD}.Release|x86.Build.0 = Release|Win32
		{0EE20CD4-D3FE-4927-8A4D-B5F8FC2A95BD}.RelWithDebInfo|x64.ActiveCfg = Release|x64
		{0EE20CD4-D3FE-4927-8A4D-B5F8FC2A95BD}.RelWithDebInfo|x64.Build.0 = Release|x64
		{0EE20CD4-D3FE-4927-8A4D-B5F8FC2A95BD}.RelWithDebInfo|x86.ActiveCfg = Release|Win32
		{0EE20CD4-D3FE-4927-8A4D-B5F8FC2A95BD}.RelWithDebInfo|x86.Build.0 = Release|Win32
		{0EE20CD4-D3FE-4927-8A4D-B5F8FC2A95BD}.Template|x64.ActiveCfg = Release|x64
		{0EE20CD4-D3FE-4927-8A4D-B5F8FC2A95BD}.Template|x64.Build.0 = Release|x64
		{0EE20CD4-D3FE-4927-8A4D-B5F8FC2A95BD}.Template|x86.ActiveCfg = Release|Win32
		{0EE20CD4-D3FE-4927-8A4D-B5F8FC2A95BD}.Template|x86.Build.0 = Release|Win32
		{235326F4-6FFB-4BB6-B81C-305E67B40FE0}.Debug|x64.ActiveCfg = Debug|x64
		{235326F4-6FFB-4BB6-B81C-305E67B40FE0}.Debug|x64.Build.0 = Debug|x64
		{235326F4-6FFB-4BB6-B81C-305E67B40FE0}.Debug|x86.ActiveCfg = Debug|Win32
		{235326F4-6FFB-4BB6-B81C-305E67B40FE0}.Debug|x86.Build.0 = Debug|Win32
		{235326F4-6FFB-4BB6-B81C-305E67B40FE0}.MinSizeRel|x64.ActiveCfg = Release|x64
		{235326F4-6FFB-4BB6-B81C-305E67B40FE0}.MinSizeRel|x64.Build.0 = Release|x64
		{235326F4-6FFB-4BB6-B81C-305E67B40FE0}.MinSizeRel|x86.ActiveCfg = Release|Win32
		{235326F4-6FFB-4BB6-B81C-305E67B40FE0}.MinSizeRel|x86.Build.0 = Release|Win32
		{235326F4-6FFB-4BB6-B81C-305E67B40FE0}.Release|x64.ActiveCfg = Release|x64
		{235326F4-6FFB-4BB6-B81C-305E67B40FE0}.Release|x64.Build.0 = Release|x64
		{235326F4-6FFB-4BB6-B81C-305E67B40FE0}.Release|x86.ActiveCfg = Release|Win32
		{235326F4-6FFB-4BB6-B81C-305E67B40FE0}.Release|x86.Build.0 = Release|Win32
		{235326F4-6FFB-4BB6-B81C-305E67B40FE0}.RelWithDebInfo|x64.ActiveCfg = Release|x64
		{235326F4-6FFB-4BB6-B81C-305E67B40FE0}.RelWithDebInfo|x64.Build.0 = Release|x64
		{235326F4-6FFB-4BB6-B81C-305E67B40FE0}.RelWithDebInfo|x86.ActiveCfg = Release|Win32
		{235326F4-6FFB-4BB6-B81C-305E67B40FE0}.RelWithDebInfo|x86.Build.0 = Release|Win32
		{235326F4-6FFB-4BB6-B81C-305E67B40FE0}.Template|x64.ActiveCfg = Release|x64
		{235326F4-6FFB-4BB6-B81C-305E67B40FE0}.Template|x64.Build.0 = Release|x64
		{235326F4-6FFB-4BB6-B81C-305E67B40FE0}.Template|x86.ActiveCfg = Release|Win32
		{235326F4-6FFB-4BB6-B81C-305E67B40FE0}.Template|x86.Build.0 = Release|Win32
		{03C1C985-CE5A-4BD6-8DBC-7C62465B87BF}.Debug|x64.ActiveCfg = Debug|x64
		{03C1C985-CE5A-4BD6-8DBC-7C62465B87BF}.Debug|x64.Build.0 = Debug|x64
		{03C1C985-CE5A-4BD6-8DBC-7C62465B87BF}.Debug|x86.ActiveCfg = Debug|Win32
		{03C1C985-CE5A-4BD6-8DBC-7C62465B87BF}.Debug|x86.Build.0 = Debug|Win32
		{03C1C985-CE5A-4BD6-8DBC-7C62465B87BF}.MinSizeRel|x64.ActiveCfg = Release|x64
		{03C1C985-CE5A-4BD6-8DBC-7C62465B87BF}.MinSizeRel|x64.Build.0 = Release|x64
		{03C1C985-CE5A-4BD6-8DBC-7C62465B87BF}.MinSizeRel|x86.ActiveCfg = Release|Win32
		{03C1C985-CE5A-4BD6-8DBC-7C62465B87BF}.MinSizeRel|x86.Build.0 = Release|Win32
		{03C1C985-CE5A-4BD6-8DBC-7C62465B87BF}.Release|x64.ActiveCfg = Release|x64
		{03C1C985-CE5A-4BD6-8DBC-7C62465B87BF}.Release|x64.Build.0 = Release|x64
		{03C1C985-CE5A-4BD6-8DBC-7C62465B87BF}.Release|x86.ActiveCfg = Release|Win32
		{03C1C985-CE5A-4BD6-8DBC-7C62465B87BF}.Release|x86.Build.0 = Release|Win32
		{03C1C985-CE5A-4BD6-8DBC-7C62465B87BF}.RelWithDebInfo|x64.ActiveCfg = Release|x64
		{03C1C985-CE5A-4BD6-8DBC-7C62465B87BF}.RelWithDebInfo|x64.Build.0 = Release|x64
		{03C1C985-CE5A-4BD6-8DBC-7C62465B87BF}.RelWithDebInfo|x86.ActiveCfg = Release|Win32
		{03C1C985-CE5A-4BD6-8DBC-7C62465B87BF}.RelWithDebInfo|x86.Build.0 = Release|Win32
		{03C1C985-CE5A-4BD6-8DBC-7C62465B87BF}.Template|x64.ActiveCfg = Release|x64
		{03C1C985-CE5A-4BD6-8DBC-7C62465B87BF}.Template|x64.Build.0 = Release|x64
		{03C1C985-CE5A-4BD6-8DBC-7C62465B87BF}.Template|x86.ActiveCfg = Release|Win32
		{03C1C985-CE5A-4BD6-8DBC-7C62465B87BF}.Template|x86.Build.0 = Release|Win32
		{46D2D77A-F999-404D-A0BF-F919DC40F85A}.Debug|x64.ActiveCfg = Debug|x64
		{46D2D77A-F999-404D-A0BF-F919DC40F85A}.Debug|x64.Build.0 = Debug|x64
		{46D2D77A-F999-404D-A0BF-F919DC40F85A}.Debug|x86.ActiveCfg = Debug|Win32
		{46D2D77A-F999-404D-A0BF-F919DC40F85A}.Debug|x86.Build.0 = Debug|Win32
		{46D2D77A-F999-404D-A0BF-F919DC40F85A}.MinSizeRel|x64.ActiveCfg = Release|x64
		{46D2D77A-F999-404D-A0BF-F919DC40F85A}.MinSizeRel|x64.Build.0 = Release|x64
		{46D2D77A-F999-404D-A0BF-F919DC40F85A}.MinSizeRel|x86.ActiveCfg = Release|Win32
		{46D2D77A-F999-404D-A0BF-F919DC40F85A}.MinSizeRel|x86.Build.0 = Release|Win32
		{46D2D77A-F999-404D-A0BF-F919DC40F85A}.Release|x64.ActiveCfg = Release|x64
		{46D2D77A-F999-404D-A0BF-F919DC40F85A}.Release|x64.Build.0 = Release|x64
		{46D2D77A-F999-404D-A0BF-F919DC40F85A}.Release|x86.ActiveCfg = Release|Win32
		{46D2D77A-F999-404D-A0BF-F919DC40F85A}.Release|x86.Build.0 = Release|Win32
		{46D2D77A-F999-404D-A0BF-F919DC40F85A}.RelWithDebInfo|x64.ActiveCfg = Release|x64
		{46D2D77A-F999-404D-A0BF-F919DC40F85A}.RelWithDebInfo|x64.Build.0 = Release|x64
		{46D2D77A-F999-404D-A0BF-F919DC40F85A}.RelWithDebInfo|x86.ActiveCfg = Release|Win32
		{46D2D77A-F999-404D-A0BF-F919DC40F85A}.RelWithDebInfo|x86.Build.0 = Release|Win32
		{46D2D77A-F999-404D-A0BF-F919DC40F85A}.Template|x64.ActiveCfg = Release|x64
		{46D2D77A-F999-404D-A0BF-F919DC40F85A}.Template|x64.Build.0 = Release|x64
		{46D2D77A-F999-404D-A0BF-F919DC40F85A}.Template|x86.ActiveCfg = Release|Win32
		{46D2D77A-F999-404D-A0BF-F919DC40F85A}.Template|x86.Build.0 = Release|Win32
		{3C75BE17-8D8F-4F55-BD8E-594BAEE3BFD4}.Debug|x64.ActiveCfg = Debug|x64
		{3C75BE17-8D8F-4F55-BD8E-594BAEE3BFD4}.Debug|x64.Build.0 = Debug|x64
		{3C75BE17-8D8F-4F55-BD8E-594BAEE3BFD4}.Debug|x86.ActiveCfg = Debug|Win32
		{3C75BE17-8D8F-4F55-BD8E-594BAEE3BFD4}.Debug|x86.Build.0 = Debug|Win32
		{3C75BE17-8D8F-4F55-BD8E-594BAEE3BFD4}.MinSizeRel|x64.ActiveCfg = Release|x64
		{3C75BE17-8D8F-4F55-BD8E-594BAEE3BFD4}.MinSizeRel|x64.Build.0 = Release|x64
		{3C75BE17-8D8F-4F55-BD8E-594BAEE3BFD4}.MinSizeRel|x86.ActiveCfg = Release|Win32
		{3C75BE17-8D8F-4F55-BD8E-594BAEE3BFD4}.MinSizeRel|x86.Build.0 = Release|Win32
		{3C75BE17-8D8F-4F55-BD8E-594BAEE3BFD4}.Release|x64.ActiveCfg = Release|x64
		{3C75BE17-8D8F-4F55-BD8E-594BAEE3BFD4}.Release|x64.Build.0 = Release|x64
		{3C75BE17-8D8F-4F55-BD8E-594BAEE3BFD4}.Release|x86.ActiveCfg = Release|Win32
		{3C75BE17-8D8F-4F55-BD8E-594BAEE3BFD4}.Release|x86.Build.0 = Release|Win32
		{3C75BE17-8D8F-4F55-BD8E-594BAEE3BFD4}.RelWithDebInfo|x64.ActiveCfg = Release|x64
		{3C75BE17-8D8F-4F55-BD8E-594BAEE3BFD4}.RelWithDebInfo|x64.Build.0 = Release|x64
		{3C75BE17-8D8F-4F55-BD8E-594BAEE3BFD4}.RelWithDebInfo|x86.ActiveCfg = Release|Win32
		{3C75BE17-8D8F-4F55-BD8E-594BAEE3BFD4}.RelWithDebInfo|x86.Build.0 = Release|Win32
		{3C75BE17-8D8F-4F55-BD8E-594BAEE3BFD4}.Template|x64.ActiveCfg = Release|x64
		{3C75BE17-8D8F-4F55-BD8E-594BAEE3BFD4}.Template|x64.Build.0 = Release|x64
		{3C75BE17-8D8F-4F55-BD8E-594BAEE3BFD4}.Template|x86.ActiveCfg = Release|Win32
		{3C75BE17-8D8F-4F55-BD8E-594BAEE3BFD4}.Template|x86.Build.0 = Release|Win32
		{F7536A95-C981-4DB3-AFFE-800D41B06D9B}.Debug|x64.ActiveCfg = Debug|x64
		{F7536A95-C981-4DB3-AFFE-800D41B06D9B}.Debug|x64.Build.0 = Debug|x64
		{F7536A95-C981-4DB3-AFFE-800D41B06D9B}.Debug|x86.ActiveCfg = Debug|Win32
		{F7536A95-C981-4DB3-AFFE-800D41B06D9B}.Debug|x86.Build.0 = Debug|Win32
		{F7536A95-C981-4DB3-AFFE-800D41B06D9B}.MinSizeRel|x64.ActiveCfg = Release|x64
		{F7536A95-C981-4DB3-AFFE-800D41B06D9B}.MinSizeRel|x64.Build.0 = Release|x64
		{F7536A95-C981-4DB3-AFFE-800D41B06D9B}.MinSizeRel|x86.ActiveCfg = Release|Win32
		{F7536A95-C981-4DB3-AFFE-800D41B06D9B}.MinSizeRel|x86.Build.0 = Release|Win32
		{F7536A95-C981-4DB3-AFFE-800D41B06D9B}.Release|x64.ActiveCfg = Release|x64
		{F7536A95-C981-4DB3-AFFE-800D41B06D9B}.Release|x64.Build.0 = Release|x64
		{F7536A95-C981-4DB3-AFFE-800D41B06D9B}.Release|x86.ActiveCfg = Release|Win32
		{F7536A95-C981-4DB3-AFFE-800D41B06D9B}.Release|x86.Build.0 = Release|Win32
		{F7536A95-C981-4DB3-AFFE-800D41B06D9B}.RelWithDebInfo|x64.ActiveCfg = Release|x64
		{F7536A95-C981-4DB3-AFFE-800D41B06D9B}.RelWithDebInfo|x64.Build.0 = Release|x64
		{F7536A95-C981-4DB3-AFFE-800D41B06D9B}.RelWithDebInfo|x86.ActiveCfg = Release|Win32
		{F7536A95-C981-4DB3-AFFE-800D41B06D9B}.RelWithDebInfo|x86.Build.0 = Release|Win32
		{F7536A95-C981-4DB3-AFFE-800D41B06D9B}.Template|x64.ActiveCfg = Release|x64
		{F7536A95-C981-4DB3-AFFE-800D41B06D9B}.Template|x64.Build.0 = Release|x64
		{F7536A95-C981-4DB3-AFFE-800D41B06D9B}.Template|x86.ActiveCfg = Release|Win32
		{F7536A95-C981-4DB3-AFFE-800D41B06D9B}.Template|x86.Build.0 = Release|Win32
		{5FE5CF98-BB42-42AB-B0E8-C55DBE08669F}.Debug|x64.ActiveCfg = Debug|x64
		{5FE5CF98-BB42-42AB-B0E8-C55DBE08669F}.Debug|x64.Build.0 = Debug|x64
		{5FE5CF98-BB42-42AB-B0E8-C55DBE08669F}.Debug|x86.ActiveCfg = Debug|Win32
		{5FE5CF98-BB42-42AB-B0E8-C55DBE08669F}.Debug|x86.Build.0 = Debug|Win32
		{5FE5CF98-BB42-42AB-B0E8-C55DBE08669F}.MinSizeRel|x64.ActiveCfg = Release|x64
		{5FE5CF98-BB42-42AB-B0E8-C55DBE08669F}.MinSizeRel|x64.Build.0 = Release|x64
		{5FE5CF98-BB42-42AB-B0E8-C55DBE08669F}.MinSizeRel|x86.ActiveCfg = Release|Win32
		{5FE5CF98-BB42-42AB-B0E8-C55DBE08669F}.MinSizeRel|x86.Build.0 = Release|Win32
		{5FE5CF98-BB42-42AB-B0E8-C55DBE08669F}.Release|x64.ActiveCfg = Release|x64
		{5FE5CF98-BB42-42AB-B0E8-C55DBE08669F}.Release|x64.Build.0 = Release|x64
		{5FE5CF98-BB42-42AB-B0E8-C55DBE08669F}.Release|x86.ActiveCfg = Release|Win32
		{5FE5CF98-BB42-42AB-B0E8-C55DBE08669F}.Release|x86.Build.0 = Release|Win32
		{5FE5CF98-BB42-42AB-B0E8-C55DBE08669F}.RelWithDebInfo|x64.ActiveCfg = Release|x64
		{5FE5CF98-BB42-42AB-B0E8-C55DBE08669F}.RelWithDebInfo|x64.Build.0 = Release|x64
		{5FE5CF98-BB42-42AB-B0E8-C55DBE08669F}.RelWithDebInfo|x86.ActiveCfg = Release|Win32
		{5FE5CF98-BB42-42AB-B0E8-C55DBE08669F}.RelWithDebInfo|x86.Build.0 = Release|Win32
		{5FE5CF98-BB42-42AB-B0E8-C55DBE08669F}.Template|x64.ActiveCfg = Release|x64
		{5FE5CF98-BB42-42AB-B0E8-C55DBE08669F}.Template|x64.Build.0 = Release|x64
		{5FE5CF98-BB42-42AB-B0E8-C55DBE08669F}.Template|x86.ActiveCfg = Release|Win32
		{5FE5CF98-BB42-42AB-B0E8-C55DBE08669F}.Template|x86.Build.0 = Release|Win32
		{96CE869C-7B4A-4093-AA55-6ED075943623}.Debug|x64.ActiveCfg = Debug|x64
		{96CE869C-7B4A-4093-AA55-6ED075943623}.Debug|x64.Build.0 = Debug|x64
		{96CE869C-7B4A-4093-AA55-6ED075943623}.Debug|x86.ActiveCfg = Debug|Win32
		{96CE869C-7B4A-4093-AA55-6ED075943623}.Debug|x86.Build.0 = Debug|Win32
		{96CE869C-7B4A-4093-AA55-6ED075943623}.MinSizeRel|x64.ActiveCfg = Release|x64
		{96CE869C-7B4A-4093-AA55-6ED075943623}.MinSizeRel|x64.Build.0 = Release|x64
		{96CE869C-7B4A-4093-AA55-6ED075943623}.MinSizeRel|x86.ActiveCfg = Release|Win32
		{96CE869C-7B4A-4093-AA55-6ED075943623}.MinSizeRel|x86.Build.0 = Release|Win32
		{96CE869C-7B4A-4093-AA55-6ED075943623}.Release|x64.ActiveCfg = Release|x64
		{96CE869C-7B4A-4093-AA55-6ED075943623}.Release|x64.Build.0 = Release|x64
		{96CE869C-7B4A-4093-AA55-6ED075943623}.Release|x86.ActiveCfg = Release|Win32
		{96CE869C-7B4A-4093-AA55-6ED075943623}.Release|x86.Build.0 = Release|Win32
		{96CE869C-7B4A-4093-AA55-6ED075943623}.RelWithDebInfo|x64.ActiveCfg = Release|x64
		{96CE869C-7B4A-4093-AA55-6ED075943623}.RelWithDebInfo|x64.Build.0 = Release|x64
		{96CE869C-7B4A-4093-AA55-6ED075943623}.RelWithDebInfo|x86.ActiveCfg = Release|Win32
		{96CE869C-7B4A-4093-AA55-6ED075943623}.RelWithDebInfo|x86.Build.0 = Release|Win32
		{96CE869C-7B4A-4093-AA55-6ED075943623}.Template|x64.ActiveCfg = Release|x64
		{96CE869C-7B4A-4093-AA55-6ED075943623}.Template|x64.Build.0 = Release|x64
		{96CE869C-7B4A-4093-AA55-6ED075943623}.Template|x86.ActiveCfg = Release|Win32
		{96CE869C-7B4A-4093-AA55-6ED075943623}.Template|x86.Build.0 = Release|Win32
		{6134E72E-71D6-4576-989D-B46E548A0E24}.Debug|x64.ActiveCfg = Debug|x64
		{6134E72E-71D6-4576-989D-B46E548A0E24}.Debug|x64.Build.0 = Debug|x64
		{6134E72E-71D6-4576-989D-B46E548A0E24}.Debug|x86.ActiveCfg = Debug|x64
		{6134E72E-71D6-4576-989D-B46E548A0E24}.MinSizeRel|x64.ActiveCfg = Release|x64
		{6134E72E-71D6-4576-989D-B46E548A0E24}.MinSizeRel|x64.Build.0 = Release|x64
		{6134E72E-71D6-4576-989D-B46E548A0E24}.MinSizeRel|x86.ActiveCfg = Release|x64
		{6134E72E-71D6-4576-989D-B46E548A0E24}.MinSizeRel|x86.Build.0 = Release|x64
		{6134E72E-71D6-4576-989D-B46E548A0E24}.Release|x64.ActiveCfg = Release|x64
		{6134E72E-71D6-4576-989D-B46E548A0E24}.Release|x64.Build.0 = Release|x64
		{6134E72E-71D6-4576-989D-B46E548A0E24}.Release|x86.ActiveCfg = Release|x64
		{6134E72E-71D6-4576-989D-B46E548A0E24}.RelWithDebInfo|x64.ActiveCfg = Release|x64
		{6134E72E-71D6-4576-989D-B46E548A0E24}.RelWithDebInfo|x64.Build.0 = Release|x64
		{6134E72E-71D6-4576-989D-B46E548A0E24}.RelWithDebInfo|x86.ActiveCfg = Release|x64
		{6134E72E-71D6-4576-989D-B46E548A0E24}.RelWithDebInfo|x86.Build.0 = Release|x64
		{6134E72E-71D6-4576-989D-B46E548A0E24}.Template|x64.ActiveCfg = Release|x64
		{6134E72E-71D6-4576-989D-B46E548A0E24}.Template|x64.Build.0 = Release|x64
		{6134E72E-71D6-4576-989D-B46E548A0E24}.Template|x86.ActiveCfg = Release|x64
		{6134E72E-71D6-4576-989D-B46E548A0E24}.Template|x86.Build.0 = Release|x64
		{A1771F25-1DCB-4556-BBAA-2B1321DD23C2}.Debug|x64.ActiveCfg = Debug|x64
		{A1771F25-1DCB-4556-BBAA-2B1321DD23C2}.Debug|x64.Build.0 = Debug|x64
		{A1771F25-1DCB-4556-BBAA-2B1321DD23C2}.Debug|x86.ActiveCfg = Debug|x64
		{A1771F25-1DCB-4556-BBAA-2B1321DD23C2}.MinSizeRel|x64.ActiveCfg = Release|x64
		{A1771F25-1DCB-4556-BBAA-2B1321DD23C2}.MinSizeRel|x64.Build.0 = Release|x64
		{A1771F25-1DCB-4556-BBAA-2B1321DD23C2}.MinSizeRel|x86.ActiveCfg = Release|x64
		{A1771F25-1DCB-4556-BBAA-2B1321DD23C2}.MinSizeRel|x86.Build.0 = Release|x64
		{A1771F25-1DCB-4556-BBAA-2B1321DD23C2}.Release|x64.ActiveCfg = Release|x64
		{A1771F25-1DCB-4556-BBAA-2B1321DD23C2}.Release|x64.Build.0 = Release|x64
		{A1771F25-1DCB-4556-BBAA-2B1321DD23C2}.Release|x86.ActiveCfg = Release|x64
		{A1771F25-1DCB-4556-BBAA-2B1321DD23C2}.RelWithDebInfo|x64.ActiveCfg = Release|x64
		{A1771F25-1DCB-4556-BBAA-2B1321DD23C2}.RelWithDebInfo|x64.Build.0 = Release|x64
		{A1771F25-1DCB-4556-BBAA-2B1321DD23C2}.RelWithDebInfo|x86.ActiveCfg = Release|x64
		{A1771F25-1DCB-4556-BBAA-2B1321DD23C2}.RelWithDebInfo|x86.Build.0 = Release|x64
		{A1771F25-1DCB-4556-BBAA-2B1321DD23C2}.Template|x64.ActiveCfg = Release|x64
		{A1771F25-1DCB-4556-BBAA-2B1321DD23C2}.Template|x64.Build.0 = Release|x64
		{A1771F25-1DCB-4556-BBAA-2B1321DD23C2}.Template|x86.ActiveCfg = Release|x64
		{A1771F25-1DCB-4556-BBAA-2B1321DD23C2}.Template|x86.Build.0 = Release|x64
		{6134E72E-71D6-4576-989D-B46E548A0A24}.Debug|x64.ActiveCfg = Debug|x64
		{6134E72E-71D6-4576-989D-B46E548A0A24}.Debug|x64.Build.0 = Debug|x64
		{6134E72E-71D6-4576-989D-B46E548A0A24}.Debug|x86.ActiveCfg = Debug|x64
		{6134E72E-71D6-4576-989D-B46E548A0A24}.MinSizeRel|x64.ActiveCfg = Release|x64
		{6134E72E-71D6-4576-989D-B46E548A0A24}.MinSizeRel|x64.Build.0 = Release|x64
		{6134E72E-71D6-4576-989D-B46E548A0A24}.MinSizeRel|x86.ActiveCfg = Release|x64
		{6134E72E-71D6-4576-989D-B46E548A0A24}.MinSizeRel|x86.Build.0 = Release|x64
		{6134E72E-71D6-4576-989D-B46E548A0A24}.Release|x64.ActiveCfg = Release|x64
		{6134E72E-71D6-4576-989D-B46E548A0A24}.Release|x64.Build.0 = Release|x64
		{6134E72E-71D6-4576-989D-B46E548A0A24}.Release|x86.ActiveCfg = Release|x64
		{6134E72E-71D6-4576-989D-B46E548A0A24}.RelWithDebInfo|x64.ActiveCfg = Release|x64
		{6134E72E-71D6-4576-989D-B46E548A0A24}.RelWithDebInfo|x64.Build.0 = Release|x64
		{6134E72E-71D6-4576-989D-B46E548A0A24}.RelWithDebInfo|x86.ActiveCfg = Release|x64
		{6134E72E-71D6-4576-989D-B46E548A0A24}.RelWithDebInfo|x86.Build.0 = Release|x64
		{6134E72E-71D6-4576-989D-B46E548A0A24}.Template|x64.ActiveCfg = Release|x64
		{6134E72E-71D6-4576-989D-B46E548A0A24}.Template|x64.Build.0 = Release|x64
		{6134E72E-71D6-4576-989D-B46E548A0A24}.Template|x86.ActiveCfg = Release|x64
		{6134E72E-71D6-4576-989D-B46E548A0A24}.Template|x86.Build.0 = Release|x64
		{6134E72E-71D6-4576-969D-B46E548A0A24}.Debug|x64.ActiveCfg = Debug|x64
		{6134E72E-71D6-4576-969D-B46E548A0A24}.Debug|x64.Build.0 = Debug|x64
		{6134E72E-71D6-4576-969D-B46E548A0A24}.Debug|x86.ActiveCfg = Debug|x64
		{6134E72E-71D6-4576-969D-B46E548A0A24}.MinSizeRel|x64.ActiveCfg = Release|x64
		{6134E72E-71D6-4576-969D-B46E548A0A24}.MinSizeRel|x64.Build.0 = Release|x64
		{6134E72E-71D6-4576-969D-B46E548A0A24}.MinSizeRel|x86.ActiveCfg = Release|x64
		{6134E72E-71D6-4576-969D-B46E548A0A24}.MinSizeRel|x86.Build.0 = Release|x64
		{6134E72E-71D6-4576-969D-B46E548A0A24}.Release|x64.ActiveCfg = Release|x64
		{6134E72E-71D6-4576-969D-B46E548A0A24}.Release|x64.Build.0 = Release|x64
		{6134E72E-71D6-4576-969D-B46E548A0A24}.Release|x86.ActiveCfg = Release|x64
		{6134E72E-71D6-4576-969D-B46E548A0A24}.RelWithDebInfo|x64.ActiveCfg = Release|x64
		{6134E72E-71D6-4576-969D-B46E548A0A24}.RelWithDebInfo|x64.Build.0 = Release|x64
		{6134E72E-71D6-4576-969D-B46E548A0A24}.RelWithDebInfo|x86.ActiveCfg = Release|x64
		{6134E72E-71D6-4576-969D-B46E548A0A24}.RelWithDebInfo|x86.Build.0 = Release|x64
		{6134E72E-71D6-4576-969D-B46E548A0A24}.Template|x64.ActiveCfg = Release|x64
		{6134E72E-71D6-4576-969D-B46E548A0A24}.Template|x64.Build.0 = Release|x64
		{6134E72E-71D6-4576-969D-B46E548A0A24}.Template|x86.ActiveCfg = Release|x64
		{6134E72E-71D6-4576-969D-B46E548A0A24}.Template|x86.Build.0 = Release|x64
		{6134E72E-71A6-4576-969D-B46E548A0A24}.Debug|x64.ActiveCfg = Debug|x64
		{6134E72E-71A6-4576-969D-B46E548A0A24}.Debug|x64.Build.0 = Debug|x64
		{6134E72E-71A6-4576-969D-B46E548A0A24}.Debug|x86.ActiveCfg = Debug|x64
		{6134E72E-71A6-4576-969D-B46E548A0A24}.MinSizeRel|x64.ActiveCfg = Release|x64
		{6134E72E-71A6-4576-969D-B46E548A0A24}.MinSizeRel|x64.Build.0 = Release|x64
		{6134E72E-71A6-4576-969D-B46E548A0A24}.MinSizeRel|x86.ActiveCfg = Release|x64
		{6134E72E-71A6-4576-969D-B46E548A0A24}.MinSizeRel|x86.Build.0 = Release|x64
		{6134E72E-71A6-4576-969D-B46E548A0A24}.Release|x64.ActiveCfg = Release|x64
		{6134E72E-71A6-4576-969D-B46E548A0A24}.Release|x64.Build.0 = Release|x64
		{6134E72E-71A6-4576-969D-B46E548A0A24}.Release|x86.ActiveCfg = Release|x64
		{6134E72E-71A6-4576-969D-B46E548A0A24}.RelWithDebInfo|x64.ActiveCfg = Release|x64
		{6134E72E-71A6-4576-969D-B46E548A0A24}.RelWithDebInfo|x64.Build.0 = Release|x64
		{6134E72E-71A6-4576-969D-B46E548A0A24}.RelWithDebInfo|x86.ActiveCfg = Release|x64
		{6134E72E-71A6-4576-969D-B46E548A0A24}.RelWithDebInfo|x86.Build.0 = Release|x64
		{6134E72E-71A6-4576-969D-B46E548A0A24}.Template|x64.ActiveCfg = Release|x64
		{6134E72E-71A6-4576-969D-B46E548A0A24}.Template|x64.Build.0 = Release|x64
		{6134E72E-71A6-4576-969D-B46E548A0A24}.Template|x86.ActiveCfg = Release|x64
		{6134E72E-71A6-4576-969D-B46E548A0A24}.Template|x86.Build.0 = Release|x64
		{105C441D-43A8-43C6-AC02-4BD361A5092A}.Debug|x64.ActiveCfg = Debug|x64
		{105C441D-43A8-43C6-AC02-4BD361A5092A}.Debug|x64.Build.0 = Debug|x64
		{105C441D-43A8-43C6-AC02-4BD361A5092A}.Debug|x86.ActiveCfg = Debug|x64
		{105C441D-43A8-43C6-AC02-4BD361A5092A}.MinSizeRel|x64.ActiveCfg = Release|x64
		{105C441D-43A8-43C6-AC02-4BD361A5092A}.MinSizeRel|x64.Build.0 = Release|x64
		{105C441D-43A8-43C6-AC02-4BD361A5092A}.MinSizeRel|x86.ActiveCfg = Release|x64
		{105C441D-43A8-43C6-AC02-4BD361A5092A}.MinSizeRel|x86.Build.0 = Release|x64
		{105C441D-43A8-43C6-AC02-4BD361A5092A}.Release|x64.ActiveCfg = Release|x64
		{105C441D-43A8-43C6-AC02-4BD361A5092A}.Release|x64.Build.0 = Release|x64
		{105C441D-43A8-43C6-AC02-4BD361A5092A}.Release|x86.ActiveCfg = Release|x64
		{105C441D-43A8-43C6-AC02-4BD361A5092A}.RelWithDebInfo|x64.ActiveCfg = Release|x64
		{105C441D-43A8-43C6-AC02-4BD361A5092A}.RelWithDebInfo|x64.Build.0 = Release|x64
		{105C441D-43A8-43C6-AC02-4BD361A5092A}.RelWithDebInfo|x86.ActiveCfg = Release|x64
		{105C441D-43A8-43C6-AC02-4BD361A5092A}.RelWithDebInfo|x86.Build.0 = Release|x64
		{105C441D-43A8-43C6-AC02-4BD361A5092A}.Template|x64.ActiveCfg = Release|x64
		{105C441D-43A8-43C6-AC02-4BD361A5092A}.Template|x64.Build.0 = Release|x64
		{105C441D-43A8-43C6-AC02-4BD361A5092A}.Template|x86.ActiveCfg = Release|x64
		{105C441D-43A8-43C6-AC02-4BD361A5092A}.Template|x86.Build.0 = Release|x64
		{EFBA571E-92BC-4BB8-8E71-84B6969BD7BE}.Debug|x64.ActiveCfg = Debug|x64
		{EFBA571E-92BC-4BB8-8E71-84B6969BD7BE}.Debug|x64.Build.0 = Debug|x64
		{EFBA571E-92BC-4BB8-8E71-84B6969BD7BE}.Debug|x86.ActiveCfg = Debug|x64
		{EFBA571E-92BC-4BB8-8E71-84B6969BD7BE}.MinSizeRel|x64.ActiveCfg = Release|x64
		{EFBA571E-92BC-4BB8-8E71-84B6969BD7BE}.MinSizeRel|x64.Build.0 = Release|x64
		{EFBA571E-92BC-4BB8-8E71-84B6969BD7BE}.MinSizeRel|x86.ActiveCfg = Release|x64
		{EFBA571E-92BC-4BB8-8E71-84B6969BD7BE}.MinSizeRel|x86.Build.0 = Release|x64
		{EFBA571E-92BC-4BB8-8E71-84B6969BD7BE}.Release|x64.ActiveCfg = Release|x64
		{EFBA571E-92BC-4BB8-8E71-84B6969BD7BE}.Release|x64.Build.0 = Release|x64
		{EFBA571E-92BC-4BB8-8E71-84B6969BD7BE}.Release|x86.ActiveCfg = Release|x64
		{EFBA571E-92BC-4BB8-8E71-84B6969BD7BE}.RelWithDebInfo|x64.ActiveCfg = Release|x64
		{EFBA571E-92BC-4BB8-8E71-84B6969BD7BE}.RelWithDebInfo|x64.Build.0 = Release|x64
		{EFBA571E-92BC-4BB8-8E71-84B6969BD7BE}.RelWithDebInfo|x86.ActiveCfg = Release|x64
		{EFBA571E-92BC-4BB8-8E71-84B6969BD7BE}.RelWithDebInfo|x86.Build.0 = Release|x64
		{EFBA571E-92BC-4BB8-8E71-84B6969BD7BE}.Template|x64.ActiveCfg = Release|x64
		{EFBA571E-92BC-4BB8-8E71-84B6969BD7BE}.Template|x64.Build.0 = Release|x64
		{EFBA571E-92BC-4BB8-8E71-84B6969BD7BE}.Template|x86.ActiveCfg = Release|x64
		{EFBA571E-92BC-4BB8-8E71-84B6969BD7BE}.Template|x86.Build.0 = Release|x64
		{2301BFFE-2740-4C90-B88E-B475329FE6B2}.Debug|x64.ActiveCfg = Debug|x64
		{2301BFFE-2740-4C90-B88E-B475329FE6B2}.Debug|x64.Build.0 = Debug|x64
		{2301BFFE-2740-4C90-B88E-B475329FE6B2}.Debug|x86.ActiveCfg = Debug|x64
		{2301BFFE-2740-4C90-B88E-B475329FE6B2}.MinSizeRel|x64.ActiveCfg = Release|x64
		{2301BFFE-2740-4C90-B88E-B475329FE6B2}.MinSizeRel|x64.Build.0 = Release|x64
		{2301BFFE-2740-4C90-B88E-B475329FE6B2}.MinSizeRel|x86.ActiveCfg = Release|x64
		{2301BFFE-2740-4C90-B88E-B475329FE6B2}.MinSizeRel|x86.Build.0 = Release|x64
		{2301BFFE-2740-4C90-B88E-B475329FE6B2}.Release|x64.ActiveCfg = Release|x64
		{2301BFFE-2740-4C90-B88E-B475329FE6B2}.Release|x64.Build.0 = Release|x64
		{2301BFFE-2740-4C90-B88E-B475329FE6B2}.Release|x86.ActiveCfg = Release|x64
		{2301BFFE-2740-4C90-B88E-B475329FE6B2}.RelWithDebInfo|x64.ActiveCfg = Release|x64
		{2301BFFE-2740-4C90-B88E-B475329FE6B2}.RelWithDebInfo|x64.Build.0 = Release|x64
		{2301BFFE-2740-4C90-B88E-B475329FE6B2}.RelWithDebInfo|x86.ActiveCfg = Release|x64
		{2301BFFE-2740-4C90-B88E-B475329FE6B2}.RelWithDebInfo|x86.Build.0 = Release|x64
		{2301BFFE-2740-4C90-B88E-B475329FE6B2}.Template|x64.ActiveCfg = Release|x64
		{2301BFFE-2740-4C90-B88E-B475329FE6B2}.Template|x64.Build.0 = Release|x64
		{2301BFFE-2740-4C90-B88E-B475329FE6B2}.Template|x86.ActiveCfg = Release|x64
		{2301BFFE-2740-4C90-B88E-B475329FE6B2}.Template|x86.Build.0 = Release|x64
		{105C441D-43A8-43C6-AC12-4BD361A5092A}.Debug|x64.ActiveCfg = Debug|x64
		{105C441D-43A8-43C6-AC12-4BD361A5092A}.Debug|x64.Build.0 = Debug|x64
		{105C441D-43A8-43C6-AC12-4BD361A5092A}.Debug|x86.ActiveCfg = Debug|x64
		{105C441D-43A8-43C6-AC12-4BD361A5092A}.MinSizeRel|x64.ActiveCfg = Release|x64
		{105C441D-43A8-43C6-AC12-4BD361A5092A}.MinSizeRel|x64.Build.0 = Release|x64
		{105C441D-43A8-43C6-AC12-4BD361A5092A}.MinSizeRel|x86.ActiveCfg = Release|x64
		{105C441D-43A8-43C6-AC12-4BD361A5092A}.MinSizeRel|x86.Build.0 = Release|x64
		{105C441D-43A8-43C6-AC12-4BD361A5092A}.Release|x64.ActiveCfg = Release|x64
		{105C441D-43A8-43C6-AC12-4BD361A5092A}.Release|x64.Build.0 = Release|x64
		{105C441D-43A8-43C6-AC12-4BD361A5092A}.Release|x86.ActiveCfg = Release|x64
		{105C441D-43A8-43C6-AC12-4BD361A5092A}.RelWithDebInfo|x64.ActiveCfg = Release|x64
		{105C441D-43A8-43C6-AC12-4BD361A5092A}.RelWithDebInfo|x64.Build.0 = Release|x64
		{105C441D-43A8-43C6-AC12-4BD361A5092A}.RelWithDebInfo|x86.ActiveCfg = Release|x64
		{105C441D-43A8-43C6-AC12-4BD361A5092A}.RelWithDebInfo|x86.Build.0 = Release|x64
		{105C441D-43A8-43C6-AC12-4BD361A5092A}.Template|x64.ActiveCfg = Release|x64
		{105C441D-43A8-43C6-AC12-4BD361A5092A}.Template|x64.Build.0 = Release|x64
		{105C441D-43A8-43C6-AC12-4BD361A5092A}.Template|x86.ActiveCfg = Release|x64
		{105C441D-43A8-43C6-AC12-4BD361A5092A}.Template|x86.Build.0 = Release|x64
		{29EAFF6A-37C0-4A2B-88BF-F177F9D294C2}.Debug|x64.ActiveCfg = Debug|x64
		{29EAFF6A-37C0-4A2B-88BF-F177F9D294C2}.Debug|x64.Build.0 = Debug|x64
		{29EAFF6A-37C0-4A2B-88BF-F177F9D294C2}.Debug|x86.ActiveCfg = Debug|x64
		{29EAFF6A-37C0-4A2B-88BF-F177F9D294C2}.MinSizeRel|x64.ActiveCfg = Release|x64
		{29EAFF6A-37C0-4A2B-88BF-F177F9D294C2}.MinSizeRel|x64.Build.0 = Release|x64
		{29EAFF6A-37C0-4A2B-88BF-F177F9D294C2}.MinSizeRel|x86.ActiveCfg = Release|x64
		{29EAFF6A-37C0-4A2B-88BF-F177F9D294C2}.MinSizeRel|x86.Build.0 = Release|x64
		{29EAFF6A-37C0-4A2B-88BF-F177F9D294C2}.Release|x64.ActiveCfg = Release|x64
		{29EAFF6A-37C0-4A2B-88BF-F177F9D294C2}.Release|x64.Build.0 = Release|x64
		{29EAFF6A-37C0-4A2B-88BF-F177F9D294C2}.Release|x86.ActiveCfg = Release|x64
		{29EAFF6A-37C0-4A2B-88BF-F177F9D294C2}.RelWithDebInfo|x64.ActiveCfg = Release|x64
		{29EAFF6A-37C0-4A2B-88BF-F177F9D294C2}.RelWithDebInfo|x64.Build.0 = Release|x64
		{29EAFF6A-37C0-4A2B-88BF-F177F9D294C2}.RelWithDebInfo|x86.ActiveCfg = Release|x64
		{29EAFF6A-37C0-4A2B-88BF-F177F9D294C2}.RelWithDebInfo|x86.Build.0 = Release|x64
		{29EAFF6A-37C0-4A2B-88BF-F177F9D294C2}.Template|x64.ActiveCfg = Release|x64
		{29EAFF6A-37C0-4A2B-88BF-F177F9D294C2}.Template|x64.Build.0 = Release|x64
		{29EAFF6A-37C0-4A2B-88BF-F177F9D294C2}.Template|x86.ActiveCfg = Release|x64
		{29EAFF6A-37C0-4A2B-88BF-F177F9D294C2}.Template|x86.Build.0 = Release|x64
		{DB45CD2E-7601-4985-A1BA-4347D85EFC8B}.Debug|x64.ActiveCfg = Debug|x64
		{DB45CD2E-7601-4985-A1BA-4347D85EFC8B}.Debug|x64.Build.0 = Debug|x64
		{DB45CD2E-7601-4985-A1BA-4347D85EFC8B}.Debug|x86.ActiveCfg = Debug|Win32
		{DB45CD2E-7601-4985-A1BA-4347D85EFC8B}.Debug|x86.Build.0 = Debug|Win32
		{DB45CD2E-7601-4985-A1BA-4347D85EFC8B}.MinSizeRel|x64.ActiveCfg = Release|x64
		{DB45CD2E-7601-4985-A1BA-4347D85EFC8B}.MinSizeRel|x64.Build.0 = Release|x64
		{DB45CD2E-7601-4985-A1BA-4347D85EFC8B}.MinSizeRel|x86.ActiveCfg = Release|Win32
		{DB45CD2E-7601-4985-A1BA-4347D85EFC8B}.MinSizeRel|x86.Build.0 = Release|Win32
		{DB45CD2E-7601-4985-A1BA-4347D85EFC8B}.Release|x64.ActiveCfg = Release|x64
		{DB45CD2E-7601-4985-A1BA-4347D85EFC8B}.Release|x64.Build.0 = Release|x64
		{DB45CD2E-7601-4985-A1BA-4347D85EFC8B}.Release|x86.ActiveCfg = Release|Win32
		{DB45CD2E-7601-4985-A1BA-4347D85EFC8B}.Release|x86.Build.0 = Release|Win32
		{DB45CD2E-7601-4985-A1BA-4347D85EFC8B}.RelWithDebInfo|x64.ActiveCfg = Release|x64
		{DB45CD2E-7601-4985-A1BA-4347D85EFC8B}.RelWithDebInfo|x64.Build.0 = Release|x64
		{DB45CD2E-7601-4985-A1BA-4347D85EFC8B}.RelWithDebInfo|x86.ActiveCfg = Release|Win32
		{DB45CD2E-7601-4985-A1BA-4347D85EFC8B}.RelWithDebInfo|x86.Build.0 = Release|Win32
		{DB45CD2E-7601-4985-A1BA-4347D85EFC8B}.Template|x64.ActiveCfg = Release|x64
		{DB45CD2E-7601-4985-A1BA-4347D85EFC8B}.Template|x64.Build.0 = Release|x64
		{DB45CD2E-7601-4985-A1BA-4347D85EFC8B}.Template|x86.ActiveCfg = Release|Win32
		{DB45CD2E-7601-4985-A1BA-4347D85EFC8B}.Template|x86.Build.0 = Release|Win32
		{661D361B-DCF4-455C-BE6C-A2EAA9E27D5B}.Debug|x64.ActiveCfg = Debug|x64
		{661D361B-DCF4-455C-BE6C-A2EAA9E27D5B}.Debug|x64.Build.0 = Debug|x64
		{661D361B-DCF4-455C-BE6C-A2EAA9E27D5B}.Debug|x86.ActiveCfg = Debug|Win32
		{661D361B-DCF4-455C-BE6C-A2EAA9E27D5B}.Debug|x86.Build.0 = Debug|Win32
		{661D361B-DCF4-455C-BE6C-A2EAA9E27D5B}.MinSizeRel|x64.ActiveCfg = Release|x64
		{661D361B-DCF4-455C-BE6C-A2EAA9E27D5B}.MinSizeRel|x64.Build.0 = Release|x64
		{661D361B-DCF4-455C-BE6C-A2EAA9E27D5B}.MinSizeRel|x86.ActiveCfg = Release|Win32
		{661D361B-DCF4-455C-BE6C-A2EAA9E27D5B}.MinSizeRel|x86.Build.0 = Release|Win32
		{661D361B-DCF4-455C-BE6C-A2EAA9E27D5B}.Release|x64.ActiveCfg = Release|x64
		{661D361B-DCF4-455C-BE6C-A2EAA9E27D5B}.Release|x64.Build.0 = Release|x64
		{661D361B-DCF4-455C-BE6C-A2EAA9E27D5B}.Release|x86.ActiveCfg = Release|Win32
		{661D361B-DCF4-455C-BE6C-A2EAA9E27D5B}.Release|x86.Build.0 = Release|Win32
		{661D361B-DCF4-455C-BE6C-A2EAA9E27D5B}.RelWithDebInfo|x64.ActiveCfg = Release|x64
		{661D361B-DCF4-455C-BE6C-A2EAA9E27D5B}.RelWithDebInfo|x64.Build.0 = Release|x64
		{661D361B-DCF4-455C-BE6C-A2EAA9E27D5B}.RelWithDebInfo|x86.ActiveCfg = Release|Win32
		{661D361B-DCF4-455C-BE6C-A2EAA9E27D5B}.RelWithDebInfo|x86.Build.0 = Release|Win32
		{661D361B-DCF4-455C-BE6C-A2EAA9E27D5B}.Template|x64.ActiveCfg = Release|x64
		{661D361B-DCF4-455C-BE6C-A2EAA9E27D5B}.Template|x64.Build.0 = Release|x64
		{661D361B-DCF4-455C-BE6C-A2EAA9E27D5B}.Template|x86.ActiveCfg = Release|Win32
		{661D361B-DCF4-455C-BE6C-A2EAA9E27D5B}.Template|x86.Build.0 = Release|Win32
		{CE3DDAA2-68DD-477A-B48A-7967C5143DC9}.Debug|x64.ActiveCfg = Debug|x64
		{CE3DDAA2-68DD-477A-B48A-7967C5143DC9}.Debug|x64.Build.0 = Debug|x64
		{CE3DDAA2-68DD-477A-B48A-7967C5143DC9}.Debug|x86.ActiveCfg = Debug|Win32
		{CE3DDAA2-68DD-477A-B48A-7967C5143DC9}.Debug|x86.Build.0 = Debug|Win32
		{CE3DDAA2-68DD-477A-B48A-7967C5143DC9}.MinSizeRel|x64.ActiveCfg = Release|x64
		{CE3DDAA2-68DD-477A-B48A-7967C5143DC9}.MinSizeRel|x64.Build.0 = Release|x64
		{CE3DDAA2-68DD-477A-B48A-7967C5143DC9}.MinSizeRel|x86.ActiveCfg = Release|Win32
		{CE3DDAA2-68DD-477A-B48A-7967C5143DC9}.MinSizeRel|x86.Build.0 = Release|Win32
		{CE3DDAA2-68DD-477A-B48A-7967C5143DC9}.Release|x64.ActiveCfg = Release|x64
		{CE3DDAA2-68DD-477A-B48A-7967C5143DC9}.Release|x64.Build.0 = Release|x64
		{CE3DDAA2-68DD-477A-B48A-7967C5143DC9}.Release|x86.ActiveCfg = Release|Win32
		{CE3DDAA2-68DD-477A-B48A-7967C5143DC9}.Release|x86.Build.0 = Release|Win32
		{CE3DDAA2-68DD-477A-B48A-7967C5143DC9}.RelWithDebInfo|x64.ActiveCfg = Release|x64
		{CE3DDAA2-68DD-477A-B48A-7967C5143DC9}.RelWithDebInfo|x64.Build.0 = Release|x64
		{CE3DDAA2-68DD-477A-B48A-7967C5143DC9}.RelWithDebInfo|x86.ActiveCfg = Release|Win32
		{CE3DDAA2-68DD-477A-B48A-7967C5143DC9}.RelWithDebInfo|x86.Build.0 = Release|Win32
		{CE3DDAA2-68DD-477A-B48A-7967C5143DC9}.Template|x64.ActiveCfg = Release|x64
		{CE3DDAA2-68DD-477A-B48A-7967C5143DC9}.Template|x64.Build.0 = Release|x64
		{CE3DDAA2-68DD-477A-B48A-7967C5143DC9}.Template|x86.ActiveCfg = Release|Win32
		{CE3DDAA2-68DD-477A-B48A-7967C5143DC9}.Template|x86.Build.0 = Release|Win32
		{053C3EC9-5C21-4A2A-81FA-35599F67B0AF}.Debug|x64.ActiveCfg = Debug|x64
		{053C3EC9-5C21-4A2A-81FA-35599F67B0AF}.Debug|x64.Build.0 = Debug|x64
		{053C3EC9-5C21-4A2A-81FA-35599F67B0AF}.Debug|x86.ActiveCfg = Debug|Win32
		{053C3EC9-5C21-4A2A-81FA-35599F67B0AF}.Debug|x86.Build.0 = Debug|Win32
		{053C3EC9-5C21-4A2A-81FA-35599F67B0AF}.MinSizeRel|x64.ActiveCfg = Release|x64
		{053C3EC9-5C21-4A2A-81FA-35599F67B0AF}.MinSizeRel|x64.Build.0 = Release|x64
		{053C3EC9-5C21-4A2A-81FA-35599F67B0AF}.MinSizeRel|x86.ActiveCfg = Release|Win32
		{053C3EC9-5C21-4A2A-81FA-35599F67B0AF}.MinSizeRel|x86.Build.0 = Release|Win32
		{053C3EC9-5C21-4A2A-81FA-35599F67B0AF}.Release|x64.ActiveCfg = Release|x64
		{053C3EC9-5C21-4A2A-81FA-35599F67B0AF}.Release|x64.Build.0 = Release|x64
		{053C3EC9-5C21-4A2A-81FA-35599F67B0AF}.Release|x86.ActiveCfg = Release|Win32
		{053C3EC9-5C21-4A2A-81FA-35599F67B0AF}.Release|x86.Build.0 = Release|Win32
		{053C3EC9-5C21-4A2A-81FA-35599F67B0AF}.RelWithDebInfo|x64.ActiveCfg = Release|x64
		{053C3EC9-5C21-4A2A-81FA-35599F67B0AF}.RelWithDebInfo|x64.Build.0 = Release|x64
		{053C3EC9-5C21-4A2A-81FA-35599F67B0AF}.RelWithDebInfo|x86.ActiveCfg = Release|Win32
		{053C3EC9-5C21-4A2A-81FA-35599F67B0AF}.RelWithDebInfo|x86.Build.0 = Release|Win32
		{053C3EC9-5C21-4A2A-81FA-35599F67B0AF}.Template|x64.ActiveCfg = Release|x64
		{053C3EC9-5C21-4A2A-81FA-35599F67B0AF}.Template|x64.Build.0 = Release|x64
		{053C3EC9-5C21-4A2A-81FA-35599F67B0AF}.Template|x86.ActiveCfg = Release|Win32
		{053C3EC9-5C21-4A2A-81FA-35599F67B0AF}.Template|x86.Build.0 = Release|Win32
		{2ED973F4-B280-4308-8A42-F80716DBD2FA}.Debug|x64.ActiveCfg = Debug|x64
		{2ED973F4-B280-4308-8A42-F80716DBD2FA}.Debug|x64.Build.0 = Debug|x64
		{2ED973F4-B280-4308-8A42-F80716DBD2FA}.Debug|x86.ActiveCfg = Debug|Win32
		{2ED973F4-B280-4308-8A42-F80716DBD2FA}.Debug|x86.Build.0 = Debug|Win32
		{2ED973F4-B280-4308-8A42-F80716DBD2FA}.MinSizeRel|x64.ActiveCfg = Release|Win32
		{2ED973F4-B280-4308-8A42-F80716DBD2FA}.MinSizeRel|x64.Build.0 = Release|Win32
		{2ED973F4-B280-4308-8A42-F80716DBD2FA}.MinSizeRel|x86.ActiveCfg = Release|Win32
		{2ED973F4-B280-4308-8A42-F80716DBD2FA}.MinSizeRel|x86.Build.0 = Release|Win32
		{2ED973F4-B280-4308-8A42-F80716DBD2FA}.Release|x64.ActiveCfg = Release|x64
		{2ED973F4-B280-4308-8A42-F80716DBD2FA}.Release|x64.Build.0 = Release|x64
		{2ED973F4-B280-4308-8A42-F80716DBD2FA}.Release|x86.ActiveCfg = Release|Win32
		{2ED973F4-B280-4308-8A42-F80716DBD2FA}.Release|x86.Build.0 = Release|Win32
		{2ED973F4-B280-4308-8A42-F80716DBD2FA}.RelWithDebInfo|x64.ActiveCfg = Release|Win32
		{2ED973F4-B280-4308-8A42-F80716DBD2FA}.RelWithDebInfo|x64.Build.0 = Release|Win32
		{2ED973F4-B280-4308-8A42-F80716DBD2FA}.RelWithDebInfo|x86.ActiveCfg = Release|Win32
		{2ED973F4-B280-4308-8A42-F80716DBD2FA}.RelWithDebInfo|x86.Build.0 = Release|Win32
		{2ED973F4-B280-4308-8A42-F80716DBD2FA}.Template|x64.ActiveCfg = Release|Win32
		{2ED973F4-B280-4308-8A42-F80716DBD2FA}.Template|x64.Build.0 = Release|Win32
		{2ED973F4-B280-4308-8A42-F80716DBD2FA}.Template|x86.ActiveCfg = Release|Win32
		{2ED973F4-B280-4308-8A42-F80716DBD2FA}.Template|x86.Build.0 = Release|Win32
		{23749113-DBFB-41C5-A13D-93B08449C958}.Debug|x64.ActiveCfg = Debug|x64
		{23749113-DBFB-41C5-A13D-93B08449C958}.Debug|x64.Build.0 = Debug|x64
		{23749113-DBFB-41C5-A13D-93B08449C958}.Debug|x86.ActiveCfg = Debug|Win32
		{23749113-DBFB-41C5-A13D-93B08449C958}.Debug|x86.Build.0 = Debug|Win32
		{23749113-DBFB-41C5-A13D-93B08449C958}.MinSizeRel|x64.ActiveCfg = Release|x64
		{23749113-DBFB-41C5-A13D-93B08449C958}.MinSizeRel|x64.Build.0 = Release|x64
		{23749113-DBFB-41C5-A13D-93B08449C958}.MinSizeRel|x86.ActiveCfg = Release|Win32
		{23749113-DBFB-41C5-A13D-93B08449C958}.MinSizeRel|x86.Build.0 = Release|Win32
		{23749113-DBFB-41C5-A13D-93B08449C958}.Release|x64.ActiveCfg = Release|x64
		{23749113-DBFB-41C5-A13D-93B08449C958}.Release|x64.Build.0 = Release|x64
		{23749113-DBFB-41C5-A13D-93B08449C958}.Release|x86.ActiveCfg = Release|Win32
		{23749113-DBFB-41C5-A13D-93B08449C958}.Release|x86.Build.0 = Release|Win32
		{23749113-DBFB-41C5-A13D-93B08449C958}.RelWithDebInfo|x64.ActiveCfg = Release|x64
		{23749113-DBFB-41C5-A13D-93B08449C958}.RelWithDebInfo|x64.Build.0 = Release|x64
		{23749113-DBFB-41C5-A13D-93B08449C958}.RelWithDebInfo|x86.ActiveCfg = Release|Win32
		{23749113-DBFB-41C5-A13D-93B08449C958}.RelWithDebInfo|x86.Build.0 = Release|Win32
		{23749113-DBFB-41C5-A13D-93B08449C958}.Template|x64.ActiveCfg = Release|x64
		{23749113-DBFB-41C5-A13D-93B08449C958}.Template|x64.Build.0 = Release|x64
		{23749113-DBFB-41C5-A13D-93B08449C958}.Template|x86.ActiveCfg = Release|Win32
		{23749113-DBFB-41C5-A13D-93B08449C958}.Template|x86.Build.0 = Release|Win32
		{01994FF0-05C3-4746-AF08-64CB228867B9}.Debug|x64.ActiveCfg = Debug|x64
		{01994FF0-05C3-4746-AF08-64CB228867B9}.Debug|x64.Build.0 = Debug|x64
		{01994FF0-05C3-4746-AF08-64CB228867B9}.Debug|x86.ActiveCfg = Debug|Win32
		{01994FF0-05C3-4746-AF08-64CB228867B9}.Debug|x86.Build.0 = Debug|Win32
		{01994FF0-05C3-4746-AF08-64CB228867B9}.MinSizeRel|x64.ActiveCfg = Release|x64
		{01994FF0-05C3-4746-AF08-64CB228867B9}.MinSizeRel|x64.Build.0 = Release|x64
		{01994FF0-05C3-4746-AF08-64CB228867B9}.MinSizeRel|x86.ActiveCfg = Release|Win32
		{01994FF0-05C3-4746-AF08-64CB228867B9}.MinSizeRel|x86.Build.0 = Release|Win32
		{01994FF0-05C3-4746-AF08-64CB228867B9}.Release|x64.ActiveCfg = Release|x64
		{01994FF0-05C3-4746-AF08-64CB228867B9}.Release|x64.Build.0 = Release|x64
		{01994FF0-05C3-4746-AF08-64CB228867B9}.Release|x86.ActiveCfg = Release|Win32
		{01994FF0-05C3-4746-AF08-64CB228867B9}.Release|x86.Build.0 = Release|Win32
		{01994FF0-05C3-4746-AF08-64CB228867B9}.RelWithDebInfo|x64.ActiveCfg = Release|x64
		{01994FF0-05C3-4746-AF08-64CB228867B9}.RelWithDebInfo|x64.Build.0 = Release|x64
		{01994FF0-05C3-4746-AF08-64CB228867B9}.RelWithDebInfo|x86.ActiveCfg = Release|Win32
		{01994FF0-05C3-4746-AF08-64CB228867B9}.RelWithDebInfo|x86.Build.0 = Release|Win32
		{01994FF0-05C3-4746-AF08-64CB228867B9}.Template|x64.ActiveCfg = Release|x64
		{01994FF0-05C3-4746-AF08-64CB228867B9}.Template|x64.Build.0 = Release|x64
		{01994FF0-05C3-4746-AF08-64CB228867B9}.Template|x86.ActiveCfg = Release|Win32
		{01994FF0-05C3-4746-AF08-64CB228867B9}.Template|x86.Build.0 = Release|Win32
		{EF43EED9-DF6F-46BB-871C-9C0318801399}.Debug|x64.ActiveCfg = Debug
		{EF43EED9-DF6F-46BB-871C-9C0318801399}.Debug|x86.ActiveCfg = Debug
		{EF43EED9-DF6F-46BB-871C-9C0318801399}.Debug|x86.Build.0 = Debug
		{EF43EED9-DF6F-46BB-871C-9C0318801399}.MinSizeRel|x64.ActiveCfg = Debug
		{EF43EED9-DF6F-46BB-871C-9C0318801399}.MinSizeRel|x64.Build.0 = Debug
		{EF43EED9-DF6F-46BB-871C-9C0318801399}.MinSizeRel|x86.ActiveCfg = Debug
		{EF43EED9-DF6F-46BB-871C-9C0318801399}.MinSizeRel|x86.Build.0 = Debug
		{EF43EED9-DF6F-46BB-871C-9C0318801399}.Release|x64.ActiveCfg = Release
		{EF43EED9-DF6F-46BB-871C-9C0318801399}.Release|x86.ActiveCfg = Release
		{EF43EED9-DF6F-46BB-871C-9C0318801399}.Release|x86.Build.0 = Release
		{EF43EED9-DF6F-46BB-871C-9C0318801399}.RelWithDebInfo|x64.ActiveCfg = Release
		{EF43EED9-DF6F-46BB-871C-9C0318801399}.RelWithDebInfo|x64.Build.0 = Release
		{EF43EED9-DF6F-46BB-871C-9C0318801399}.RelWithDebInfo|x86.ActiveCfg = Release
		{EF43EED9-DF6F-46BB-871C-9C0318801399}.RelWithDebInfo|x86.Build.0 = Release
		{EF43EED9-DF6F-46BB-871C-9C0318801399}.Template|x64.ActiveCfg = Debug
		{EF43EED9-DF6F-46BB-871C-9C0318801399}.Template|x64.Build.0 = Debug
		{EF43EED9-DF6F-46BB-871C-9C0318801399}.Template|x86.ActiveCfg = Debug
		{EF43EED9-DF6F-46BB-871C-9C0318801399}.Template|x86.Build.0 = Debug
		{18DCC1FB-8EAA-4182-9A2F-81E863743E30}.Debug|x64.ActiveCfg = Debug|x64
		{18DCC1FB-8EAA-4182-9A2F-81E863743E30}.Debug|x64.Build.0 = Debug|x64
		{18DCC1FB-8EAA-4182-9A2F-81E863743E30}.Debug|x86.ActiveCfg = Debug|Win32
		{18DCC1FB-8EAA-4182-9A2F-81E863743E30}.Debug|x86.Build.0 = Debug|Win32
		{18DCC1FB-8EAA-4182-9A2F-81E863743E30}.MinSizeRel|x64.ActiveCfg = Debug|x64
		{18DCC1FB-8EAA-4182-9A2F-81E863743E30}.MinSizeRel|x64.Build.0 = Debug|x64
		{18DCC1FB-8EAA-4182-9A2F-81E863743E30}.MinSizeRel|x86.ActiveCfg = Debug|Win32
		{18DCC1FB-8EAA-4182-9A2F-81E863743E30}.MinSizeRel|x86.Build.0 = Debug|Win32
		{18DCC1FB-8EAA-4182-9A2F-81E863743E30}.Release|x64.ActiveCfg = Release|x64
		{18DCC1FB-8EAA-4182-9A2F-81E863743E30}.Release|x64.Build.0 = Release|x64
		{18DCC1FB-8EAA-4182-9A2F-81E863743E30}.Release|x86.ActiveCfg = Release|Win32
		{18DCC1FB-8EAA-4182-9A2F-81E863743E30}.Release|x86.Build.0 = Release|Win32
		{18DCC1FB-8EAA-4182-9A2F-81E863743E30}.RelWithDebInfo|x64.ActiveCfg = Release|x64
		{18DCC1FB-8EAA-4182-9A2F-81E863743E30}.RelWithDebInfo|x64.Build.0 = Release|x64
		{18DCC1FB-8EAA-4182-9A2F-81E863743E30}.RelWithDebInfo|x86.ActiveCfg = Release|Win32
		{18DCC1FB-8EAA-4182-9A2F-81E863743E30}.RelWithDebInfo|x86.Build.0 = Release|Win32
		{18DCC1FB-8EAA-4182-9A2F-81E863743E30}.Template|x64.ActiveCfg = Debug|x64
		{18DCC1FB-8EAA-4182-9A2F-81E863743E30}.Template|x64.Build.0 = Debug|x64
		{18DCC1FB-8EAA-4182-9A2F-81E863743E30}.Template|x86.ActiveCfg = Debug|Win32
		{18DCC1FB-8EAA-4182-9A2F-81E863743E30}.Template|x86.Build.0 = Debug|Win32
		{A83A489C-DCC3-44D9-82AD-A675C25FCCFB}.Debug|x64.ActiveCfg = Debug|x64
		{A83A489C-DCC3-44D9-82AD-A675C25FCCFB}.Debug|x64.Build.0 = Debug|x64
		{A83A489C-DCC3-44D9-82AD-A675C25FCCFB}.Debug|x86.ActiveCfg = Debug|Win32
		{A83A489C-DCC3-44D9-82AD-A675C25FCCFB}.Debug|x86.Build.0 = Debug|Win32
		{A83A489C-DCC3-44D9-82AD-A675C25FCCFB}.MinSizeRel|x64.ActiveCfg = Release|x64
		{A83A489C-DCC3-44D9-82AD-A675C25FCCFB}.MinSizeRel|x64.Build.0 = Release|x64
		{A83A489C-DCC3-44D9-82AD-A675C25FCCFB}.MinSizeRel|x86.ActiveCfg = Debug|Win32
		{A83A489C-DCC3-44D9-82AD-A675C25FCCFB}.MinSizeRel|x86.Build.0 = Debug|Win32
		{A83A489C-DCC3-44D9-82AD-A675C25FCCFB}.Release|x64.ActiveCfg = Release|x64
		{A83A489C-DCC3-44D9-82AD-A675C25FCCFB}.Release|x64.Build.0 = Release|x64
		{A83A489C-DCC3-44D9-82AD-A675C25FCCFB}.Release|x86.ActiveCfg = Release|Win32
		{A83A489C-DCC3-44D9-82AD-A675C25FCCFB}.Release|x86.Build.0 = Release|Win32
		{A83A489C-DCC3-44D9-82AD-A675C25FCCFB}.RelWithDebInfo|x64.ActiveCfg = Release|x64
		{A83A489C-DCC3-44D9-82AD-A675C25FCCFB}.RelWithDebInfo|x64.Build.0 = Release|x64
		{A83A489C-DCC3-44D9-82AD-A675C25FCCFB}.RelWithDebInfo|x86.ActiveCfg = Release|Win32
		{A83A489C-DCC3-44D9-82AD-A675C25FCCFB}.RelWithDebInfo|x86.Build.0 = Release|Win32
		{A83A489C-DCC3-44D9-82AD-A675C25FCCFB}.Template|x64.ActiveCfg = Release|x64
		{A83A489C-DCC3-44D9-82AD-A675C25FCCFB}.Template|x64.Build.0 = Release|x64
		{A83A489C-DCC3-44D9-82AD-A675C25FCCFB}.Template|x86.ActiveCfg = Debug|Win32
		{A83A489C-DCC3-44D9-82AD-A675C25FCCFB}.Template|x86.Build.0 = Debug|Win32
		{03C1D985-CE5A-4B16-8DBC-7C62465B87BF}.Debug|x64.ActiveCfg = Debug|x64
		{03C1D985-CE5A-4B16-8DBC-7C62465B87BF}.Debug|x64.Build.0 = Debug|x64
		{03C1D985-CE5A-4B16-8DBC-7C62465B87BF}.Debug|x86.ActiveCfg = Debug|x64
		{03C1D985-CE5A-4B16-8DBC-7C62465B87BF}.MinSizeRel|x64.ActiveCfg = Debug|x64
		{03C1D985-CE5A-4B16-8DBC-7C62465B87BF}.MinSizeRel|x64.Build.0 = Debug|x64
		{03C1D985-CE5A-4B16-8DBC-7C62465B87BF}.MinSizeRel|x86.ActiveCfg = Debug|x64
		{03C1D985-CE5A-4B16-8DBC-7C62465B87BF}.MinSizeRel|x86.Build.0 = Debug|x64
		{03C1D985-CE5A-4B16-8DBC-7C62465B87BF}.Release|x64.ActiveCfg = Release|x64
		{03C1D985-CE5A-4B16-8DBC-7C62465B87BF}.Release|x64.Build.0 = Release|x64
		{03C1D985-CE5A-4B16-8DBC-7C62465B87BF}.Release|x86.ActiveCfg = Release|x64
		{03C1D985-CE5A-4B16-8DBC-7C62465B87BF}.RelWithDebInfo|x64.ActiveCfg = Release|x64
		{03C1D985-CE5A-4B16-8DBC-7C62465B87BF}.RelWithDebInfo|x64.Build.0 = Release|x64
		{03C1D985-CE5A-4B16-8DBC-7C62465B87BF}.RelWithDebInfo|x86.ActiveCfg = Debug|x64
		{03C1D985-CE5A-4B16-8DBC-7C62465B87BF}.RelWithDebInfo|x86.Build.0 = Debug|x64
		{03C1D985-CE5A-4B16-8DBC-7C62465B87BF}.Template|x64.ActiveCfg = Debug|x64
		{03C1D985-CE5A-4B16-8DBC-7C62465B87BF}.Template|x64.Build.0 = Debug|x64
		{03C1D985-CE5A-4B16-8DBC-7C62465B87BF}.Template|x86.ActiveCfg = Debug|x64
		{03C1D985-CE5A-4B16-8DBC-7C62465B87BF}.Template|x86.Build.0 = Debug|x64
		{13DCC1FB-8E8A-4082-9A2F-91E862743E30}.Debug|x64.ActiveCfg = Debug|x64
		{13DCC1FB-8E8A-4082-9A2F-91E862743E30}.Debug|x64.Build.0 = Debug|x64
		{13DCC1FB-8E8A-4082-9A2F-91E862743E30}.Debug|x86.ActiveCfg = Debug|x64
		{13DCC1FB-8E8A-4082-9A2F-91E862743E30}.MinSizeRel|x64.ActiveCfg = Debug|x64
		{13DCC1FB-8E8A-4082-9A2F-91E862743E30}.MinSizeRel|x64.Build.0 = Debug|x64
		{13DCC1FB-8E8A-4082-9A2F-91E862743E30}.MinSizeRel|x86.ActiveCfg = Debug|x64
		{13DCC1FB-8E8A-4082-9A2F-91E862743E30}.MinSizeRel|x86.Build.0 = Debug|x64
		{13DCC1FB-8E8A-4082-9A2F-91E862743E30}.Release|x64.ActiveCfg = Release|x64
		{13DCC1FB-8E8A-4082-9A2F-91E862743E30}.Release|x64.Build.0 = Release|x64
		{13DCC1FB-8E8A-4082-9A2F-91E862743E30}.Release|x86.ActiveCfg = Release|x64
		{13DCC1FB-8E8A-4082-9A2F-91E862743E30}.RelWithDebInfo|x64.ActiveCfg = Release|x64
		{13DCC1FB-8E8A-4082-9A2F-91E862743E30}.RelWithDebInfo|x64.Build.0 = Release|x64
		{13DCC1FB-8E8A-4082-9A2F-91E862743E30}.RelWithDebInfo|x86.ActiveCfg = Debug|x64
		{13DCC1FB-8E8A-4082-9A2F-91E862743E30}.RelWithDebInfo|x86.Build.0 = Debug|x64
		{13DCC1FB-8E8A-4082-9A2F-91E862743E30}.Template|x64.ActiveCfg = Debug|x64
		{13DCC1FB-8E8A-4082-9A2F-91E862743E30}.Template|x64.Build.0 = Debug|x64
		{13DCC1FB-8E8A-4082-9A2F-91E862743E30}.Template|x86.ActiveCfg = Debug|x64
		{13DCC1FB-8E8A-4082-9A2F-91E862743E30}.Template|x86.Build.0 = Debug|x64
		{A83A489C-DCC3-44D9-82AD-A67512000000}.Debug|x64.ActiveCfg = Debug|x64
		{A83A489C-DCC3-44D9-82AD-A67512000000}.Debug|x64.Build.0 = Debug|x64
		{A83A489C-DCC3-44D9-82AD-A67512000000}.Debug|x86.ActiveCfg = Debug|x64
		{A83A489C-DCC3-44D9-82AD-A67512000000}.Debug|x86.Build.0 = Debug|x64
		{A83A489C-DCC3-44D9-82AD-A67512000000}.MinSizeRel|x64.ActiveCfg = Debug|x64
		{A83A489C-DCC3-44D9-82AD-A67512000000}.MinSizeRel|x64.Build.0 = Debug|x64
		{A83A489C-DCC3-44D9-82AD-A67512000000}.MinSizeRel|x86.ActiveCfg = Debug|x64
		{A83A489C-DCC3-44D9-82AD-A67512000000}.MinSizeRel|x86.Build.0 = Debug|x64
		{A83A489C-DCC3-44D9-82AD-A67512000000}.Release|x64.ActiveCfg = Release|x64
		{A83A489C-DCC3-44D9-82AD-A67512000000}.Release|x64.Build.0 = Release|x64
		{A83A489C-DCC3-44D9-82AD-A67512000000}.Release|x86.ActiveCfg = Release|x64
		{A83A489C-DCC3-44D9-82AD-A67512000000}.Release|x86.Build.0 = Release|x64
		{A83A489C-DCC3-44D9-82AD-A67512000000}.RelWithDebInfo|x64.ActiveCfg = Release|x64
		{A83A489C-DCC3-44D9-82AD-A67512000000}.RelWithDebInfo|x64.Build.0 = Release|x64
		{A83A489C-DCC3-44D9-82AD-A67512000000}.RelWithDebInfo|x86.ActiveCfg = Debug|x64
		{A83A489C-DCC3-44D9-82AD-A67512000000}.RelWithDebInfo|x86.Build.0 = Debug|x64
		{A83A489C-DCC3-44D9-82AD-A67512000000}.Template|x64.ActiveCfg = Debug|x64
		{A83A489C-DCC3-44D9-82AD-A67512000000}.Template|x64.Build.0 = Debug|x64
		{A83A489C-DCC3-44D9-82AD-A67512000000}.Template|x86.ActiveCfg = Debug|x64
		{A83A489C-DCC3-44D9-82AD-A67512000000}.Template|x86.Build.0 = Debug|x64
		{BCD8171F-82E5-4D7B-8D06-BA82ADCE613E}.Debug|x64.ActiveCfg = Debug|x64
		{BCD8171F-82E5-4D7B-8D06-BA82ADCE613E}.Debug|x64.Build.0 = Debug|x64
		{BCD8171F-82E5-4D7B-8D06-BA82ADCE613E}.Debug|x86.ActiveCfg = Debug|x64
		{BCD8171F-82E5-4D7B-8D06-BA82ADCE613E}.Debug|x86.Build.0 = Debug|x64
		{BCD8171F-82E5-4D7B-8D06-BA82ADCE613E}.MinSizeRel|x64.ActiveCfg = Debug|x64
		{BCD8171F-82E5-4D7B-8D06-BA82ADCE613E}.MinSizeRel|x64.Build.0 = Debug|x64
		{BCD8171F-82E5-4D7B-8D06-BA82ADCE613E}.MinSizeRel|x86.ActiveCfg = Debug|x64
		{BCD8171F-82E5-4D7B-8D06-BA82ADCE613E}.MinSizeRel|x86.Build.0 = Debug|x64
		{BCD8171F-82E5-4D7B-8D06-BA82ADCE613E}.Release|x64.ActiveCfg = Release|x64
		{BCD8171F-82E5-4D7B-8D06-BA82ADCE613E}.Release|x64.Build.0 = Release|x64
		{BCD8171F-82E5-4D7B-8D06-BA82ADCE613E}.Release|x86.ActiveCfg = Release|x64
		{BCD8171F-82E5-4D7B-8D06-BA82ADCE613E}.Release|x86.Build.0 = Release|x64
		{BCD8171F-82E5-4D7B-8D06-BA82ADCE613E}.RelWithDebInfo|x64.ActiveCfg = Release|x64
		{BCD8171F-82E5-4D7B-8D06-BA82ADCE613E}.RelWithDebInfo|x64.Build.0 = Release|x64
		{BCD8171F-82E5-4D7B-8D06-BA82ADCE613E}.RelWithDebInfo|x86.ActiveCfg = Debug|x64
		{BCD8171F-82E5-4D7B-8D06-BA82ADCE613E}.RelWithDebInfo|x86.Build.0 = Debug|x64
		{BCD8171F-82E5-4D7B-8D06-BA82ADCE613E}.Template|x64.ActiveCfg = Debug|x64
		{BCD8171F-82E5-4D7B-8D06-BA82ADCE613E}.Template|x64.Build.0 = Debug|x64
		{BCD8171F-82E5-4D7B-8D06-BA82ADCE613E}.Template|x86.ActiveCfg = Debug|x64
		{BCD8171F-82E5-4D7B-8D06-BA82ADCE613E}.Template|x86.Build.0 = Debug|x64
		{18DCD1FB-8EAA-4A82-9A2F-91E863843E30}.Debug|x64.ActiveCfg = Debug|x64
		{18DCD1FB-8EAA-4A82-9A2F-91E863843E30}.Debug|x64.Build.0 = Debug|x64
		{18DCD1FB-8EAA-4A82-9A2F-91E863843E30}.Debug|x86.ActiveCfg = Debug|x64
		{18DCD1FB-8EAA-4A82-9A2F-91E863843E30}.Debug|x86.Build.0 = Debug|x64
		{18DCD1FB-8EAA-4A82-9A2F-91E863843E30}.MinSizeRel|x64.ActiveCfg = Debug|x64
		{18DCD1FB-8EAA-4A82-9A2F-91E863843E30}.MinSizeRel|x64.Build.0 = Debug|x64
		{18DCD1FB-8EAA-4A82-9A2F-91E863843E30}.MinSizeRel|x86.ActiveCfg = Debug|x64
		{18DCD1FB-8EAA-4A82-9A2F-91E863843E30}.MinSizeRel|x86.Build.0 = Debug|x64
		{18DCD1FB-8EAA-4A82-9A2F-91E863843E30}.Release|x64.ActiveCfg = Release|x64
		{18DCD1FB-8EAA-4A82-9A2F-91E863843E30}.Release|x64.Build.0 = Release|x64
		{18DCD1FB-8EAA-4A82-9A2F-91E863843E30}.Release|x86.ActiveCfg = Release|x64
		{18DCD1FB-8EAA-4A82-9A2F-91E863843E30}.Release|x86.Build.0 = Release|x64
		{18DCD1FB-8EAA-4A82-9A2F-91E863843E30}.RelWithDebInfo|x64.ActiveCfg = Release|x64
		{18DCD1FB-8EAA-4A82-9A2F-91E863843E30}.RelWithDebInfo|x64.Build.0 = Release|x64
		{18DCD1FB-8EAA-4A82-9A2F-91E863843E30}.RelWithDebInfo|x86.ActiveCfg = Debug|x64
		{18DCD1FB-8EAA-4A82-9A2F-91E863843E30}.RelWithDebInfo|x86.Build.0 = Debug|x64
		{18DCD1FB-8EAA-4A82-9A2F-91E863843E30}.Template|x64.ActiveCfg = Debug|x64
		{18DCD1FB-8EAA-4A82-9A2F-91E863843E30}.Template|x64.Build.0 = Debug|x64
		{18DCD1FB-8EAA-4A82-9A2F-91E863843E30}.Template|x86.ActiveCfg = Debug|x64
		{18DCD1FB-8EAA-4A82-9A2F-91E863843E30}.Template|x86.Build.0 = Debug|x64
		{A83A580C-DCC3-44D9-82AD-A675C25FCCFB}.Debug|x64.ActiveCfg = Debug|x64
		{A83A580C-DCC3-44D9-82AD-A675C25FCCFB}.Debug|x64.Build.0 = Debug|x64
		{A83A580C-DCC3-44D9-82AD-A675C25FCCFB}.Debug|x86.ActiveCfg = Release|Win32
		{A83A580C-DCC3-44D9-82AD-A675C25FCCFB}.Debug|x86.Build.0 = Release|Win32
		{A83A580C-DCC3-44D9-82AD-A675C25FCCFB}.MinSizeRel|x64.ActiveCfg = Release|x64
		{A83A580C-DCC3-44D9-82AD-A675C25FCCFB}.MinSizeRel|x64.Build.0 = Release|x64
		{A83A580C-DCC3-44D9-82AD-A675C25FCCFB}.MinSizeRel|x86.ActiveCfg = Release|Win32
		{A83A580C-DCC3-44D9-82AD-A675C25FCCFB}.MinSizeRel|x86.Build.0 = Release|Win32
		{A83A580C-DCC3-44D9-82AD-A675C25FCCFB}.Release|x64.ActiveCfg = Release|x64
		{A83A580C-DCC3-44D9-82AD-A675C25FCCFB}.Release|x64.Build.0 = Release|x64
		{A83A580C-DCC3-44D9-82AD-A675C25FCCFB}.Release|x86.ActiveCfg = Release|Win32
		{A83A580C-DCC3-44D9-82AD-A675C25FCCFB}.Release|x86.Build.0 = Release|Win32
		{A83A580C-DCC3-44D9-82AD-A675C25FCCFB}.RelWithDebInfo|x64.ActiveCfg = Release|x64
		{A83A580C-DCC3-44D9-82AD-A675C25FCCFB}.RelWithDebInfo|x64.Build.0 = Release|x64
		{A83A580C-DCC3-44D9-82AD-A675C25FCCFB}.RelWithDebInfo|x86.ActiveCfg = Release|Win32
		{A83A580C-DCC3-44D9-82AD-A675C25FCCFB}.RelWithDebInfo|x86.Build.0 = Release|Win32
		{A83A580C-DCC3-44D9-82AD-A675C25FCCFB}.Template|x64.ActiveCfg = Release|x64
		{A83A580C-DCC3-44D9-82AD-A675C25FCCFB}.Template|x64.Build.0 = Release|x64
		{A83A580C-DCC3-44D9-82AD-A675C25FCCFB}.Template|x86.ActiveCfg = Release|Win32
		{A83A580C-DCC3-44D9-82AD-A675C25FCCFB}.Template|x86.Build.0 = Release|Win32
	EndGlobalSection
	GlobalSection(SolutionProperties) = preSolution
		HideSolutionNode = FALSE
	EndGlobalSection
	GlobalSection(NestedProjects) = preSolution
		{18DCC1FB-8EAA-4082-9A2F-91E863743E30} = {E97765A7-4C87-43CB-99A1-2B6752E3BB81}
		{5594E9B7-DC35-4886-A550-C658551E12DF} = {E97765A7-4C87-43CB-99A1-2B6752E3BB81}
		{AA3DDBA9-C668-48A4-9063-6F9DF233F0B1} = {E97765A7-4C87-43CB-99A1-2B6752E3BB81}
		{8ED9E22E-DAC6-49BA-B7D1-9B858F69F5B6} = {E97765A7-4C87-43CB-99A1-2B6752E3BB81}
		{0EE20CD4-D3FE-4927-8A4D-B5F8FC2A95BD} = {E97765A7-4C87-43CB-99A1-2B6752E3BB81}
		{235326F4-6FFB-4BB6-B81C-305E67B40FE0} = {E97765A7-4C87-43CB-99A1-2B6752E3BB81}
		{03C1C985-CE5A-4BD6-8DBC-7C62465B87BF} = {E97765A7-4C87-43CB-99A1-2B6752E3BB81}
		{F7536A95-C981-4DB3-AFFE-800D41B06D9B} = {E97765A7-4C87-43CB-99A1-2B6752E3BB81}
		{5FE5CF98-BB42-42AB-B0E8-C55DBE08669F} = {E97765A7-4C87-43CB-99A1-2B6752E3BB81}
		{96CE869C-7B4A-4093-AA55-6ED075943623} = {E97765A7-4C87-43CB-99A1-2B6752E3BB81}
		{6134E72E-71D6-4576-989D-B46E548A0E24} = {E97765A7-4C87-43CB-99A1-2B6752E3BB81}
		{6134E72E-71D6-4576-989D-B46E548A0A24} = {E97765A7-4C87-43CB-99A1-2B6752E3BB81}
		{6134E72E-71D6-4576-969D-B46E548A0A24} = {E97765A7-4C87-43CB-99A1-2B6752E3BB81}
		{6134E72E-71A6-4576-969D-B46E548A0A24} = {E97765A7-4C87-43CB-99A1-2B6752E3BB81}
		{105C441D-43A8-43C6-AC02-4BD361A5092A} = {E97765A7-4C87-43CB-99A1-2B6752E3BB81}
		{EFBA571E-92BC-4BB8-8E71-84B6969BD7BE} = {E97765A7-4C87-43CB-99A1-2B6752E3BB81}
		{2301BFFE-2740-4C90-B88E-B475329FE6B2} = {E97765A7-4C87-43CB-99A1-2B6752E3BB81}
		{105C441D-43A8-43C6-AC12-4BD361A5092A} = {E97765A7-4C87-43CB-99A1-2B6752E3BB81}
		{29EAFF6A-37C0-4A2B-88BF-F177F9D294C2} = {E97765A7-4C87-43CB-99A1-2B6752E3BB81}
		{DB45CD2E-7601-4985-A1BA-4347D85EFC8B} = {E97765A7-4C87-43CB-99A1-2B6752E3BB81}
		{CE3DDAA2-68DD-477A-B48A-7967C5143DC9} = {E97765A7-4C87-43CB-99A1-2B6752E3BB81}
		{053C3EC9-5C21-4A2A-81FA-35599F67B0AF} = {E97765A7-4C87-43CB-99A1-2B6752E3BB81}
		{2ED973F4-B280-4308-8A42-F80716DBD2FA} = {E97765A7-4C87-43CB-99A1-2B6752E3BB81}
		{23749113-DBFB-41C5-A13D-93B08449C958} = {E97765A7-4C87-43CB-99A1-2B6752E3BB81}
		{C00C9974-3062-4DD5-B7FF-54251AAE8F38} = {E97765A7-4C87-43CB-99A1-2B6752E3BB81}
		{01994FF0-05C3-4746-AF08-64CB228867B9} = {E97765A7-4C87-43CB-99A1-2B6752E3BB81}
		{18DCC1FB-8EAA-4182-9A2F-81E863743E30} = {E97765A7-4C87-43CB-99A1-2B6752E3BB81}
		{A83A489C-DCC3-44D9-82AD-A675C25FCCFB} = {E97765A7-4C87-43CB-99A1-2B6752E3BB81}
		{03C1D985-CE5A-4B16-8DBC-7C62465B87BF} = {E97765A7-4C87-43CB-99A1-2B6752E3BB81}
		{13DCC1FB-8E8A-4082-9A2F-91E862743E30} = {E97765A7-4C87-43CB-99A1-2B6752E3BB81}
		{A83A489C-DCC3-44D9-82AD-A67512000000} = {E97765A7-4C87-43CB-99A1-2B6752E3BB81}
		{BCD8171F-82E5-4D7B-8D06-BA82ADCE613E} = {E97765A7-4C87-43CB-99A1-2B6752E3BB81}
		{18DCD1FB-8EAA-4A82-9A2F-91E863843E30} = {E97765A7-4C87-43CB-99A1-2B6752E3BB81}
		{A83A580C-DCC3-44D9-82AD-A675C25FCCFB} = {E97765A7-4C87-43CB-99A1-2B6752E3BB81}
	EndGlobalSection
	GlobalSection(ExtensibilityGlobals) = postSolution
		SolutionGuid = {C9AEC6B4-19EB-4CA2-87A9-144868D9DD13}
	EndGlobalSection
EndGlobal
