
Microsoft Visual Studio Solution File, Format Version 12.00
# Visual Studio Version 16
VisualStudioVersion = 16.0.29806.167
MinimumVisualStudioVersion = 10.0.40219.1
Project("{8BC9CEB8-8B4A-11D0-8D11-00A0C91BC942}") = "EnvLibs", "EnvLibs\EnvLibs.vcxproj", "{E3502523-3A54-4A72-AC75-A59C944AD9C1}"
EndProject
Project("{8BC9CEB8-8B4A-11D0-8D11-00A0C91BC942}") = "EnvEngine", "EnvEngine\EnvEngine.vcxproj", "{7E2932D5-10E4-4BAC-A07F-2E512402B88C}"
	ProjectSection(ProjectDependencies) = postProject
		{E3502523-3A54-4A72-AC75-A59C944AD9C1} = {E3502523-3A54-4A72-AC75-A59C944AD9C1}
	EndProjectSection
EndProject
Project("{8BC9CEB8-8B4A-11D0-8D11-00A0C91BC942}") = "Envision", "Envision\Envision.vcxproj", "{2A08AFB9-CB91-4FAE-B06C-573238E74E8D}"
	ProjectSection(ProjectDependencies) = postProject
		{E3502523-3A54-4A72-AC75-A59C944AD9C1} = {E3502523-3A54-4A72-AC75-A59C944AD9C1}
		{48AD5D58-DA1C-4555-9958-C29C4925F8FB} = {48AD5D58-DA1C-4555-9958-C29C4925F8FB}
		{9C79B078-36CA-402F-A47A-D87B5F23FA90} = {9C79B078-36CA-402F-A47A-D87B5F23FA90}
		{7E2932D5-10E4-4BAC-A07F-2E512402B88C} = {7E2932D5-10E4-4BAC-A07F-2E512402B88C}
	EndProjectSection
EndProject
Project("{8BC9CEB8-8B4A-11D0-8D11-00A0C91BC942}") = "EnvWinLibs", "EnvWinLibs\EnvWinLibs.vcxproj", "{48AD5D58-DA1C-4555-9958-C29C4925F8FB}"
	ProjectSection(ProjectDependencies) = postProject
		{E3502523-3A54-4A72-AC75-A59C944AD9C1} = {E3502523-3A54-4A72-AC75-A59C944AD9C1}
	EndProjectSection
EndProject
Project("{8BC9CEB8-8B4A-11D0-8D11-00A0C91BC942}") = "UltimateGrid", "Envision\UltimateGrid\UltimateGrid.vcxproj", "{9C79B078-36CA-402F-A47A-D87B5F23FA90}"
EndProject
Project("{8BC9CEB8-8B4A-11D0-8D11-00A0C91BC942}") = "ExamplePlugin", "Plugins\ExamplePlugin\ExamplePlugin.vcxproj", "{18DCC1FB-8EAA-4082-9A2F-91E863743E30}"
	ProjectSection(ProjectDependencies) = postProject
		{E3502523-3A54-4A72-AC75-A59C944AD9C1} = {E3502523-3A54-4A72-AC75-A59C944AD9C1}
		{7E2932D5-10E4-4BAC-A07F-2E512402B88C} = {7E2932D5-10E4-4BAC-A07F-2E512402B88C}
	EndProjectSection
EndProject
Project("{8BC9CEB8-8B4A-11D0-8D11-00A0C91BC942}") = "Flow", "Plugins\Flow\Flow.vcxproj", "{5594E9B7-DC35-4886-A550-C658551E12DF}"
	ProjectSection(ProjectDependencies) = postProject
		{E3502523-3A54-4A72-AC75-A59C944AD9C1} = {E3502523-3A54-4A72-AC75-A59C944AD9C1}
		{48AD5D58-DA1C-4555-9958-C29C4925F8FB} = {48AD5D58-DA1C-4555-9958-C29C4925F8FB}
		{2A08AFB9-CB91-4FAE-B06C-573238E74E8D} = {2A08AFB9-CB91-4FAE-B06C-573238E74E8D}
		{7E2932D5-10E4-4BAC-A07F-2E512402B88C} = {7E2932D5-10E4-4BAC-A07F-2E512402B88C}
	EndProjectSection
EndProject
Project("{8BC9CEB8-8B4A-11D0-8D11-00A0C91BC942}") = "Reporter", "Plugins\Reporter\Reporter.vcxproj", "{AA3DDBA9-C668-48A4-9063-6F9DF233F0B1}"
	ProjectSection(ProjectDependencies) = postProject
		{E3502523-3A54-4A72-AC75-A59C944AD9C1} = {E3502523-3A54-4A72-AC75-A59C944AD9C1}
		{7E2932D5-10E4-4BAC-A07F-2E512402B88C} = {7E2932D5-10E4-4BAC-A07F-2E512402B88C}
	EndProjectSection
EndProject
Project("{8BC9CEB8-8B4A-11D0-8D11-00A0C91BC942}") = "AcuteHazards", "Plugins\AcuteHazards\AcuteHazards.vcxproj", "{8ED9E22E-DAC6-49BA-B7D1-9B858F69F5B6}"
	ProjectSection(ProjectDependencies) = postProject
		{E3502523-3A54-4A72-AC75-A59C944AD9C1} = {E3502523-3A54-4A72-AC75-A59C944AD9C1}
		{7E2932D5-10E4-4BAC-A07F-2E512402B88C} = {7E2932D5-10E4-4BAC-A07F-2E512402B88C}
	EndProjectSection
EndProject
Project("{8BC9CEB8-8B4A-11D0-8D11-00A0C91BC942}") = "Target", "Plugins\Target\Target.vcxproj", "{0EE20CD4-D3FE-4927-8A4D-B5F8FC2A95BD}"
	ProjectSection(ProjectDependencies) = postProject
		{E3502523-3A54-4A72-AC75-A59C944AD9C1} = {E3502523-3A54-4A72-AC75-A59C944AD9C1}
		{7E2932D5-10E4-4BAC-A07F-2E512402B88C} = {7E2932D5-10E4-4BAC-A07F-2E512402B88C}
	EndProjectSection
EndProject
Project("{8BC9CEB8-8B4A-11D0-8D11-00A0C91BC942}") = "SpatialAllocator", "Plugins\SpatialAllocator\SpatialAllocator.vcxproj", "{235326F4-6FFB-4BB6-B81C-305E67B40FE0}"
	ProjectSection(ProjectDependencies) = postProject
		{E3502523-3A54-4A72-AC75-A59C944AD9C1} = {E3502523-3A54-4A72-AC75-A59C944AD9C1}
		{7E2932D5-10E4-4BAC-A07F-2E512402B88C} = {7E2932D5-10E4-4BAC-A07F-2E512402B88C}
	EndProjectSection
EndProject
Project("{8BC9CEB8-8B4A-11D0-8D11-00A0C91BC942}") = "Developer", "Plugins\Developer\Developer.vcxproj", "{03C1C985-CE5A-4BD6-8DBC-7C62465B87BF}"
	ProjectSection(ProjectDependencies) = postProject
		{E3502523-3A54-4A72-AC75-A59C944AD9C1} = {E3502523-3A54-4A72-AC75-A59C944AD9C1}
		{7E2932D5-10E4-4BAC-A07F-2E512402B88C} = {7E2932D5-10E4-4BAC-A07F-2E512402B88C}
	EndProjectSection
EndProject
Project("{8BC9CEB8-8B4A-11D0-8D11-00A0C91BC942}") = "EnvServer", "EnvServer\EnvServer.vcxproj", "{46D2D77A-F999-404D-A0BF-F919DC40F85A}"
EndProject
Project("{8BC9CEB8-8B4A-11D0-8D11-00A0C91BC942}") = "Restbed", "EnvServer\Restbed\Restbed.vcxproj", "{3C75BE17-8D8F-4F55-BD8E-594BAEE3BFD4}"
EndProject
Project("{8BC9CEB8-8B4A-11D0-8D11-00A0C91BC942}") = "SSTM", "Plugins\SSTM\SSTM.vcxproj", "{F7536A95-C981-4DB3-AFFE-800D41B06D9B}"
EndProject
Project("{8BC9CEB8-8B4A-11D0-8D11-00A0C91BC942}") = "Sync", "Plugins\Sync\Sync.vcxproj", "{5FE5CF98-BB42-42AB-B0E8-C55DBE08669F}"
EndProject
Project("{2150E333-8FDC-42A3-9474-1A3956D46DE8}") = "Plugins", "Plugins", "{E97765A7-4C87-43CB-99A1-2B6752E3BB81}"
EndProject
Project("{8BC9CEB8-8B4A-11D0-8D11-00A0C91BC942}") = "HBV", "Plugins\Flow\HBV\HBV.vcxproj", "{96CE869C-7B4A-4093-AA55-6ED075943623}"
EndProject
Project("{8BC9CEB8-8B4A-11D0-8D11-00A0C91BC942}") = "CoastalHazards", "Plugins\CoastalHazards\CoastalHazards.vcxproj", "{BCD8071F-82E5-4D7B-8D06-BA82ACCE613E}"
EndProject
Project("{8BC9CEB8-8B4A-11D0-8D11-00A0C91BC942}") = "Flood", "Plugins\Flood\Flood.vcxproj", "{6134E72E-71D6-4576-989D-B46E548A0E24}"
EndProject
Project("{8BC9CEB8-8B4A-11D0-8D11-00A0C91BC942}") = "envcmd", "envcmd\envcmd.vcxproj", "{A1771F25-1DCB-4556-BBAA-2B1321DD23C2}"
EndProject
Project("{8BC9CEB8-8B4A-11D0-8D11-00A0C91BC942}") = "LPJGuess", "Plugins\LPJGuess\LPJGuess.vcxproj", "{6134E72E-71D6-4576-989D-B46E548A0A24}"
EndProject
Project("{8BC9CEB8-8B4A-11D0-8D11-00A0C91BC942}") = "COCNH", "Plugins\COCNH\COCNH.vcxproj", "{6134E72E-71D6-4576-969D-B46E548A0A24}"
EndProject
Project("{8BC9CEB8-8B4A-11D0-8D11-00A0C91BC942}") = "DynamicVeg", "Plugins\DynamicVeg\DynamicVeg.vcxproj", "{6134E72E-71A6-4576-969D-B46E548A0A24}"
EndProject
Project("{8BC9CEB8-8B4A-11D0-8D11-00A0C91BC942}") = "Economy", "Plugins\Economy\Economy.vcxproj", "{105C441D-43A8-43C6-AC02-4BD361A5092A}"
EndProject
Project("{8BC9CEB8-8B4A-11D0-8D11-00A0C91BC942}") = "FlameLenDisturbHandler", "Plugins\FlameLenDisturbHandler\FlameLenDisturbHandler.vcxproj", "{EFBA571E-92BC-4BB8-8E71-84B6969BD7BE}"
EndProject
Project("{8BC9CEB8-8B4A-11D0-8D11-00A0C91BC942}") = "FlammapAP", "Plugins\Flammap\FlammapAP.vcxproj", "{2301BFFE-2740-4C90-B88E-B475329FE6B2}"
EndProject
Project("{8BC9CEB8-8B4A-11D0-8D11-00A0C91BC942}") = "TerrBiodiv", "Plugins\TerrBiodiv\TerrBiodiv.vcxproj", "{105C441D-43A8-43C6-AC12-4BD361A5092A}"
EndProject
Project("{8BC9CEB8-8B4A-11D0-8D11-00A0C91BC942}") = "F2R", "Plugins\F2R\F2R.vcxproj", "{29EAFF6A-37C0-4A2B-88BF-F177F9D294C2}"
EndProject
Project("{8BC9CEB8-8B4A-11D0-8D11-00A0C91BC942}") = "Trigger", "Plugins\Trigger\Trigger.vcxproj", "{DB45CD2E-7601-4985-A1BA-4347D85EFC8B}"
EndProject
Project("{8BC9CEB8-8B4A-11D0-8D11-00A0C91BC942}") = "VersionUpdater", "VersionUpdater\VersionUpdater.vcxproj", "{661D361B-DCF4-455C-BE6C-A2EAA9E27D5B}"
EndProject
Project("{8BC9CEB8-8B4A-11D0-8D11-00A0C91BC942}") = "Calvin", "Plugins\Calvin\Calvin.vcxproj", "{CE3DDAA2-68DD-477A-B48A-7967C5143DC9}"
EndProject
Project("{2150E333-8FDC-42A3-9474-1A3956D46DE8}") = "SWAT", "SWAT", "{402BFE1A-DD86-443F-96A7-5080D69EA972}"
	ProjectSection(SolutionItems) = preProject
		Plugins\SWAT\Fortran\addh.f = Plugins\SWAT\Fortran\addh.f
		Plugins\SWAT\Fortran\albedo.f = Plugins\SWAT\Fortran\albedo.f
		Plugins\SWAT\Fortran\allocate_parms.f = Plugins\SWAT\Fortran\allocate_parms.f
		Plugins\SWAT\Fortran\alph.f = Plugins\SWAT\Fortran\alph.f
		Plugins\SWAT\Fortran\anfert.f = Plugins\SWAT\Fortran\anfert.f
		Plugins\SWAT\Fortran\apex_day.f = Plugins\SWAT\Fortran\apex_day.f
		Plugins\SWAT\Fortran\apply.f = Plugins\SWAT\Fortran\apply.f
		Plugins\SWAT\Fortran\ascrv.f = Plugins\SWAT\Fortran\ascrv.f
		Plugins\SWAT\Fortran\atri.f = Plugins\SWAT\Fortran\atri.f
		Plugins\SWAT\Fortran\aunif.f = Plugins\SWAT\Fortran\aunif.f
		Plugins\SWAT\Fortran\autoirr.f = Plugins\SWAT\Fortran\autoirr.f
		Plugins\SWAT\Fortran\aveval.f = Plugins\SWAT\Fortran\aveval.f
		Plugins\SWAT\Fortran\bacteria.f = Plugins\SWAT\Fortran\bacteria.f
		Plugins\SWAT\Fortran\biofilm.f = Plugins\SWAT\Fortran\biofilm.f
		Plugins\SWAT\Fortran\biozone.f = Plugins\SWAT\Fortran\biozone.f
		Plugins\SWAT\Fortran\bmp_det_pond.f = Plugins\SWAT\Fortran\bmp_det_pond.f
		Plugins\SWAT\Fortran\bmp_ri_pond.f = Plugins\SWAT\Fortran\bmp_ri_pond.f
		Plugins\SWAT\Fortran\bmp_sand_filter.f = Plugins\SWAT\Fortran\bmp_sand_filter.f
		Plugins\SWAT\Fortran\bmp_sed_pond.f = Plugins\SWAT\Fortran\bmp_sed_pond.f
		Plugins\SWAT\Fortran\bmp_wet_pond.f = Plugins\SWAT\Fortran\bmp_wet_pond.f
		Plugins\SWAT\Fortran\bmpfixed.f = Plugins\SWAT\Fortran\bmpfixed.f
		Plugins\SWAT\Fortran\bmpinit.f = Plugins\SWAT\Fortran\bmpinit.f
		Plugins\SWAT\Fortran\buffer.f = Plugins\SWAT\Fortran\buffer.f
		Plugins\SWAT\Fortran\burnop.f = Plugins\SWAT\Fortran\burnop.f
		Plugins\SWAT\Fortran\canopyint.f = Plugins\SWAT\Fortran\canopyint.f
		Plugins\SWAT\Fortran\caps.f = Plugins\SWAT\Fortran\caps.f
		Plugins\SWAT\Fortran\carbon_new.f = Plugins\SWAT\Fortran\carbon_new.f
		Plugins\SWAT\Fortran\carbon_zhang2.f90 = Plugins\SWAT\Fortran\carbon_zhang2.f90
		Plugins\SWAT\Fortran\cfactor.f = Plugins\SWAT\Fortran\cfactor.f
		Plugins\SWAT\Fortran\chkcst.f = Plugins\SWAT\Fortran\chkcst.f
		Plugins\SWAT\Fortran\clgen.f = Plugins\SWAT\Fortran\clgen.f
		Plugins\SWAT\Fortran\clicon.f = Plugins\SWAT\Fortran\clicon.f
		Plugins\SWAT\Fortran\command.f = Plugins\SWAT\Fortran\command.f
		Plugins\SWAT\Fortran\conapply.f = Plugins\SWAT\Fortran\conapply.f
		Plugins\SWAT\Fortran\confert.f = Plugins\SWAT\Fortran\confert.f
		Plugins\SWAT\Fortran\crackflow.f = Plugins\SWAT\Fortran\crackflow.f
		Plugins\SWAT\Fortran\crackvol.f = Plugins\SWAT\Fortran\crackvol.f
		Plugins\SWAT\Fortran\curno.f = Plugins\SWAT\Fortran\curno.f
		Plugins\SWAT\Fortran\dailycn.f = Plugins\SWAT\Fortran\dailycn.f
		Plugins\SWAT\Fortran\decay.f = Plugins\SWAT\Fortran\decay.f
		Plugins\SWAT\Fortran\depstor.f = Plugins\SWAT\Fortran\depstor.f
		Plugins\SWAT\Fortran\distrib_bmps.f = Plugins\SWAT\Fortran\distrib_bmps.f
		Plugins\SWAT\Fortran\dormant.f = Plugins\SWAT\Fortran\dormant.f
		Plugins\SWAT\Fortran\drains.f = Plugins\SWAT\Fortran\drains.f
		Plugins\SWAT\Fortran\dstn1.f = Plugins\SWAT\Fortran\dstn1.f
		Plugins\SWAT\Fortran\ee.f = Plugins\SWAT\Fortran\ee.f
		Plugins\SWAT\Fortran\eiusle.f = Plugins\SWAT\Fortran\eiusle.f
		Plugins\SWAT\Fortran\enrsb.f = Plugins\SWAT\Fortran\enrsb.f
		Plugins\SWAT\Fortran\erfc.f = Plugins\SWAT\Fortran\erfc.f
		Plugins\SWAT\Fortran\estimate_ksat.f = Plugins\SWAT\Fortran\estimate_ksat.f
		Plugins\SWAT\Fortran\etact.f = Plugins\SWAT\Fortran\etact.f
		Plugins\SWAT\Fortran\etpot.f = Plugins\SWAT\Fortran\etpot.f
		Plugins\SWAT\Fortran\expo.f = Plugins\SWAT\Fortran\expo.f
		Plugins\SWAT\Fortran\fert.f = Plugins\SWAT\Fortran\fert.f
		Plugins\SWAT\Fortran\filter.f = Plugins\SWAT\Fortran\filter.f
		Plugins\SWAT\Fortran\filtw.f = Plugins\SWAT\Fortran\filtw.f
		Plugins\SWAT\Fortran\finalbal.f = Plugins\SWAT\Fortran\finalbal.f
		Plugins\SWAT\Fortran\gcycl.f = Plugins\SWAT\Fortran\gcycl.f
		Plugins\SWAT\Fortran\getallo.f = Plugins\SWAT\Fortran\getallo.f
		Plugins\SWAT\Fortran\grass_wway.f = Plugins\SWAT\Fortran\grass_wway.f
		Plugins\SWAT\Fortran\graze.f = Plugins\SWAT\Fortran\graze.f
		Plugins\SWAT\Fortran\grow.f = Plugins\SWAT\Fortran\grow.f
		Plugins\SWAT\Fortran\gw_no3.f = Plugins\SWAT\Fortran\gw_no3.f
		Plugins\SWAT\Fortran\gwmod.f = Plugins\SWAT\Fortran\gwmod.f
		Plugins\SWAT\Fortran\gwmod_deep.f = Plugins\SWAT\Fortran\gwmod_deep.f
		Plugins\SWAT\Fortran\gwnutr.f = Plugins\SWAT\Fortran\gwnutr.f
		Plugins\SWAT\Fortran\h2omgt_init.f = Plugins\SWAT\Fortran\h2omgt_init.f
		Plugins\SWAT\Fortran\harvestop.f = Plugins\SWAT\Fortran\harvestop.f
		Plugins\SWAT\Fortran\harvgrainop.f = Plugins\SWAT\Fortran\harvgrainop.f
		Plugins\SWAT\Fortran\harvkillop.f = Plugins\SWAT\Fortran\harvkillop.f
		Plugins\SWAT\Fortran\header.f = Plugins\SWAT\Fortran\header.f
		Plugins\SWAT\Fortran\headout.f = Plugins\SWAT\Fortran\headout.f
		Plugins\SWAT\Fortran\hhnoqual.f = Plugins\SWAT\Fortran\hhnoqual.f
		Plugins\SWAT\Fortran\hhwatqual.f = Plugins\SWAT\Fortran\hhwatqual.f
		Plugins\SWAT\Fortran\hmeas.f = Plugins\SWAT\Fortran\hmeas.f
		Plugins\SWAT\Fortran\HQDAV.f90 = Plugins\SWAT\Fortran\HQDAV.f90
		Plugins\SWAT\Fortran\hruaa.f = Plugins\SWAT\Fortran\hruaa.f
		Plugins\SWAT\Fortran\hruallo.f = Plugins\SWAT\Fortran\hruallo.f
		Plugins\SWAT\Fortran\hruday.f90 = Plugins\SWAT\Fortran\hruday.f90
		Plugins\SWAT\Fortran\hrumon.f = Plugins\SWAT\Fortran\hrumon.f
		Plugins\SWAT\Fortran\hrupond.f = Plugins\SWAT\Fortran\hrupond.f
		Plugins\SWAT\Fortran\hrupondhr.f = Plugins\SWAT\Fortran\hrupondhr.f
		Plugins\SWAT\Fortran\hruyr.f = Plugins\SWAT\Fortran\hruyr.f
		Plugins\SWAT\Fortran\hydroinit.f = Plugins\SWAT\Fortran\hydroinit.f
		Plugins\SWAT\Fortran\icl.f = Plugins\SWAT\Fortran\icl.f
		Plugins\SWAT\Fortran\impnd_init.f = Plugins\SWAT\Fortran\impnd_init.f
		Plugins\SWAT\Fortran\impndaa.f = Plugins\SWAT\Fortran\impndaa.f
		Plugins\SWAT\Fortran\impndday.f = Plugins\SWAT\Fortran\impndday.f
		Plugins\SWAT\Fortran\impndmon.f = Plugins\SWAT\Fortran\impndmon.f
		Plugins\SWAT\Fortran\impndyr.f = Plugins\SWAT\Fortran\impndyr.f
		Plugins\SWAT\Fortran\irr_rch.f = Plugins\SWAT\Fortran\irr_rch.f
		Plugins\SWAT\Fortran\irr_res.f = Plugins\SWAT\Fortran\irr_res.f
		Plugins\SWAT\Fortran\irrigate.f = Plugins\SWAT\Fortran\irrigate.f
		Plugins\SWAT\Fortran\irrsub.f = Plugins\SWAT\Fortran\irrsub.f
		Plugins\SWAT\Fortran\jdt.f = Plugins\SWAT\Fortran\jdt.f
		Plugins\SWAT\Fortran\killop.f = Plugins\SWAT\Fortran\killop.f
		Plugins\SWAT\Fortran\lakeq.f = Plugins\SWAT\Fortran\lakeq.f
		Plugins\SWAT\Fortran\latsed.f = Plugins\SWAT\Fortran\latsed.f
		Plugins\SWAT\Fortran\layersplit.f = Plugins\SWAT\Fortran\layersplit.f
		Plugins\SWAT\Fortran\lid_cistern.f = Plugins\SWAT\Fortran\lid_cistern.f
		Plugins\SWAT\Fortran\lid_greenroof.f = Plugins\SWAT\Fortran\lid_greenroof.f
		Plugins\SWAT\Fortran\lid_porpavement.f = Plugins\SWAT\Fortran\lid_porpavement.f
		Plugins\SWAT\Fortran\lid_raingarden.f = Plugins\SWAT\Fortran\lid_raingarden.f
		Plugins\SWAT\Fortran\lidinit.f = Plugins\SWAT\Fortran\lidinit.f
		Plugins\SWAT\Fortran\lids.f = Plugins\SWAT\Fortran\lids.f
		Plugins\SWAT\Fortran\log_normal.f = Plugins\SWAT\Fortran\log_normal.f
		Plugins\SWAT\Fortran\lwqdef.f = Plugins\SWAT\Fortran\lwqdef.f
		Plugins\SWAT\Fortran\main.f = Plugins\SWAT\Fortran\main.f
		Plugins\SWAT\Fortran\modparm.f = Plugins\SWAT\Fortran\modparm.f
		Plugins\SWAT\Fortran\NCsed_leach.f90 = Plugins\SWAT\Fortran\NCsed_leach.f90
		Plugins\SWAT\Fortran\ndenit.f = Plugins\SWAT\Fortran\ndenit.f
		Plugins\SWAT\Fortran\newtillmix.f = Plugins\SWAT\Fortran\newtillmix.f
		Plugins\SWAT\Fortran\nfix.f = Plugins\SWAT\Fortran\nfix.f
		Plugins\SWAT\Fortran\nitvol.f = Plugins\SWAT\Fortran\nitvol.f
		Plugins\SWAT\Fortran\nlch.f = Plugins\SWAT\Fortran\nlch.f
		Plugins\SWAT\Fortran\nminrl.f = Plugins\SWAT\Fortran\nminrl.f
		Plugins\SWAT\Fortran\noqual.f = Plugins\SWAT\Fortran\noqual.f
		Plugins\SWAT\Fortran\npup.f = Plugins\SWAT\Fortran\npup.f
		Plugins\SWAT\Fortran\nrain.f = Plugins\SWAT\Fortran\nrain.f
		Plugins\SWAT\Fortran\nup.f = Plugins\SWAT\Fortran\nup.f
		Plugins\SWAT\Fortran\nuts.f = Plugins\SWAT\Fortran\nuts.f
		Plugins\SWAT\Fortran\openwth.f = Plugins\SWAT\Fortran\openwth.f
		Plugins\SWAT\Fortran\operatn.f = Plugins\SWAT\Fortran\operatn.f
		Plugins\SWAT\Fortran\orgn.f = Plugins\SWAT\Fortran\orgn.f
		Plugins\SWAT\Fortran\orgncswat.f = Plugins\SWAT\Fortran\orgncswat.f
		Plugins\SWAT\Fortran\origtile.f = Plugins\SWAT\Fortran\origtile.f
		Plugins\SWAT\Fortran\ovr_sed.f = Plugins\SWAT\Fortran\ovr_sed.f
		Plugins\SWAT\Fortran\percmacro.f = Plugins\SWAT\Fortran\percmacro.f
		Plugins\SWAT\Fortran\percmain.f = Plugins\SWAT\Fortran\percmain.f
		Plugins\SWAT\Fortran\percmicro.f = Plugins\SWAT\Fortran\percmicro.f
		Plugins\SWAT\Fortran\pestlch.f = Plugins\SWAT\Fortran\pestlch.f
		Plugins\SWAT\Fortran\pestw.f = Plugins\SWAT\Fortran\pestw.f
		Plugins\SWAT\Fortran\pesty.f = Plugins\SWAT\Fortran\pesty.f
		Plugins\SWAT\Fortran\pgen.f = Plugins\SWAT\Fortran\pgen.f
		Plugins\SWAT\Fortran\pgenhr.f = Plugins\SWAT\Fortran\pgenhr.f
		Plugins\SWAT\Fortran\pkq.f = Plugins\SWAT\Fortran\pkq.f
		Plugins\SWAT\Fortran\plantmod.f = Plugins\SWAT\Fortran\plantmod.f
		Plugins\SWAT\Fortran\plantop.f = Plugins\SWAT\Fortran\plantop.f
		Plugins\SWAT\Fortran\pmeas.f = Plugins\SWAT\Fortran\pmeas.f
		Plugins\SWAT\Fortran\pminrl.f = Plugins\SWAT\Fortran\pminrl.f
		Plugins\SWAT\Fortran\pminrl2.f = Plugins\SWAT\Fortran\pminrl2.f
		Plugins\SWAT\Fortran\pond.f = Plugins\SWAT\Fortran\pond.f
		Plugins\SWAT\Fortran\pondhr.f = Plugins\SWAT\Fortran\pondhr.f
		Plugins\SWAT\Fortran\pothole.f = Plugins\SWAT\Fortran\pothole.f
		Plugins\SWAT\Fortran\potholehr.f = Plugins\SWAT\Fortran\potholehr.f
		Plugins\SWAT\Fortran\print_hyd.f = Plugins\SWAT\Fortran\print_hyd.f
		Plugins\SWAT\Fortran\psed.f = Plugins\SWAT\Fortran\psed.f
		Plugins\SWAT\Fortran\qman.f = Plugins\SWAT\Fortran\qman.f
		Plugins\SWAT\Fortran\ran1.f = Plugins\SWAT\Fortran\ran1.f
		Plugins\SWAT\Fortran\rchaa.f = Plugins\SWAT\Fortran\rchaa.f
		Plugins\SWAT\Fortran\rchday.f = Plugins\SWAT\Fortran\rchday.f
		Plugins\SWAT\Fortran\rchinit.f = Plugins\SWAT\Fortran\rchinit.f
		Plugins\SWAT\Fortran\rchmon.f = Plugins\SWAT\Fortran\rchmon.f
		Plugins\SWAT\Fortran\rchuse.f = Plugins\SWAT\Fortran\rchuse.f
		Plugins\SWAT\Fortran\rchyr.f = Plugins\SWAT\Fortran\rchyr.f
		Plugins\SWAT\Fortran\reachout.f = Plugins\SWAT\Fortran\reachout.f
		Plugins\SWAT\Fortran\readatmodep.f = Plugins\SWAT\Fortran\readatmodep.f
		Plugins\SWAT\Fortran\readbsn.f = Plugins\SWAT\Fortran\readbsn.f
		Plugins\SWAT\Fortran\readchm.f = Plugins\SWAT\Fortran\readchm.f
		Plugins\SWAT\Fortran\readcnst.f = Plugins\SWAT\Fortran\readcnst.f
		Plugins\SWAT\Fortran\readfcst.f = Plugins\SWAT\Fortran\readfcst.f
		Plugins\SWAT\Fortran\readfert.f = Plugins\SWAT\Fortran\readfert.f
		Plugins\SWAT\Fortran\readfig.f = Plugins\SWAT\Fortran\readfig.f
		Plugins\SWAT\Fortran\readfile.f = Plugins\SWAT\Fortran\readfile.f
		Plugins\SWAT\Fortran\readgw.f = Plugins\SWAT\Fortran\readgw.f
		Plugins\SWAT\Fortran\readhru.f = Plugins\SWAT\Fortran\readhru.f
		Plugins\SWAT\Fortran\readinpt.f = Plugins\SWAT\Fortran\readinpt.f
		Plugins\SWAT\Fortran\readlup.f = Plugins\SWAT\Fortran\readlup.f
		Plugins\SWAT\Fortran\readlwq.f = Plugins\SWAT\Fortran\readlwq.f
		Plugins\SWAT\Fortran\readmgt.f = Plugins\SWAT\Fortran\readmgt.f
		Plugins\SWAT\Fortran\readmon.f = Plugins\SWAT\Fortran\readmon.f
		Plugins\SWAT\Fortran\readops.f = Plugins\SWAT\Fortran\readops.f
		Plugins\SWAT\Fortran\readpest.f = Plugins\SWAT\Fortran\readpest.f
		Plugins\SWAT\Fortran\readplant.f = Plugins\SWAT\Fortran\readplant.f
		Plugins\SWAT\Fortran\readpnd.f = Plugins\SWAT\Fortran\readpnd.f
		Plugins\SWAT\Fortran\readres.f = Plugins\SWAT\Fortran\readres.f
		Plugins\SWAT\Fortran\readrte.f = Plugins\SWAT\Fortran\readrte.f
		Plugins\SWAT\Fortran\readru.f = Plugins\SWAT\Fortran\readru.f
		Plugins\SWAT\Fortran\readsdr.f = Plugins\SWAT\Fortran\readsdr.f
		Plugins\SWAT\Fortran\readsepticbz.f = Plugins\SWAT\Fortran\readsepticbz.f
		Plugins\SWAT\Fortran\readseptwq.f = Plugins\SWAT\Fortran\readseptwq.f
		Plugins\SWAT\Fortran\readsno.f = Plugins\SWAT\Fortran\readsno.f
		Plugins\SWAT\Fortran\readsol.f = Plugins\SWAT\Fortran\readsol.f
		Plugins\SWAT\Fortran\readsub.f = Plugins\SWAT\Fortran\readsub.f
		Plugins\SWAT\Fortran\readswq.f = Plugins\SWAT\Fortran\readswq.f
		Plugins\SWAT\Fortran\readtill.f = Plugins\SWAT\Fortran\readtill.f
		Plugins\SWAT\Fortran\readurban.f = Plugins\SWAT\Fortran\readurban.f
		Plugins\SWAT\Fortran\readwgn.f = Plugins\SWAT\Fortran\readwgn.f
		Plugins\SWAT\Fortran\readwus.f = Plugins\SWAT\Fortran\readwus.f
		Plugins\SWAT\Fortran\readwwq.f = Plugins\SWAT\Fortran\readwwq.f
		Plugins\SWAT\Fortran\readyr.f = Plugins\SWAT\Fortran\readyr.f
		Plugins\SWAT\Fortran\reccnst.f = Plugins\SWAT\Fortran\reccnst.f
		Plugins\SWAT\Fortran\recday.f = Plugins\SWAT\Fortran\recday.f
		Plugins\SWAT\Fortran\rechour.f = Plugins\SWAT\Fortran\rechour.f
		Plugins\SWAT\Fortran\recmon.f = Plugins\SWAT\Fortran\recmon.f
		Plugins\SWAT\Fortran\recyear.f = Plugins\SWAT\Fortran\recyear.f
		Plugins\SWAT\Fortran\regres.f = Plugins\SWAT\Fortran\regres.f
		Plugins\SWAT\Fortran\res.f = Plugins\SWAT\Fortran\res.f
		Plugins\SWAT\Fortran\resbact.f = Plugins\SWAT\Fortran\resbact.f
		Plugins\SWAT\Fortran\resetlu.f = Plugins\SWAT\Fortran\resetlu.f
		Plugins\SWAT\Fortran\reshr.f = Plugins\SWAT\Fortran\reshr.f
		Plugins\SWAT\Fortran\resinit.f = Plugins\SWAT\Fortran\resinit.f
		Plugins\SWAT\Fortran\resnut.f = Plugins\SWAT\Fortran\resnut.f
		Plugins\SWAT\Fortran\rewind_init.f = Plugins\SWAT\Fortran\rewind_init.f
		Plugins\SWAT\Fortran\rhgen.f = Plugins\SWAT\Fortran\rhgen.f
		Plugins\SWAT\Fortran\rootfr.f = Plugins\SWAT\Fortran\rootfr.f
		Plugins\SWAT\Fortran\route.f = Plugins\SWAT\Fortran\route.f
		Plugins\SWAT\Fortran\routels.f = Plugins\SWAT\Fortran\routels.f
		Plugins\SWAT\Fortran\routeunit.f = Plugins\SWAT\Fortran\routeunit.f
		Plugins\SWAT\Fortran\routres.f = Plugins\SWAT\Fortran\routres.f
		Plugins\SWAT\Fortran\rsedaa.f = Plugins\SWAT\Fortran\rsedaa.f
		Plugins\SWAT\Fortran\rseday.f = Plugins\SWAT\Fortran\rseday.f
		Plugins\SWAT\Fortran\rsedmon.f = Plugins\SWAT\Fortran\rsedmon.f
		Plugins\SWAT\Fortran\rsedyr.f = Plugins\SWAT\Fortran\rsedyr.f
		Plugins\SWAT\Fortran\rtbact.f = Plugins\SWAT\Fortran\rtbact.f
		Plugins\SWAT\Fortran\rtday.f = Plugins\SWAT\Fortran\rtday.f
		Plugins\SWAT\Fortran\rteinit.f = Plugins\SWAT\Fortran\rteinit.f
		Plugins\SWAT\Fortran\rthmusk.f = Plugins\SWAT\Fortran\rthmusk.f
		Plugins\SWAT\Fortran\rthpest.f = Plugins\SWAT\Fortran\rthpest.f
		Plugins\SWAT\Fortran\rthsed.f = Plugins\SWAT\Fortran\rthsed.f
		Plugins\SWAT\Fortran\rthvsc.f90 = Plugins\SWAT\Fortran\rthvsc.f90
		Plugins\SWAT\Fortran\rtmusk.f = Plugins\SWAT\Fortran\rtmusk.f
		Plugins\SWAT\Fortran\rtout.f = Plugins\SWAT\Fortran\rtout.f
		Plugins\SWAT\Fortran\rtpest.f = Plugins\SWAT\Fortran\rtpest.f
		Plugins\SWAT\Fortran\rtsed.f = Plugins\SWAT\Fortran\rtsed.f
		Plugins\SWAT\Fortran\rtsed_bagnold.f = Plugins\SWAT\Fortran\rtsed_bagnold.f
		Plugins\SWAT\Fortran\rtsed_kodatie.f = Plugins\SWAT\Fortran\rtsed_kodatie.f
		Plugins\SWAT\Fortran\rtsed_Molinas_Wu.f = Plugins\SWAT\Fortran\rtsed_Molinas_Wu.f
		Plugins\SWAT\Fortran\rtsed_yangsand.f = Plugins\SWAT\Fortran\rtsed_yangsand.f
		Plugins\SWAT\Fortran\sat_excess.f = Plugins\SWAT\Fortran\sat_excess.f
		Plugins\SWAT\Fortran\save.f = Plugins\SWAT\Fortran\save.f
		Plugins\SWAT\Fortran\saveconc.f = Plugins\SWAT\Fortran\saveconc.f
		Plugins\SWAT\Fortran\sched_mgt.f = Plugins\SWAT\Fortran\sched_mgt.f
		Plugins\SWAT\Fortran\schedule_ops.f = Plugins\SWAT\Fortran\schedule_ops.f
		Plugins\SWAT\Fortran\sim_initday.f = Plugins\SWAT\Fortran\sim_initday.f
		Plugins\SWAT\Fortran\sim_inityr.f = Plugins\SWAT\Fortran\sim_inityr.f
		Plugins\SWAT\Fortran\simulate.f = Plugins\SWAT\Fortran\simulate.f
		Plugins\SWAT\Fortran\slrgen.f = Plugins\SWAT\Fortran\slrgen.f
		Plugins\SWAT\Fortran\smeas.f = Plugins\SWAT\Fortran\smeas.f
		Plugins\SWAT\Fortran\snom.f = Plugins\SWAT\Fortran\snom.f
		Plugins\SWAT\Fortran\soil_chem.f = Plugins\SWAT\Fortran\soil_chem.f
		Plugins\SWAT\Fortran\soil_par.f = Plugins\SWAT\Fortran\soil_par.f
		Plugins\SWAT\Fortran\soil_phys.f = Plugins\SWAT\Fortran\soil_phys.f
		Plugins\SWAT\Fortran\soil_write.f = Plugins\SWAT\Fortran\soil_write.f
		Plugins\SWAT\Fortran\solp.f = Plugins\SWAT\Fortran\solp.f
		Plugins\SWAT\Fortran\solt.f = Plugins\SWAT\Fortran\solt.f
		Plugins\SWAT\Fortran\std1.f = Plugins\SWAT\Fortran\std1.f
		Plugins\SWAT\Fortran\std2.f = Plugins\SWAT\Fortran\std2.f
		Plugins\SWAT\Fortran\std3.f = Plugins\SWAT\Fortran\std3.f
		Plugins\SWAT\Fortran\stdaa.f = Plugins\SWAT\Fortran\stdaa.f
		Plugins\SWAT\Fortran\storeinitial.f = Plugins\SWAT\Fortran\storeinitial.f
		Plugins\SWAT\Fortran\structure.f = Plugins\SWAT\Fortran\structure.f
		Plugins\SWAT\Fortran\sub_subbasin.f = Plugins\SWAT\Fortran\sub_subbasin.f
		Plugins\SWAT\Fortran\subaa.f = Plugins\SWAT\Fortran\subaa.f
		Plugins\SWAT\Fortran\subbasin.f = Plugins\SWAT\Fortran\subbasin.f
		Plugins\SWAT\Fortran\subday.f = Plugins\SWAT\Fortran\subday.f
		Plugins\SWAT\Fortran\submon.f = Plugins\SWAT\Fortran\submon.f
		Plugins\SWAT\Fortran\substor.f = Plugins\SWAT\Fortran\substor.f
		Plugins\SWAT\Fortran\subwq.f = Plugins\SWAT\Fortran\subwq.f
		Plugins\SWAT\Fortran\subyr.f = Plugins\SWAT\Fortran\subyr.f
		Plugins\SWAT\Fortran\sumhyd.f = Plugins\SWAT\Fortran\sumhyd.f
		Plugins\SWAT\Fortran\sumv.f = Plugins\SWAT\Fortran\sumv.f
		Plugins\SWAT\Fortran\surface.f = Plugins\SWAT\Fortran\surface.f
		Plugins\SWAT\Fortran\surfst_h2o.f = Plugins\SWAT\Fortran\surfst_h2o.f
		Plugins\SWAT\Fortran\surfstor.f = Plugins\SWAT\Fortran\surfstor.f
		Plugins\SWAT\Fortran\surq_daycn.f = Plugins\SWAT\Fortran\surq_daycn.f
		Plugins\SWAT\Fortran\surq_greenampt.f = Plugins\SWAT\Fortran\surq_greenampt.f
		Plugins\SWAT\Fortran\swbl.f = Plugins\SWAT\Fortran\swbl.f
		Plugins\SWAT\Fortran\sweep.f = Plugins\SWAT\Fortran\sweep.f
		Plugins\SWAT\Fortran\swu.f = Plugins\SWAT\Fortran\swu.f
		Plugins\SWAT\Fortran\tair.f = Plugins\SWAT\Fortran\tair.f
		Plugins\SWAT\Fortran\tgen.f = Plugins\SWAT\Fortran\tgen.f
		Plugins\SWAT\Fortran\theta.f = Plugins\SWAT\Fortran\theta.f
		Plugins\SWAT\Fortran\tillfactor.f = Plugins\SWAT\Fortran\tillfactor.f
		Plugins\SWAT\Fortran\tillmix.f = Plugins\SWAT\Fortran\tillmix.f
		Plugins\SWAT\Fortran\tmeas.f = Plugins\SWAT\Fortran\tmeas.f
		Plugins\SWAT\Fortran\tran.f = Plugins\SWAT\Fortran\tran.f
		Plugins\SWAT\Fortran\transfer.f = Plugins\SWAT\Fortran\transfer.f
		Plugins\SWAT\Fortran\tstr.f = Plugins\SWAT\Fortran\tstr.f
		Plugins\SWAT\Fortran\ttcoef.f = Plugins\SWAT\Fortran\ttcoef.f
		Plugins\SWAT\Fortran\ttcoef_wway.f = Plugins\SWAT\Fortran\ttcoef_wway.f
		Plugins\SWAT\Fortran\urb_bmp.f = Plugins\SWAT\Fortran\urb_bmp.f
		Plugins\SWAT\Fortran\urban.f = Plugins\SWAT\Fortran\urban.f
		Plugins\SWAT\Fortran\urbanhr.f = Plugins\SWAT\Fortran\urbanhr.f
		Plugins\SWAT\Fortran\varinit.f = Plugins\SWAT\Fortran\varinit.f
		Plugins\SWAT\Fortran\vbl.f = Plugins\SWAT\Fortran\vbl.f
		Plugins\SWAT\Fortran\virtual.f = Plugins\SWAT\Fortran\virtual.f
		Plugins\SWAT\Fortran\volq.f = Plugins\SWAT\Fortran\volq.f
		Plugins\SWAT\Fortran\washp.f = Plugins\SWAT\Fortran\washp.f
		Plugins\SWAT\Fortran\watbal.f = Plugins\SWAT\Fortran\watbal.f
		Plugins\SWAT\Fortran\water_hru.f = Plugins\SWAT\Fortran\water_hru.f
		Plugins\SWAT\Fortran\watqual.f = Plugins\SWAT\Fortran\watqual.f
		Plugins\SWAT\Fortran\watqual2.f = Plugins\SWAT\Fortran\watqual2.f
		Plugins\SWAT\Fortran\wattable.f = Plugins\SWAT\Fortran\wattable.f
		Plugins\SWAT\Fortran\watuse.f = Plugins\SWAT\Fortran\watuse.f
		Plugins\SWAT\Fortran\weatgn.f = Plugins\SWAT\Fortran\weatgn.f
		Plugins\SWAT\Fortran\wetlan.f = Plugins\SWAT\Fortran\wetlan.f
		Plugins\SWAT\Fortran\wmeas.f = Plugins\SWAT\Fortran\wmeas.f
		Plugins\SWAT\Fortran\wndgen.f = Plugins\SWAT\Fortran\wndgen.f
		Plugins\SWAT\Fortran\writea.f = Plugins\SWAT\Fortran\writea.f
		Plugins\SWAT\Fortran\writeaa.f = Plugins\SWAT\Fortran\writeaa.f
		Plugins\SWAT\Fortran\writed.f = Plugins\SWAT\Fortran\writed.f
		Plugins\SWAT\Fortran\writem.f = Plugins\SWAT\Fortran\writem.f
		Plugins\SWAT\Fortran\xmon.f = Plugins\SWAT\Fortran\xmon.f
		Plugins\SWAT\Fortran\ysed.f = Plugins\SWAT\Fortran\ysed.f
		Plugins\SWAT\Fortran\zero0.f = Plugins\SWAT\Fortran\zero0.f
		Plugins\SWAT\Fortran\zero1.f = Plugins\SWAT\Fortran\zero1.f
		Plugins\SWAT\Fortran\zero2.f = Plugins\SWAT\Fortran\zero2.f
		Plugins\SWAT\Fortran\zero_urbn.f = Plugins\SWAT\Fortran\zero_urbn.f
		Plugins\SWAT\Fortran\zeroini.f = Plugins\SWAT\Fortran\zeroini.f
	EndProjectSection
EndProject
Global
	GlobalSection(SolutionConfigurationPlatforms) = preSolution
		Debug|x64 = Debug|x64
		Debug|x86 = Debug|x86
		MinSizeRel|x64 = MinSizeRel|x64
		MinSizeRel|x86 = MinSizeRel|x86
		Release|x64 = Release|x64
		Release|x86 = Release|x86
		RelWithDebInfo|x64 = RelWithDebInfo|x64
		RelWithDebInfo|x86 = RelWithDebInfo|x86
		Template|x64 = Template|x64
		Template|x86 = Template|x86
	EndGlobalSection
	GlobalSection(ProjectConfigurationPlatforms) = postSolution
		{E3502523-3A54-4A72-AC75-A59C944AD9C1}.Debug|x64.ActiveCfg = Debug|x64
		{E3502523-3A54-4A72-AC75-A59C944AD9C1}.Debug|x64.Build.0 = Debug|x64
		{E3502523-3A54-4A72-AC75-A59C944AD9C1}.Debug|x86.ActiveCfg = Debug|Win32
		{E3502523-3A54-4A72-AC75-A59C944AD9C1}.Debug|x86.Build.0 = Debug|Win32
		{E3502523-3A54-4A72-AC75-A59C944AD9C1}.MinSizeRel|x64.ActiveCfg = Release|x64
		{E3502523-3A54-4A72-AC75-A59C944AD9C1}.MinSizeRel|x64.Build.0 = Release|x64
		{E3502523-3A54-4A72-AC75-A59C944AD9C1}.MinSizeRel|x86.ActiveCfg = Release|Win32
		{E3502523-3A54-4A72-AC75-A59C944AD9C1}.MinSizeRel|x86.Build.0 = Release|Win32
		{E3502523-3A54-4A72-AC75-A59C944AD9C1}.Release|x64.ActiveCfg = Release|x64
		{E3502523-3A54-4A72-AC75-A59C944AD9C1}.Release|x64.Build.0 = Release|x64
		{E3502523-3A54-4A72-AC75-A59C944AD9C1}.Release|x86.ActiveCfg = Release|Win32
		{E3502523-3A54-4A72-AC75-A59C944AD9C1}.Release|x86.Build.0 = Release|Win32
		{E3502523-3A54-4A72-AC75-A59C944AD9C1}.RelWithDebInfo|x64.ActiveCfg = Release|x64
		{E3502523-3A54-4A72-AC75-A59C944AD9C1}.RelWithDebInfo|x64.Build.0 = Release|x64
		{E3502523-3A54-4A72-AC75-A59C944AD9C1}.RelWithDebInfo|x86.ActiveCfg = Release|Win32
		{E3502523-3A54-4A72-AC75-A59C944AD9C1}.RelWithDebInfo|x86.Build.0 = Release|Win32
		{E3502523-3A54-4A72-AC75-A59C944AD9C1}.Template|x64.ActiveCfg = Release|x64
		{E3502523-3A54-4A72-AC75-A59C944AD9C1}.Template|x64.Build.0 = Release|x64
		{E3502523-3A54-4A72-AC75-A59C944AD9C1}.Template|x86.ActiveCfg = Release|Win32
		{E3502523-3A54-4A72-AC75-A59C944AD9C1}.Template|x86.Build.0 = Release|Win32
		{7E2932D5-10E4-4BAC-A07F-2E512402B88C}.Debug|x64.ActiveCfg = Debug|x64
		{7E2932D5-10E4-4BAC-A07F-2E512402B88C}.Debug|x64.Build.0 = Debug|x64
		{7E2932D5-10E4-4BAC-A07F-2E512402B88C}.Debug|x86.ActiveCfg = Debug|Win32
		{7E2932D5-10E4-4BAC-A07F-2E512402B88C}.Debug|x86.Build.0 = Debug|Win32
		{7E2932D5-10E4-4BAC-A07F-2E512402B88C}.MinSizeRel|x64.ActiveCfg = Release|x64
		{7E2932D5-10E4-4BAC-A07F-2E512402B88C}.MinSizeRel|x64.Build.0 = Release|x64
		{7E2932D5-10E4-4BAC-A07F-2E512402B88C}.MinSizeRel|x86.ActiveCfg = Release|Win32
		{7E2932D5-10E4-4BAC-A07F-2E512402B88C}.MinSizeRel|x86.Build.0 = Release|Win32
		{7E2932D5-10E4-4BAC-A07F-2E512402B88C}.Release|x64.ActiveCfg = Release|x64
		{7E2932D5-10E4-4BAC-A07F-2E512402B88C}.Release|x64.Build.0 = Release|x64
		{7E2932D5-10E4-4BAC-A07F-2E512402B88C}.Release|x86.ActiveCfg = Release|Win32
		{7E2932D5-10E4-4BAC-A07F-2E512402B88C}.Release|x86.Build.0 = Release|Win32
		{7E2932D5-10E4-4BAC-A07F-2E512402B88C}.RelWithDebInfo|x64.ActiveCfg = Release|x64
		{7E2932D5-10E4-4BAC-A07F-2E512402B88C}.RelWithDebInfo|x64.Build.0 = Release|x64
		{7E2932D5-10E4-4BAC-A07F-2E512402B88C}.RelWithDebInfo|x86.ActiveCfg = Release|Win32
		{7E2932D5-10E4-4BAC-A07F-2E512402B88C}.RelWithDebInfo|x86.Build.0 = Release|Win32
		{7E2932D5-10E4-4BAC-A07F-2E512402B88C}.Template|x64.ActiveCfg = Release|x64
		{7E2932D5-10E4-4BAC-A07F-2E512402B88C}.Template|x64.Build.0 = Release|x64
		{7E2932D5-10E4-4BAC-A07F-2E512402B88C}.Template|x86.ActiveCfg = Release|Win32
		{7E2932D5-10E4-4BAC-A07F-2E512402B88C}.Template|x86.Build.0 = Release|Win32
		{2A08AFB9-CB91-4FAE-B06C-573238E74E8D}.Debug|x64.ActiveCfg = Debug|x64
		{2A08AFB9-CB91-4FAE-B06C-573238E74E8D}.Debug|x64.Build.0 = Debug|x64
		{2A08AFB9-CB91-4FAE-B06C-573238E74E8D}.Debug|x86.ActiveCfg = Debug|Win32
		{2A08AFB9-CB91-4FAE-B06C-573238E74E8D}.Debug|x86.Build.0 = Debug|Win32
		{2A08AFB9-CB91-4FAE-B06C-573238E74E8D}.MinSizeRel|x64.ActiveCfg = Template|x64
		{2A08AFB9-CB91-4FAE-B06C-573238E74E8D}.MinSizeRel|x64.Build.0 = Template|x64
		{2A08AFB9-CB91-4FAE-B06C-573238E74E8D}.MinSizeRel|x86.ActiveCfg = Template|Win32
		{2A08AFB9-CB91-4FAE-B06C-573238E74E8D}.MinSizeRel|x86.Build.0 = Template|Win32
		{2A08AFB9-CB91-4FAE-B06C-573238E74E8D}.Release|x64.ActiveCfg = Release|x64
		{2A08AFB9-CB91-4FAE-B06C-573238E74E8D}.Release|x64.Build.0 = Release|x64
		{2A08AFB9-CB91-4FAE-B06C-573238E74E8D}.Release|x86.ActiveCfg = Release|Win32
		{2A08AFB9-CB91-4FAE-B06C-573238E74E8D}.Release|x86.Build.0 = Release|Win32
		{2A08AFB9-CB91-4FAE-B06C-573238E74E8D}.RelWithDebInfo|x64.ActiveCfg = Release|x64
		{2A08AFB9-CB91-4FAE-B06C-573238E74E8D}.RelWithDebInfo|x64.Build.0 = Release|x64
		{2A08AFB9-CB91-4FAE-B06C-573238E74E8D}.RelWithDebInfo|x86.ActiveCfg = Release|Win32
		{2A08AFB9-CB91-4FAE-B06C-573238E74E8D}.RelWithDebInfo|x86.Build.0 = Release|Win32
		{2A08AFB9-CB91-4FAE-B06C-573238E74E8D}.Template|x64.ActiveCfg = Template|x64
		{2A08AFB9-CB91-4FAE-B06C-573238E74E8D}.Template|x64.Build.0 = Template|x64
		{2A08AFB9-CB91-4FAE-B06C-573238E74E8D}.Template|x86.ActiveCfg = Template|Win32
		{2A08AFB9-CB91-4FAE-B06C-573238E74E8D}.Template|x86.Build.0 = Template|Win32
		{48AD5D58-DA1C-4555-9958-C29C4925F8FB}.Debug|x64.ActiveCfg = Debug|x64
		{48AD5D58-DA1C-4555-9958-C29C4925F8FB}.Debug|x64.Build.0 = Debug|x64
		{48AD5D58-DA1C-4555-9958-C29C4925F8FB}.Debug|x86.ActiveCfg = Debug|Win32
		{48AD5D58-DA1C-4555-9958-C29C4925F8FB}.Debug|x86.Build.0 = Debug|Win32
		{48AD5D58-DA1C-4555-9958-C29C4925F8FB}.MinSizeRel|x64.ActiveCfg = Template|x64
		{48AD5D58-DA1C-4555-9958-C29C4925F8FB}.MinSizeRel|x64.Build.0 = Template|x64
		{48AD5D58-DA1C-4555-9958-C29C4925F8FB}.MinSizeRel|x86.ActiveCfg = Template|Win32
		{48AD5D58-DA1C-4555-9958-C29C4925F8FB}.MinSizeRel|x86.Build.0 = Template|Win32
		{48AD5D58-DA1C-4555-9958-C29C4925F8FB}.Release|x64.ActiveCfg = Release|x64
		{48AD5D58-DA1C-4555-9958-C29C4925F8FB}.Release|x64.Build.0 = Release|x64
		{48AD5D58-DA1C-4555-9958-C29C4925F8FB}.Release|x86.ActiveCfg = Release|Win32
		{48AD5D58-DA1C-4555-9958-C29C4925F8FB}.Release|x86.Build.0 = Release|Win32
		{48AD5D58-DA1C-4555-9958-C29C4925F8FB}.RelWithDebInfo|x64.ActiveCfg = Release|x64
		{48AD5D58-DA1C-4555-9958-C29C4925F8FB}.RelWithDebInfo|x64.Build.0 = Release|x64
		{48AD5D58-DA1C-4555-9958-C29C4925F8FB}.RelWithDebInfo|x86.ActiveCfg = Release|Win32
		{48AD5D58-DA1C-4555-9958-C29C4925F8FB}.RelWithDebInfo|x86.Build.0 = Release|Win32
		{48AD5D58-DA1C-4555-9958-C29C4925F8FB}.Template|x64.ActiveCfg = Template|x64
		{48AD5D58-DA1C-4555-9958-C29C4925F8FB}.Template|x64.Build.0 = Template|x64
		{48AD5D58-DA1C-4555-9958-C29C4925F8FB}.Template|x86.ActiveCfg = Template|Win32
		{48AD5D58-DA1C-4555-9958-C29C4925F8FB}.Template|x86.Build.0 = Template|Win32
		{9C79B078-36CA-402F-A47A-D87B5F23FA90}.Debug|x64.ActiveCfg = Debug|x64
		{9C79B078-36CA-402F-A47A-D87B5F23FA90}.Debug|x64.Build.0 = Debug|x64
		{9C79B078-36CA-402F-A47A-D87B5F23FA90}.Debug|x86.ActiveCfg = Debug|Win32
		{9C79B078-36CA-402F-A47A-D87B5F23FA90}.Debug|x86.Build.0 = Debug|Win32
		{9C79B078-36CA-402F-A47A-D87B5F23FA90}.MinSizeRel|x64.ActiveCfg = Release|x64
		{9C79B078-36CA-402F-A47A-D87B5F23FA90}.MinSizeRel|x64.Build.0 = Release|x64
		{9C79B078-36CA-402F-A47A-D87B5F23FA90}.MinSizeRel|x86.ActiveCfg = Release|Win32
		{9C79B078-36CA-402F-A47A-D87B5F23FA90}.MinSizeRel|x86.Build.0 = Release|Win32
		{9C79B078-36CA-402F-A47A-D87B5F23FA90}.Release|x64.ActiveCfg = Release|x64
		{9C79B078-36CA-402F-A47A-D87B5F23FA90}.Release|x64.Build.0 = Release|x64
		{9C79B078-36CA-402F-A47A-D87B5F23FA90}.Release|x86.ActiveCfg = Release|Win32
		{9C79B078-36CA-402F-A47A-D87B5F23FA90}.Release|x86.Build.0 = Release|Win32
		{9C79B078-36CA-402F-A47A-D87B5F23FA90}.RelWithDebInfo|x64.ActiveCfg = Release|x64
		{9C79B078-36CA-402F-A47A-D87B5F23FA90}.RelWithDebInfo|x64.Build.0 = Release|x64
		{9C79B078-36CA-402F-A47A-D87B5F23FA90}.RelWithDebInfo|x86.ActiveCfg = Release|Win32
		{9C79B078-36CA-402F-A47A-D87B5F23FA90}.RelWithDebInfo|x86.Build.0 = Release|Win32
		{9C79B078-36CA-402F-A47A-D87B5F23FA90}.Template|x64.ActiveCfg = Release|x64
		{9C79B078-36CA-402F-A47A-D87B5F23FA90}.Template|x64.Build.0 = Release|x64
		{9C79B078-36CA-402F-A47A-D87B5F23FA90}.Template|x86.ActiveCfg = Release|Win32
		{9C79B078-36CA-402F-A47A-D87B5F23FA90}.Template|x86.Build.0 = Release|Win32
		{18DCC1FB-8EAA-4082-9A2F-91E863743E30}.Debug|x64.ActiveCfg = Debug|x64
		{18DCC1FB-8EAA-4082-9A2F-91E863743E30}.Debug|x64.Build.0 = Debug|x64
		{18DCC1FB-8EAA-4082-9A2F-91E863743E30}.Debug|x86.ActiveCfg = Debug|Win32
		{18DCC1FB-8EAA-4082-9A2F-91E863743E30}.Debug|x86.Build.0 = Debug|Win32
		{18DCC1FB-8EAA-4082-9A2F-91E863743E30}.MinSizeRel|x64.ActiveCfg = Release|x64
		{18DCC1FB-8EAA-4082-9A2F-91E863743E30}.MinSizeRel|x64.Build.0 = Release|x64
		{18DCC1FB-8EAA-4082-9A2F-91E863743E30}.MinSizeRel|x86.ActiveCfg = Release|Win32
		{18DCC1FB-8EAA-4082-9A2F-91E863743E30}.MinSizeRel|x86.Build.0 = Release|Win32
		{18DCC1FB-8EAA-4082-9A2F-91E863743E30}.Release|x64.ActiveCfg = Release|x64
		{18DCC1FB-8EAA-4082-9A2F-91E863743E30}.Release|x64.Build.0 = Release|x64
		{18DCC1FB-8EAA-4082-9A2F-91E863743E30}.Release|x86.ActiveCfg = Release|Win32
		{18DCC1FB-8EAA-4082-9A2F-91E863743E30}.Release|x86.Build.0 = Release|Win32
		{18DCC1FB-8EAA-4082-9A2F-91E863743E30}.RelWithDebInfo|x64.ActiveCfg = Release|x64
		{18DCC1FB-8EAA-4082-9A2F-91E863743E30}.RelWithDebInfo|x64.Build.0 = Release|x64
		{18DCC1FB-8EAA-4082-9A2F-91E863743E30}.RelWithDebInfo|x86.ActiveCfg = Release|Win32
		{18DCC1FB-8EAA-4082-9A2F-91E863743E30}.RelWithDebInfo|x86.Build.0 = Release|Win32
		{18DCC1FB-8EAA-4082-9A2F-91E863743E30}.Template|x64.ActiveCfg = Release|x64
		{18DCC1FB-8EAA-4082-9A2F-91E863743E30}.Template|x64.Build.0 = Release|x64
		{18DCC1FB-8EAA-4082-9A2F-91E863743E30}.Template|x86.ActiveCfg = Release|Win32
		{18DCC1FB-8EAA-4082-9A2F-91E863743E30}.Template|x86.Build.0 = Release|Win32
		{5594E9B7-DC35-4886-A550-C658551E12DF}.Debug|x64.ActiveCfg = Debug|x64
		{5594E9B7-DC35-4886-A550-C658551E12DF}.Debug|x64.Build.0 = Debug|x64
		{5594E9B7-DC35-4886-A550-C658551E12DF}.Debug|x86.ActiveCfg = Debug|Win32
		{5594E9B7-DC35-4886-A550-C658551E12DF}.Debug|x86.Build.0 = Debug|Win32
		{5594E9B7-DC35-4886-A550-C658551E12DF}.MinSizeRel|x64.ActiveCfg = Release|x64
		{5594E9B7-DC35-4886-A550-C658551E12DF}.MinSizeRel|x64.Build.0 = Release|x64
		{5594E9B7-DC35-4886-A550-C658551E12DF}.MinSizeRel|x86.ActiveCfg = Release|Win32
		{5594E9B7-DC35-4886-A550-C658551E12DF}.MinSizeRel|x86.Build.0 = Release|Win32
		{5594E9B7-DC35-4886-A550-C658551E12DF}.Release|x64.ActiveCfg = Release|x64
		{5594E9B7-DC35-4886-A550-C658551E12DF}.Release|x64.Build.0 = Release|x64
		{5594E9B7-DC35-4886-A550-C658551E12DF}.Release|x86.ActiveCfg = Release|Win32
		{5594E9B7-DC35-4886-A550-C658551E12DF}.Release|x86.Build.0 = Release|Win32
		{5594E9B7-DC35-4886-A550-C658551E12DF}.RelWithDebInfo|x64.ActiveCfg = Release|x64
		{5594E9B7-DC35-4886-A550-C658551E12DF}.RelWithDebInfo|x64.Build.0 = Release|x64
		{5594E9B7-DC35-4886-A550-C658551E12DF}.RelWithDebInfo|x86.ActiveCfg = Release|Win32
		{5594E9B7-DC35-4886-A550-C658551E12DF}.RelWithDebInfo|x86.Build.0 = Release|Win32
		{5594E9B7-DC35-4886-A550-C658551E12DF}.Template|x64.ActiveCfg = Release|x64
		{5594E9B7-DC35-4886-A550-C658551E12DF}.Template|x64.Build.0 = Release|x64
		{5594E9B7-DC35-4886-A550-C658551E12DF}.Template|x86.ActiveCfg = Release|Win32
		{5594E9B7-DC35-4886-A550-C658551E12DF}.Template|x86.Build.0 = Release|Win32
		{AA3DDBA9-C668-48A4-9063-6F9DF233F0B1}.Debug|x64.ActiveCfg = Debug|x64
		{AA3DDBA9-C668-48A4-9063-6F9DF233F0B1}.Debug|x64.Build.0 = Debug|x64
		{AA3DDBA9-C668-48A4-9063-6F9DF233F0B1}.Debug|x86.ActiveCfg = Debug|Win32
		{AA3DDBA9-C668-48A4-9063-6F9DF233F0B1}.Debug|x86.Build.0 = Debug|Win32
		{AA3DDBA9-C668-48A4-9063-6F9DF233F0B1}.MinSizeRel|x64.ActiveCfg = Release|x64
		{AA3DDBA9-C668-48A4-9063-6F9DF233F0B1}.MinSizeRel|x64.Build.0 = Release|x64
		{AA3DDBA9-C668-48A4-9063-6F9DF233F0B1}.MinSizeRel|x86.ActiveCfg = Release|Win32
		{AA3DDBA9-C668-48A4-9063-6F9DF233F0B1}.MinSizeRel|x86.Build.0 = Release|Win32
		{AA3DDBA9-C668-48A4-9063-6F9DF233F0B1}.Release|x64.ActiveCfg = Release|x64
		{AA3DDBA9-C668-48A4-9063-6F9DF233F0B1}.Release|x64.Build.0 = Release|x64
		{AA3DDBA9-C668-48A4-9063-6F9DF233F0B1}.Release|x86.ActiveCfg = Release|Win32
		{AA3DDBA9-C668-48A4-9063-6F9DF233F0B1}.Release|x86.Build.0 = Release|Win32
		{AA3DDBA9-C668-48A4-9063-6F9DF233F0B1}.RelWithDebInfo|x64.ActiveCfg = Release|x64
		{AA3DDBA9-C668-48A4-9063-6F9DF233F0B1}.RelWithDebInfo|x64.Build.0 = Release|x64
		{AA3DDBA9-C668-48A4-9063-6F9DF233F0B1}.RelWithDebInfo|x86.ActiveCfg = Release|Win32
		{AA3DDBA9-C668-48A4-9063-6F9DF233F0B1}.RelWithDebInfo|x86.Build.0 = Release|Win32
		{AA3DDBA9-C668-48A4-9063-6F9DF233F0B1}.Template|x64.ActiveCfg = Release|x64
		{AA3DDBA9-C668-48A4-9063-6F9DF233F0B1}.Template|x64.Build.0 = Release|x64
		{AA3DDBA9-C668-48A4-9063-6F9DF233F0B1}.Template|x86.ActiveCfg = Release|Win32
		{AA3DDBA9-C668-48A4-9063-6F9DF233F0B1}.Template|x86.Build.0 = Release|Win32
		{8ED9E22E-DAC6-49BA-B7D1-9B858F69F5B6}.Debug|x64.ActiveCfg = Debug|x64
		{8ED9E22E-DAC6-49BA-B7D1-9B858F69F5B6}.Debug|x64.Build.0 = Debug|x64
		{8ED9E22E-DAC6-49BA-B7D1-9B858F69F5B6}.Debug|x86.ActiveCfg = Debug|Win32
		{8ED9E22E-DAC6-49BA-B7D1-9B858F69F5B6}.Debug|x86.Build.0 = Debug|Win32
		{8ED9E22E-DAC6-49BA-B7D1-9B858F69F5B6}.MinSizeRel|x64.ActiveCfg = Release|x64
		{8ED9E22E-DAC6-49BA-B7D1-9B858F69F5B6}.MinSizeRel|x64.Build.0 = Release|x64
		{8ED9E22E-DAC6-49BA-B7D1-9B858F69F5B6}.MinSizeRel|x86.ActiveCfg = Release|Win32
		{8ED9E22E-DAC6-49BA-B7D1-9B858F69F5B6}.MinSizeRel|x86.Build.0 = Release|Win32
		{8ED9E22E-DAC6-49BA-B7D1-9B858F69F5B6}.Release|x64.ActiveCfg = Release|x64
		{8ED9E22E-DAC6-49BA-B7D1-9B858F69F5B6}.Release|x64.Build.0 = Release|x64
		{8ED9E22E-DAC6-49BA-B7D1-9B858F69F5B6}.Release|x86.ActiveCfg = Release|Win32
		{8ED9E22E-DAC6-49BA-B7D1-9B858F69F5B6}.Release|x86.Build.0 = Release|Win32
		{8ED9E22E-DAC6-49BA-B7D1-9B858F69F5B6}.RelWithDebInfo|x64.ActiveCfg = Release|x64
		{8ED9E22E-DAC6-49BA-B7D1-9B858F69F5B6}.RelWithDebInfo|x64.Build.0 = Release|x64
		{8ED9E22E-DAC6-49BA-B7D1-9B858F69F5B6}.RelWithDebInfo|x86.ActiveCfg = Release|Win32
		{8ED9E22E-DAC6-49BA-B7D1-9B858F69F5B6}.RelWithDebInfo|x86.Build.0 = Release|Win32
		{8ED9E22E-DAC6-49BA-B7D1-9B858F69F5B6}.Template|x64.ActiveCfg = Release|x64
		{8ED9E22E-DAC6-49BA-B7D1-9B858F69F5B6}.Template|x64.Build.0 = Release|x64
		{8ED9E22E-DAC6-49BA-B7D1-9B858F69F5B6}.Template|x86.ActiveCfg = Release|Win32
		{8ED9E22E-DAC6-49BA-B7D1-9B858F69F5B6}.Template|x86.Build.0 = Release|Win32
		{0EE20CD4-D3FE-4927-8A4D-B5F8FC2A95BD}.Debug|x64.ActiveCfg = Debug|x64
		{0EE20CD4-D3FE-4927-8A4D-B5F8FC2A95BD}.Debug|x64.Build.0 = Debug|x64
		{0EE20CD4-D3FE-4927-8A4D-B5F8FC2A95BD}.Debug|x86.ActiveCfg = Debug|Win32
		{0EE20CD4-D3FE-4927-8A4D-B5F8FC2A95BD}.Debug|x86.Build.0 = Debug|Win32
		{0EE20CD4-D3FE-4927-8A4D-B5F8FC2A95BD}.MinSizeRel|x64.ActiveCfg = Release|x64
		{0EE20CD4-D3FE-4927-8A4D-B5F8FC2A95BD}.MinSizeRel|x64.Build.0 = Release|x64
		{0EE20CD4-D3FE-4927-8A4D-B5F8FC2A95BD}.MinSizeRel|x86.ActiveCfg = Release|Win32
		{0EE20CD4-D3FE-4927-8A4D-B5F8FC2A95BD}.MinSizeRel|x86.Build.0 = Release|Win32
		{0EE20CD4-D3FE-4927-8A4D-B5F8FC2A95BD}.Release|x64.ActiveCfg = Release|x64
		{0EE20CD4-D3FE-4927-8A4D-B5F8FC2A95BD}.Release|x64.Build.0 = Release|x64
		{0EE20CD4-D3FE-4927-8A4D-B5F8FC2A95BD}.Release|x86.ActiveCfg = Release|Win32
		{0EE20CD4-D3FE-4927-8A4D-B5F8FC2A95BD}.Release|x86.Build.0 = Release|Win32
		{0EE20CD4-D3FE-4927-8A4D-B5F8FC2A95BD}.RelWithDebInfo|x64.ActiveCfg = Release|x64
		{0EE20CD4-D3FE-4927-8A4D-B5F8FC2A95BD}.RelWithDebInfo|x64.Build.0 = Release|x64
		{0EE20CD4-D3FE-4927-8A4D-B5F8FC2A95BD}.RelWithDebInfo|x86.ActiveCfg = Release|Win32
		{0EE20CD4-D3FE-4927-8A4D-B5F8FC2A95BD}.RelWithDebInfo|x86.Build.0 = Release|Win32
		{0EE20CD4-D3FE-4927-8A4D-B5F8FC2A95BD}.Template|x64.ActiveCfg = Release|x64
		{0EE20CD4-D3FE-4927-8A4D-B5F8FC2A95BD}.Template|x64.Build.0 = Release|x64
		{0EE20CD4-D3FE-4927-8A4D-B5F8FC2A95BD}.Template|x86.ActiveCfg = Release|Win32
		{0EE20CD4-D3FE-4927-8A4D-B5F8FC2A95BD}.Template|x86.Build.0 = Release|Win32
		{235326F4-6FFB-4BB6-B81C-305E67B40FE0}.Debug|x64.ActiveCfg = Debug|x64
		{235326F4-6FFB-4BB6-B81C-305E67B40FE0}.Debug|x64.Build.0 = Debug|x64
		{235326F4-6FFB-4BB6-B81C-305E67B40FE0}.Debug|x86.ActiveCfg = Debug|Win32
		{235326F4-6FFB-4BB6-B81C-305E67B40FE0}.Debug|x86.Build.0 = Debug|Win32
		{235326F4-6FFB-4BB6-B81C-305E67B40FE0}.MinSizeRel|x64.ActiveCfg = Release|x64
		{235326F4-6FFB-4BB6-B81C-305E67B40FE0}.MinSizeRel|x64.Build.0 = Release|x64
		{235326F4-6FFB-4BB6-B81C-305E67B40FE0}.MinSizeRel|x86.ActiveCfg = Release|Win32
		{235326F4-6FFB-4BB6-B81C-305E67B40FE0}.MinSizeRel|x86.Build.0 = Release|Win32
		{235326F4-6FFB-4BB6-B81C-305E67B40FE0}.Release|x64.ActiveCfg = Release|x64
		{235326F4-6FFB-4BB6-B81C-305E67B40FE0}.Release|x64.Build.0 = Release|x64
		{235326F4-6FFB-4BB6-B81C-305E67B40FE0}.Release|x86.ActiveCfg = Release|Win32
		{235326F4-6FFB-4BB6-B81C-305E67B40FE0}.Release|x86.Build.0 = Release|Win32
		{235326F4-6FFB-4BB6-B81C-305E67B40FE0}.RelWithDebInfo|x64.ActiveCfg = Release|x64
		{235326F4-6FFB-4BB6-B81C-305E67B40FE0}.RelWithDebInfo|x64.Build.0 = Release|x64
		{235326F4-6FFB-4BB6-B81C-305E67B40FE0}.RelWithDebInfo|x86.ActiveCfg = Release|Win32
		{235326F4-6FFB-4BB6-B81C-305E67B40FE0}.RelWithDebInfo|x86.Build.0 = Release|Win32
		{235326F4-6FFB-4BB6-B81C-305E67B40FE0}.Template|x64.ActiveCfg = Release|x64
		{235326F4-6FFB-4BB6-B81C-305E67B40FE0}.Template|x64.Build.0 = Release|x64
		{235326F4-6FFB-4BB6-B81C-305E67B40FE0}.Template|x86.ActiveCfg = Release|Win32
		{235326F4-6FFB-4BB6-B81C-305E67B40FE0}.Template|x86.Build.0 = Release|Win32
		{03C1C985-CE5A-4BD6-8DBC-7C62465B87BF}.Debug|x64.ActiveCfg = Debug|x64
		{03C1C985-CE5A-4BD6-8DBC-7C62465B87BF}.Debug|x64.Build.0 = Debug|x64
		{03C1C985-CE5A-4BD6-8DBC-7C62465B87BF}.Debug|x86.ActiveCfg = Debug|Win32
		{03C1C985-CE5A-4BD6-8DBC-7C62465B87BF}.Debug|x86.Build.0 = Debug|Win32
		{03C1C985-CE5A-4BD6-8DBC-7C62465B87BF}.MinSizeRel|x64.ActiveCfg = Release|x64
		{03C1C985-CE5A-4BD6-8DBC-7C62465B87BF}.MinSizeRel|x64.Build.0 = Release|x64
		{03C1C985-CE5A-4BD6-8DBC-7C62465B87BF}.MinSizeRel|x86.ActiveCfg = Release|Win32
		{03C1C985-CE5A-4BD6-8DBC-7C62465B87BF}.MinSizeRel|x86.Build.0 = Release|Win32
		{03C1C985-CE5A-4BD6-8DBC-7C62465B87BF}.Release|x64.ActiveCfg = Release|x64
		{03C1C985-CE5A-4BD6-8DBC-7C62465B87BF}.Release|x64.Build.0 = Release|x64
		{03C1C985-CE5A-4BD6-8DBC-7C62465B87BF}.Release|x86.ActiveCfg = Release|Win32
		{03C1C985-CE5A-4BD6-8DBC-7C62465B87BF}.Release|x86.Build.0 = Release|Win32
		{03C1C985-CE5A-4BD6-8DBC-7C62465B87BF}.RelWithDebInfo|x64.ActiveCfg = Release|x64
		{03C1C985-CE5A-4BD6-8DBC-7C62465B87BF}.RelWithDebInfo|x64.Build.0 = Release|x64
		{03C1C985-CE5A-4BD6-8DBC-7C62465B87BF}.RelWithDebInfo|x86.ActiveCfg = Release|Win32
		{03C1C985-CE5A-4BD6-8DBC-7C62465B87BF}.RelWithDebInfo|x86.Build.0 = Release|Win32
		{03C1C985-CE5A-4BD6-8DBC-7C62465B87BF}.Template|x64.ActiveCfg = Release|x64
		{03C1C985-CE5A-4BD6-8DBC-7C62465B87BF}.Template|x64.Build.0 = Release|x64
		{03C1C985-CE5A-4BD6-8DBC-7C62465B87BF}.Template|x86.ActiveCfg = Release|Win32
		{03C1C985-CE5A-4BD6-8DBC-7C62465B87BF}.Template|x86.Build.0 = Release|Win32
		{46D2D77A-F999-404D-A0BF-F919DC40F85A}.Debug|x64.ActiveCfg = Debug|x64
		{46D2D77A-F999-404D-A0BF-F919DC40F85A}.Debug|x64.Build.0 = Debug|x64
		{46D2D77A-F999-404D-A0BF-F919DC40F85A}.Debug|x86.ActiveCfg = Debug|Win32
		{46D2D77A-F999-404D-A0BF-F919DC40F85A}.Debug|x86.Build.0 = Debug|Win32
		{46D2D77A-F999-404D-A0BF-F919DC40F85A}.MinSizeRel|x64.ActiveCfg = Release|x64
		{46D2D77A-F999-404D-A0BF-F919DC40F85A}.MinSizeRel|x64.Build.0 = Release|x64
		{46D2D77A-F999-404D-A0BF-F919DC40F85A}.MinSizeRel|x86.ActiveCfg = Release|Win32
		{46D2D77A-F999-404D-A0BF-F919DC40F85A}.MinSizeRel|x86.Build.0 = Release|Win32
		{46D2D77A-F999-404D-A0BF-F919DC40F85A}.Release|x64.ActiveCfg = Release|x64
		{46D2D77A-F999-404D-A0BF-F919DC40F85A}.Release|x64.Build.0 = Release|x64
		{46D2D77A-F999-404D-A0BF-F919DC40F85A}.Release|x86.ActiveCfg = Release|Win32
		{46D2D77A-F999-404D-A0BF-F919DC40F85A}.Release|x86.Build.0 = Release|Win32
		{46D2D77A-F999-404D-A0BF-F919DC40F85A}.RelWithDebInfo|x64.ActiveCfg = Release|x64
		{46D2D77A-F999-404D-A0BF-F919DC40F85A}.RelWithDebInfo|x64.Build.0 = Release|x64
		{46D2D77A-F999-404D-A0BF-F919DC40F85A}.RelWithDebInfo|x86.ActiveCfg = Release|Win32
		{46D2D77A-F999-404D-A0BF-F919DC40F85A}.RelWithDebInfo|x86.Build.0 = Release|Win32
		{46D2D77A-F999-404D-A0BF-F919DC40F85A}.Template|x64.ActiveCfg = Release|x64
		{46D2D77A-F999-404D-A0BF-F919DC40F85A}.Template|x64.Build.0 = Release|x64
		{46D2D77A-F999-404D-A0BF-F919DC40F85A}.Template|x86.ActiveCfg = Release|Win32
		{46D2D77A-F999-404D-A0BF-F919DC40F85A}.Template|x86.Build.0 = Release|Win32
		{3C75BE17-8D8F-4F55-BD8E-594BAEE3BFD4}.Debug|x64.ActiveCfg = Debug|x64
		{3C75BE17-8D8F-4F55-BD8E-594BAEE3BFD4}.Debug|x64.Build.0 = Debug|x64
		{3C75BE17-8D8F-4F55-BD8E-594BAEE3BFD4}.Debug|x86.ActiveCfg = Debug|Win32
		{3C75BE17-8D8F-4F55-BD8E-594BAEE3BFD4}.Debug|x86.Build.0 = Debug|Win32
		{3C75BE17-8D8F-4F55-BD8E-594BAEE3BFD4}.MinSizeRel|x64.ActiveCfg = Release|x64
		{3C75BE17-8D8F-4F55-BD8E-594BAEE3BFD4}.MinSizeRel|x64.Build.0 = Release|x64
		{3C75BE17-8D8F-4F55-BD8E-594BAEE3BFD4}.MinSizeRel|x86.ActiveCfg = Release|Win32
		{3C75BE17-8D8F-4F55-BD8E-594BAEE3BFD4}.MinSizeRel|x86.Build.0 = Release|Win32
		{3C75BE17-8D8F-4F55-BD8E-594BAEE3BFD4}.Release|x64.ActiveCfg = Release|x64
		{3C75BE17-8D8F-4F55-BD8E-594BAEE3BFD4}.Release|x64.Build.0 = Release|x64
		{3C75BE17-8D8F-4F55-BD8E-594BAEE3BFD4}.Release|x86.ActiveCfg = Release|Win32
		{3C75BE17-8D8F-4F55-BD8E-594BAEE3BFD4}.Release|x86.Build.0 = Release|Win32
		{3C75BE17-8D8F-4F55-BD8E-594BAEE3BFD4}.RelWithDebInfo|x64.ActiveCfg = Release|x64
		{3C75BE17-8D8F-4F55-BD8E-594BAEE3BFD4}.RelWithDebInfo|x64.Build.0 = Release|x64
		{3C75BE17-8D8F-4F55-BD8E-594BAEE3BFD4}.RelWithDebInfo|x86.ActiveCfg = Release|Win32
		{3C75BE17-8D8F-4F55-BD8E-594BAEE3BFD4}.RelWithDebInfo|x86.Build.0 = Release|Win32
		{3C75BE17-8D8F-4F55-BD8E-594BAEE3BFD4}.Template|x64.ActiveCfg = Release|x64
		{3C75BE17-8D8F-4F55-BD8E-594BAEE3BFD4}.Template|x64.Build.0 = Release|x64
		{3C75BE17-8D8F-4F55-BD8E-594BAEE3BFD4}.Template|x86.ActiveCfg = Release|Win32
		{3C75BE17-8D8F-4F55-BD8E-594BAEE3BFD4}.Template|x86.Build.0 = Release|Win32
		{F7536A95-C981-4DB3-AFFE-800D41B06D9B}.Debug|x64.ActiveCfg = Debug|x64
		{F7536A95-C981-4DB3-AFFE-800D41B06D9B}.Debug|x64.Build.0 = Debug|x64
		{F7536A95-C981-4DB3-AFFE-800D41B06D9B}.Debug|x86.ActiveCfg = Debug|Win32
		{F7536A95-C981-4DB3-AFFE-800D41B06D9B}.Debug|x86.Build.0 = Debug|Win32
		{F7536A95-C981-4DB3-AFFE-800D41B06D9B}.MinSizeRel|x64.ActiveCfg = Release|x64
		{F7536A95-C981-4DB3-AFFE-800D41B06D9B}.MinSizeRel|x64.Build.0 = Release|x64
		{F7536A95-C981-4DB3-AFFE-800D41B06D9B}.MinSizeRel|x86.ActiveCfg = Release|Win32
		{F7536A95-C981-4DB3-AFFE-800D41B06D9B}.MinSizeRel|x86.Build.0 = Release|Win32
		{F7536A95-C981-4DB3-AFFE-800D41B06D9B}.Release|x64.ActiveCfg = Release|x64
		{F7536A95-C981-4DB3-AFFE-800D41B06D9B}.Release|x64.Build.0 = Release|x64
		{F7536A95-C981-4DB3-AFFE-800D41B06D9B}.Release|x86.ActiveCfg = Release|Win32
		{F7536A95-C981-4DB3-AFFE-800D41B06D9B}.Release|x86.Build.0 = Release|Win32
		{F7536A95-C981-4DB3-AFFE-800D41B06D9B}.RelWithDebInfo|x64.ActiveCfg = Release|x64
		{F7536A95-C981-4DB3-AFFE-800D41B06D9B}.RelWithDebInfo|x64.Build.0 = Release|x64
		{F7536A95-C981-4DB3-AFFE-800D41B06D9B}.RelWithDebInfo|x86.ActiveCfg = Release|Win32
		{F7536A95-C981-4DB3-AFFE-800D41B06D9B}.RelWithDebInfo|x86.Build.0 = Release|Win32
		{F7536A95-C981-4DB3-AFFE-800D41B06D9B}.Template|x64.ActiveCfg = Release|x64
		{F7536A95-C981-4DB3-AFFE-800D41B06D9B}.Template|x64.Build.0 = Release|x64
		{F7536A95-C981-4DB3-AFFE-800D41B06D9B}.Template|x86.ActiveCfg = Release|Win32
		{F7536A95-C981-4DB3-AFFE-800D41B06D9B}.Template|x86.Build.0 = Release|Win32
		{5FE5CF98-BB42-42AB-B0E8-C55DBE08669F}.Debug|x64.ActiveCfg = Debug|x64
		{5FE5CF98-BB42-42AB-B0E8-C55DBE08669F}.Debug|x64.Build.0 = Debug|x64
		{5FE5CF98-BB42-42AB-B0E8-C55DBE08669F}.Debug|x86.ActiveCfg = Debug|Win32
		{5FE5CF98-BB42-42AB-B0E8-C55DBE08669F}.Debug|x86.Build.0 = Debug|Win32
		{5FE5CF98-BB42-42AB-B0E8-C55DBE08669F}.MinSizeRel|x64.ActiveCfg = Release|x64
		{5FE5CF98-BB42-42AB-B0E8-C55DBE08669F}.MinSizeRel|x64.Build.0 = Release|x64
		{5FE5CF98-BB42-42AB-B0E8-C55DBE08669F}.MinSizeRel|x86.ActiveCfg = Release|Win32
		{5FE5CF98-BB42-42AB-B0E8-C55DBE08669F}.MinSizeRel|x86.Build.0 = Release|Win32
		{5FE5CF98-BB42-42AB-B0E8-C55DBE08669F}.Release|x64.ActiveCfg = Release|x64
		{5FE5CF98-BB42-42AB-B0E8-C55DBE08669F}.Release|x64.Build.0 = Release|x64
		{5FE5CF98-BB42-42AB-B0E8-C55DBE08669F}.Release|x86.ActiveCfg = Release|Win32
		{5FE5CF98-BB42-42AB-B0E8-C55DBE08669F}.Release|x86.Build.0 = Release|Win32
		{5FE5CF98-BB42-42AB-B0E8-C55DBE08669F}.RelWithDebInfo|x64.ActiveCfg = Release|x64
		{5FE5CF98-BB42-42AB-B0E8-C55DBE08669F}.RelWithDebInfo|x64.Build.0 = Release|x64
		{5FE5CF98-BB42-42AB-B0E8-C55DBE08669F}.RelWithDebInfo|x86.ActiveCfg = Release|Win32
		{5FE5CF98-BB42-42AB-B0E8-C55DBE08669F}.RelWithDebInfo|x86.Build.0 = Release|Win32
		{5FE5CF98-BB42-42AB-B0E8-C55DBE08669F}.Template|x64.ActiveCfg = Release|x64
		{5FE5CF98-BB42-42AB-B0E8-C55DBE08669F}.Template|x64.Build.0 = Release|x64
		{5FE5CF98-BB42-42AB-B0E8-C55DBE08669F}.Template|x86.ActiveCfg = Release|Win32
		{5FE5CF98-BB42-42AB-B0E8-C55DBE08669F}.Template|x86.Build.0 = Release|Win32
		{96CE869C-7B4A-4093-AA55-6ED075943623}.Debug|x64.ActiveCfg = Debug|x64
		{96CE869C-7B4A-4093-AA55-6ED075943623}.Debug|x64.Build.0 = Debug|x64
		{96CE869C-7B4A-4093-AA55-6ED075943623}.Debug|x86.ActiveCfg = Debug|Win32
		{96CE869C-7B4A-4093-AA55-6ED075943623}.Debug|x86.Build.0 = Debug|Win32
		{96CE869C-7B4A-4093-AA55-6ED075943623}.MinSizeRel|x64.ActiveCfg = Release|x64
		{96CE869C-7B4A-4093-AA55-6ED075943623}.MinSizeRel|x64.Build.0 = Release|x64
		{96CE869C-7B4A-4093-AA55-6ED075943623}.MinSizeRel|x86.ActiveCfg = Release|Win32
		{96CE869C-7B4A-4093-AA55-6ED075943623}.MinSizeRel|x86.Build.0 = Release|Win32
		{96CE869C-7B4A-4093-AA55-6ED075943623}.Release|x64.ActiveCfg = Release|x64
		{96CE869C-7B4A-4093-AA55-6ED075943623}.Release|x64.Build.0 = Release|x64
		{96CE869C-7B4A-4093-AA55-6ED075943623}.Release|x86.ActiveCfg = Release|Win32
		{96CE869C-7B4A-4093-AA55-6ED075943623}.Release|x86.Build.0 = Release|Win32
		{96CE869C-7B4A-4093-AA55-6ED075943623}.RelWithDebInfo|x64.ActiveCfg = Release|x64
		{96CE869C-7B4A-4093-AA55-6ED075943623}.RelWithDebInfo|x64.Build.0 = Release|x64
		{96CE869C-7B4A-4093-AA55-6ED075943623}.RelWithDebInfo|x86.ActiveCfg = Release|Win32
		{96CE869C-7B4A-4093-AA55-6ED075943623}.RelWithDebInfo|x86.Build.0 = Release|Win32
		{96CE869C-7B4A-4093-AA55-6ED075943623}.Template|x64.ActiveCfg = Release|x64
		{96CE869C-7B4A-4093-AA55-6ED075943623}.Template|x64.Build.0 = Release|x64
		{96CE869C-7B4A-4093-AA55-6ED075943623}.Template|x86.ActiveCfg = Release|Win32
		{96CE869C-7B4A-4093-AA55-6ED075943623}.Template|x86.Build.0 = Release|Win32
		{BCD8071F-82E5-4D7B-8D06-BA82ACCE613E}.Debug|x64.ActiveCfg = Debug|x64
		{BCD8071F-82E5-4D7B-8D06-BA82ACCE613E}.Debug|x64.Build.0 = Debug|x64
		{BCD8071F-82E5-4D7B-8D06-BA82ACCE613E}.Debug|x86.ActiveCfg = Debug|x64
		{BCD8071F-82E5-4D7B-8D06-BA82ACCE613E}.MinSizeRel|x64.ActiveCfg = Release|x64
		{BCD8071F-82E5-4D7B-8D06-BA82ACCE613E}.MinSizeRel|x64.Build.0 = Release|x64
		{BCD8071F-82E5-4D7B-8D06-BA82ACCE613E}.MinSizeRel|x86.ActiveCfg = Release|x64
		{BCD8071F-82E5-4D7B-8D06-BA82ACCE613E}.MinSizeRel|x86.Build.0 = Release|x64
		{BCD8071F-82E5-4D7B-8D06-BA82ACCE613E}.Release|x64.ActiveCfg = Release|x64
		{BCD8071F-82E5-4D7B-8D06-BA82ACCE613E}.Release|x64.Build.0 = Release|x64
		{BCD8071F-82E5-4D7B-8D06-BA82ACCE613E}.Release|x86.ActiveCfg = Release|x64
		{BCD8071F-82E5-4D7B-8D06-BA82ACCE613E}.RelWithDebInfo|x64.ActiveCfg = Release|x64
		{BCD8071F-82E5-4D7B-8D06-BA82ACCE613E}.RelWithDebInfo|x64.Build.0 = Release|x64
		{BCD8071F-82E5-4D7B-8D06-BA82ACCE613E}.RelWithDebInfo|x86.ActiveCfg = Release|x64
		{BCD8071F-82E5-4D7B-8D06-BA82ACCE613E}.RelWithDebInfo|x86.Build.0 = Release|x64
		{BCD8071F-82E5-4D7B-8D06-BA82ACCE613E}.Template|x64.ActiveCfg = Debug|x64
		{BCD8071F-82E5-4D7B-8D06-BA82ACCE613E}.Template|x64.Build.0 = Debug|x64
		{BCD8071F-82E5-4D7B-8D06-BA82ACCE613E}.Template|x86.ActiveCfg = Release|x64
		{BCD8071F-82E5-4D7B-8D06-BA82ACCE613E}.Template|x86.Build.0 = Release|x64
		{6134E72E-71D6-4576-989D-B46E548A0E24}.Debug|x64.ActiveCfg = Debug|x64
		{6134E72E-71D6-4576-989D-B46E548A0E24}.Debug|x64.Build.0 = Debug|x64
		{6134E72E-71D6-4576-989D-B46E548A0E24}.Debug|x86.ActiveCfg = Debug|x64
		{6134E72E-71D6-4576-989D-B46E548A0E24}.MinSizeRel|x64.ActiveCfg = Release|x64
		{6134E72E-71D6-4576-989D-B46E548A0E24}.MinSizeRel|x64.Build.0 = Release|x64
		{6134E72E-71D6-4576-989D-B46E548A0E24}.MinSizeRel|x86.ActiveCfg = Release|x64
		{6134E72E-71D6-4576-989D-B46E548A0E24}.MinSizeRel|x86.Build.0 = Release|x64
		{6134E72E-71D6-4576-989D-B46E548A0E24}.Release|x64.ActiveCfg = Release|x64
		{6134E72E-71D6-4576-989D-B46E548A0E24}.Release|x64.Build.0 = Release|x64
		{6134E72E-71D6-4576-989D-B46E548A0E24}.Release|x86.ActiveCfg = Release|x64
		{6134E72E-71D6-4576-989D-B46E548A0E24}.RelWithDebInfo|x64.ActiveCfg = Release|x64
		{6134E72E-71D6-4576-989D-B46E548A0E24}.RelWithDebInfo|x64.Build.0 = Release|x64
		{6134E72E-71D6-4576-989D-B46E548A0E24}.RelWithDebInfo|x86.ActiveCfg = Release|x64
		{6134E72E-71D6-4576-989D-B46E548A0E24}.RelWithDebInfo|x86.Build.0 = Release|x64
		{6134E72E-71D6-4576-989D-B46E548A0E24}.Template|x64.ActiveCfg = Release|x64
		{6134E72E-71D6-4576-989D-B46E548A0E24}.Template|x64.Build.0 = Release|x64
		{6134E72E-71D6-4576-989D-B46E548A0E24}.Template|x86.ActiveCfg = Release|x64
		{6134E72E-71D6-4576-989D-B46E548A0E24}.Template|x86.Build.0 = Release|x64
		{A1771F25-1DCB-4556-BBAA-2B1321DD23C2}.Debug|x64.ActiveCfg = Debug|x64
		{A1771F25-1DCB-4556-BBAA-2B1321DD23C2}.Debug|x64.Build.0 = Debug|x64
		{A1771F25-1DCB-4556-BBAA-2B1321DD23C2}.Debug|x86.ActiveCfg = Debug|x64
		{A1771F25-1DCB-4556-BBAA-2B1321DD23C2}.MinSizeRel|x64.ActiveCfg = Release|x64
		{A1771F25-1DCB-4556-BBAA-2B1321DD23C2}.MinSizeRel|x64.Build.0 = Release|x64
		{A1771F25-1DCB-4556-BBAA-2B1321DD23C2}.MinSizeRel|x86.ActiveCfg = Release|x64
		{A1771F25-1DCB-4556-BBAA-2B1321DD23C2}.MinSizeRel|x86.Build.0 = Release|x64
		{A1771F25-1DCB-4556-BBAA-2B1321DD23C2}.Release|x64.ActiveCfg = Release|x64
		{A1771F25-1DCB-4556-BBAA-2B1321DD23C2}.Release|x64.Build.0 = Release|x64
		{A1771F25-1DCB-4556-BBAA-2B1321DD23C2}.Release|x86.ActiveCfg = Release|x64
		{A1771F25-1DCB-4556-BBAA-2B1321DD23C2}.RelWithDebInfo|x64.ActiveCfg = Release|x64
		{A1771F25-1DCB-4556-BBAA-2B1321DD23C2}.RelWithDebInfo|x64.Build.0 = Release|x64
		{A1771F25-1DCB-4556-BBAA-2B1321DD23C2}.RelWithDebInfo|x86.ActiveCfg = Release|x64
		{A1771F25-1DCB-4556-BBAA-2B1321DD23C2}.RelWithDebInfo|x86.Build.0 = Release|x64
		{A1771F25-1DCB-4556-BBAA-2B1321DD23C2}.Template|x64.ActiveCfg = Release|x64
		{A1771F25-1DCB-4556-BBAA-2B1321DD23C2}.Template|x64.Build.0 = Release|x64
		{A1771F25-1DCB-4556-BBAA-2B1321DD23C2}.Template|x86.ActiveCfg = Release|x64
		{A1771F25-1DCB-4556-BBAA-2B1321DD23C2}.Template|x86.Build.0 = Release|x64
		{6134E72E-71D6-4576-989D-B46E548A0A24}.Debug|x64.ActiveCfg = Debug|x64
		{6134E72E-71D6-4576-989D-B46E548A0A24}.Debug|x64.Build.0 = Debug|x64
		{6134E72E-71D6-4576-989D-B46E548A0A24}.Debug|x86.ActiveCfg = Debug|x64
		{6134E72E-71D6-4576-989D-B46E548A0A24}.MinSizeRel|x64.ActiveCfg = Release|x64
		{6134E72E-71D6-4576-989D-B46E548A0A24}.MinSizeRel|x64.Build.0 = Release|x64
		{6134E72E-71D6-4576-989D-B46E548A0A24}.MinSizeRel|x86.ActiveCfg = Release|x64
		{6134E72E-71D6-4576-989D-B46E548A0A24}.MinSizeRel|x86.Build.0 = Release|x64
		{6134E72E-71D6-4576-989D-B46E548A0A24}.Release|x64.ActiveCfg = Release|x64
		{6134E72E-71D6-4576-989D-B46E548A0A24}.Release|x64.Build.0 = Release|x64
		{6134E72E-71D6-4576-989D-B46E548A0A24}.Release|x86.ActiveCfg = Release|x64
		{6134E72E-71D6-4576-989D-B46E548A0A24}.RelWithDebInfo|x64.ActiveCfg = Release|x64
		{6134E72E-71D6-4576-989D-B46E548A0A24}.RelWithDebInfo|x64.Build.0 = Release|x64
		{6134E72E-71D6-4576-989D-B46E548A0A24}.RelWithDebInfo|x86.ActiveCfg = Release|x64
		{6134E72E-71D6-4576-989D-B46E548A0A24}.RelWithDebInfo|x86.Build.0 = Release|x64
		{6134E72E-71D6-4576-989D-B46E548A0A24}.Template|x64.ActiveCfg = Release|x64
		{6134E72E-71D6-4576-989D-B46E548A0A24}.Template|x64.Build.0 = Release|x64
		{6134E72E-71D6-4576-989D-B46E548A0A24}.Template|x86.ActiveCfg = Release|x64
		{6134E72E-71D6-4576-989D-B46E548A0A24}.Template|x86.Build.0 = Release|x64
		{6134E72E-71D6-4576-969D-B46E548A0A24}.Debug|x64.ActiveCfg = Debug|x64
		{6134E72E-71D6-4576-969D-B46E548A0A24}.Debug|x64.Build.0 = Debug|x64
		{6134E72E-71D6-4576-969D-B46E548A0A24}.Debug|x86.ActiveCfg = Debug|x64
		{6134E72E-71D6-4576-969D-B46E548A0A24}.MinSizeRel|x64.ActiveCfg = Release|x64
		{6134E72E-71D6-4576-969D-B46E548A0A24}.MinSizeRel|x64.Build.0 = Release|x64
		{6134E72E-71D6-4576-969D-B46E548A0A24}.MinSizeRel|x86.ActiveCfg = Release|x64
		{6134E72E-71D6-4576-969D-B46E548A0A24}.MinSizeRel|x86.Build.0 = Release|x64
		{6134E72E-71D6-4576-969D-B46E548A0A24}.Release|x64.ActiveCfg = Release|x64
		{6134E72E-71D6-4576-969D-B46E548A0A24}.Release|x64.Build.0 = Release|x64
		{6134E72E-71D6-4576-969D-B46E548A0A24}.Release|x86.ActiveCfg = Release|x64
		{6134E72E-71D6-4576-969D-B46E548A0A24}.RelWithDebInfo|x64.ActiveCfg = Release|x64
		{6134E72E-71D6-4576-969D-B46E548A0A24}.RelWithDebInfo|x64.Build.0 = Release|x64
		{6134E72E-71D6-4576-969D-B46E548A0A24}.RelWithDebInfo|x86.ActiveCfg = Release|x64
		{6134E72E-71D6-4576-969D-B46E548A0A24}.RelWithDebInfo|x86.Build.0 = Release|x64
		{6134E72E-71D6-4576-969D-B46E548A0A24}.Template|x64.ActiveCfg = Release|x64
		{6134E72E-71D6-4576-969D-B46E548A0A24}.Template|x64.Build.0 = Release|x64
		{6134E72E-71D6-4576-969D-B46E548A0A24}.Template|x86.ActiveCfg = Release|x64
		{6134E72E-71D6-4576-969D-B46E548A0A24}.Template|x86.Build.0 = Release|x64
		{6134E72E-71A6-4576-969D-B46E548A0A24}.Debug|x64.ActiveCfg = Debug|x64
		{6134E72E-71A6-4576-969D-B46E548A0A24}.Debug|x64.Build.0 = Debug|x64
		{6134E72E-71A6-4576-969D-B46E548A0A24}.Debug|x86.ActiveCfg = Debug|x64
		{6134E72E-71A6-4576-969D-B46E548A0A24}.MinSizeRel|x64.ActiveCfg = Release|x64
		{6134E72E-71A6-4576-969D-B46E548A0A24}.MinSizeRel|x64.Build.0 = Release|x64
		{6134E72E-71A6-4576-969D-B46E548A0A24}.MinSizeRel|x86.ActiveCfg = Release|x64
		{6134E72E-71A6-4576-969D-B46E548A0A24}.MinSizeRel|x86.Build.0 = Release|x64
		{6134E72E-71A6-4576-969D-B46E548A0A24}.Release|x64.ActiveCfg = Release|x64
		{6134E72E-71A6-4576-969D-B46E548A0A24}.Release|x64.Build.0 = Release|x64
		{6134E72E-71A6-4576-969D-B46E548A0A24}.Release|x86.ActiveCfg = Release|x64
		{6134E72E-71A6-4576-969D-B46E548A0A24}.RelWithDebInfo|x64.ActiveCfg = Release|x64
		{6134E72E-71A6-4576-969D-B46E548A0A24}.RelWithDebInfo|x64.Build.0 = Release|x64
		{6134E72E-71A6-4576-969D-B46E548A0A24}.RelWithDebInfo|x86.ActiveCfg = Release|x64
		{6134E72E-71A6-4576-969D-B46E548A0A24}.RelWithDebInfo|x86.Build.0 = Release|x64
		{6134E72E-71A6-4576-969D-B46E548A0A24}.Template|x64.ActiveCfg = Release|x64
		{6134E72E-71A6-4576-969D-B46E548A0A24}.Template|x64.Build.0 = Release|x64
		{6134E72E-71A6-4576-969D-B46E548A0A24}.Template|x86.ActiveCfg = Release|x64
		{6134E72E-71A6-4576-969D-B46E548A0A24}.Template|x86.Build.0 = Release|x64
		{105C441D-43A8-43C6-AC02-4BD361A5092A}.Debug|x64.ActiveCfg = Debug|x64
		{105C441D-43A8-43C6-AC02-4BD361A5092A}.Debug|x64.Build.0 = Debug|x64
		{105C441D-43A8-43C6-AC02-4BD361A5092A}.Debug|x86.ActiveCfg = Debug|x64
		{105C441D-43A8-43C6-AC02-4BD361A5092A}.MinSizeRel|x64.ActiveCfg = Release|x64
		{105C441D-43A8-43C6-AC02-4BD361A5092A}.MinSizeRel|x64.Build.0 = Release|x64
		{105C441D-43A8-43C6-AC02-4BD361A5092A}.MinSizeRel|x86.ActiveCfg = Release|x64
		{105C441D-43A8-43C6-AC02-4BD361A5092A}.MinSizeRel|x86.Build.0 = Release|x64
		{105C441D-43A8-43C6-AC02-4BD361A5092A}.Release|x64.ActiveCfg = Release|x64
		{105C441D-43A8-43C6-AC02-4BD361A5092A}.Release|x64.Build.0 = Release|x64
		{105C441D-43A8-43C6-AC02-4BD361A5092A}.Release|x86.ActiveCfg = Release|x64
		{105C441D-43A8-43C6-AC02-4BD361A5092A}.RelWithDebInfo|x64.ActiveCfg = Release|x64
		{105C441D-43A8-43C6-AC02-4BD361A5092A}.RelWithDebInfo|x64.Build.0 = Release|x64
		{105C441D-43A8-43C6-AC02-4BD361A5092A}.RelWithDebInfo|x86.ActiveCfg = Release|x64
		{105C441D-43A8-43C6-AC02-4BD361A5092A}.RelWithDebInfo|x86.Build.0 = Release|x64
		{105C441D-43A8-43C6-AC02-4BD361A5092A}.Template|x64.ActiveCfg = Release|x64
		{105C441D-43A8-43C6-AC02-4BD361A5092A}.Template|x64.Build.0 = Release|x64
		{105C441D-43A8-43C6-AC02-4BD361A5092A}.Template|x86.ActiveCfg = Release|x64
		{105C441D-43A8-43C6-AC02-4BD361A5092A}.Template|x86.Build.0 = Release|x64
		{EFBA571E-92BC-4BB8-8E71-84B6969BD7BE}.Debug|x64.ActiveCfg = Debug|x64
		{EFBA571E-92BC-4BB8-8E71-84B6969BD7BE}.Debug|x64.Build.0 = Debug|x64
		{EFBA571E-92BC-4BB8-8E71-84B6969BD7BE}.Debug|x86.ActiveCfg = Debug|x64
		{EFBA571E-92BC-4BB8-8E71-84B6969BD7BE}.MinSizeRel|x64.ActiveCfg = Release|x64
		{EFBA571E-92BC-4BB8-8E71-84B6969BD7BE}.MinSizeRel|x64.Build.0 = Release|x64
		{EFBA571E-92BC-4BB8-8E71-84B6969BD7BE}.MinSizeRel|x86.ActiveCfg = Release|x64
		{EFBA571E-92BC-4BB8-8E71-84B6969BD7BE}.MinSizeRel|x86.Build.0 = Release|x64
		{EFBA571E-92BC-4BB8-8E71-84B6969BD7BE}.Release|x64.ActiveCfg = Release|x64
		{EFBA571E-92BC-4BB8-8E71-84B6969BD7BE}.Release|x64.Build.0 = Release|x64
		{EFBA571E-92BC-4BB8-8E71-84B6969BD7BE}.Release|x86.ActiveCfg = Release|x64
		{EFBA571E-92BC-4BB8-8E71-84B6969BD7BE}.RelWithDebInfo|x64.ActiveCfg = Release|x64
		{EFBA571E-92BC-4BB8-8E71-84B6969BD7BE}.RelWithDebInfo|x64.Build.0 = Release|x64
		{EFBA571E-92BC-4BB8-8E71-84B6969BD7BE}.RelWithDebInfo|x86.ActiveCfg = Release|x64
		{EFBA571E-92BC-4BB8-8E71-84B6969BD7BE}.RelWithDebInfo|x86.Build.0 = Release|x64
		{EFBA571E-92BC-4BB8-8E71-84B6969BD7BE}.Template|x64.ActiveCfg = Release|x64
		{EFBA571E-92BC-4BB8-8E71-84B6969BD7BE}.Template|x64.Build.0 = Release|x64
		{EFBA571E-92BC-4BB8-8E71-84B6969BD7BE}.Template|x86.ActiveCfg = Release|x64
		{EFBA571E-92BC-4BB8-8E71-84B6969BD7BE}.Template|x86.Build.0 = Release|x64
		{2301BFFE-2740-4C90-B88E-B475329FE6B2}.Debug|x64.ActiveCfg = Debug|x64
		{2301BFFE-2740-4C90-B88E-B475329FE6B2}.Debug|x64.Build.0 = Debug|x64
		{2301BFFE-2740-4C90-B88E-B475329FE6B2}.Debug|x86.ActiveCfg = Debug|x64
		{2301BFFE-2740-4C90-B88E-B475329FE6B2}.MinSizeRel|x64.ActiveCfg = Release|x64
		{2301BFFE-2740-4C90-B88E-B475329FE6B2}.MinSizeRel|x64.Build.0 = Release|x64
		{2301BFFE-2740-4C90-B88E-B475329FE6B2}.MinSizeRel|x86.ActiveCfg = Release|x64
		{2301BFFE-2740-4C90-B88E-B475329FE6B2}.MinSizeRel|x86.Build.0 = Release|x64
		{2301BFFE-2740-4C90-B88E-B475329FE6B2}.Release|x64.ActiveCfg = Release|x64
		{2301BFFE-2740-4C90-B88E-B475329FE6B2}.Release|x64.Build.0 = Release|x64
		{2301BFFE-2740-4C90-B88E-B475329FE6B2}.Release|x86.ActiveCfg = Release|x64
		{2301BFFE-2740-4C90-B88E-B475329FE6B2}.RelWithDebInfo|x64.ActiveCfg = Release|x64
		{2301BFFE-2740-4C90-B88E-B475329FE6B2}.RelWithDebInfo|x64.Build.0 = Release|x64
		{2301BFFE-2740-4C90-B88E-B475329FE6B2}.RelWithDebInfo|x86.ActiveCfg = Release|x64
		{2301BFFE-2740-4C90-B88E-B475329FE6B2}.RelWithDebInfo|x86.Build.0 = Release|x64
		{2301BFFE-2740-4C90-B88E-B475329FE6B2}.Template|x64.ActiveCfg = Release|x64
		{2301BFFE-2740-4C90-B88E-B475329FE6B2}.Template|x64.Build.0 = Release|x64
		{2301BFFE-2740-4C90-B88E-B475329FE6B2}.Template|x86.ActiveCfg = Release|x64
		{2301BFFE-2740-4C90-B88E-B475329FE6B2}.Template|x86.Build.0 = Release|x64
		{105C441D-43A8-43C6-AC12-4BD361A5092A}.Debug|x64.ActiveCfg = Debug|x64
		{105C441D-43A8-43C6-AC12-4BD361A5092A}.Debug|x64.Build.0 = Debug|x64
		{105C441D-43A8-43C6-AC12-4BD361A5092A}.Debug|x86.ActiveCfg = Debug|x64
		{105C441D-43A8-43C6-AC12-4BD361A5092A}.MinSizeRel|x64.ActiveCfg = Release|x64
		{105C441D-43A8-43C6-AC12-4BD361A5092A}.MinSizeRel|x64.Build.0 = Release|x64
		{105C441D-43A8-43C6-AC12-4BD361A5092A}.MinSizeRel|x86.ActiveCfg = Release|x64
		{105C441D-43A8-43C6-AC12-4BD361A5092A}.MinSizeRel|x86.Build.0 = Release|x64
		{105C441D-43A8-43C6-AC12-4BD361A5092A}.Release|x64.ActiveCfg = Release|x64
		{105C441D-43A8-43C6-AC12-4BD361A5092A}.Release|x64.Build.0 = Release|x64
		{105C441D-43A8-43C6-AC12-4BD361A5092A}.Release|x86.ActiveCfg = Release|x64
		{105C441D-43A8-43C6-AC12-4BD361A5092A}.RelWithDebInfo|x64.ActiveCfg = Release|x64
		{105C441D-43A8-43C6-AC12-4BD361A5092A}.RelWithDebInfo|x64.Build.0 = Release|x64
		{105C441D-43A8-43C6-AC12-4BD361A5092A}.RelWithDebInfo|x86.ActiveCfg = Release|x64
		{105C441D-43A8-43C6-AC12-4BD361A5092A}.RelWithDebInfo|x86.Build.0 = Release|x64
		{105C441D-43A8-43C6-AC12-4BD361A5092A}.Template|x64.ActiveCfg = Release|x64
		{105C441D-43A8-43C6-AC12-4BD361A5092A}.Template|x64.Build.0 = Release|x64
		{105C441D-43A8-43C6-AC12-4BD361A5092A}.Template|x86.ActiveCfg = Release|x64
		{105C441D-43A8-43C6-AC12-4BD361A5092A}.Template|x86.Build.0 = Release|x64
		{29EAFF6A-37C0-4A2B-88BF-F177F9D294C2}.Debug|x64.ActiveCfg = Debug|x64
		{29EAFF6A-37C0-4A2B-88BF-F177F9D294C2}.Debug|x64.Build.0 = Debug|x64
		{29EAFF6A-37C0-4A2B-88BF-F177F9D294C2}.Debug|x86.ActiveCfg = Debug|x64
		{29EAFF6A-37C0-4A2B-88BF-F177F9D294C2}.MinSizeRel|x64.ActiveCfg = Release|x64
		{29EAFF6A-37C0-4A2B-88BF-F177F9D294C2}.MinSizeRel|x64.Build.0 = Release|x64
		{29EAFF6A-37C0-4A2B-88BF-F177F9D294C2}.MinSizeRel|x86.ActiveCfg = Release|x64
		{29EAFF6A-37C0-4A2B-88BF-F177F9D294C2}.MinSizeRel|x86.Build.0 = Release|x64
		{29EAFF6A-37C0-4A2B-88BF-F177F9D294C2}.Release|x64.ActiveCfg = Release|x64
		{29EAFF6A-37C0-4A2B-88BF-F177F9D294C2}.Release|x64.Build.0 = Release|x64
		{29EAFF6A-37C0-4A2B-88BF-F177F9D294C2}.Release|x86.ActiveCfg = Release|x64
		{29EAFF6A-37C0-4A2B-88BF-F177F9D294C2}.RelWithDebInfo|x64.ActiveCfg = Release|x64
		{29EAFF6A-37C0-4A2B-88BF-F177F9D294C2}.RelWithDebInfo|x64.Build.0 = Release|x64
		{29EAFF6A-37C0-4A2B-88BF-F177F9D294C2}.RelWithDebInfo|x86.ActiveCfg = Release|x64
		{29EAFF6A-37C0-4A2B-88BF-F177F9D294C2}.RelWithDebInfo|x86.Build.0 = Release|x64
		{29EAFF6A-37C0-4A2B-88BF-F177F9D294C2}.Template|x64.ActiveCfg = Release|x64
		{29EAFF6A-37C0-4A2B-88BF-F177F9D294C2}.Template|x64.Build.0 = Release|x64
		{29EAFF6A-37C0-4A2B-88BF-F177F9D294C2}.Template|x86.ActiveCfg = Release|x64
		{29EAFF6A-37C0-4A2B-88BF-F177F9D294C2}.Template|x86.Build.0 = Release|x64
		{DB45CD2E-7601-4985-A1BA-4347D85EFC8B}.Debug|x64.ActiveCfg = Debug|x64
		{DB45CD2E-7601-4985-A1BA-4347D85EFC8B}.Debug|x64.Build.0 = Debug|x64
		{DB45CD2E-7601-4985-A1BA-4347D85EFC8B}.Debug|x86.ActiveCfg = Debug|Win32
		{DB45CD2E-7601-4985-A1BA-4347D85EFC8B}.Debug|x86.Build.0 = Debug|Win32
		{DB45CD2E-7601-4985-A1BA-4347D85EFC8B}.MinSizeRel|x64.ActiveCfg = Release|x64
		{DB45CD2E-7601-4985-A1BA-4347D85EFC8B}.MinSizeRel|x64.Build.0 = Release|x64
		{DB45CD2E-7601-4985-A1BA-4347D85EFC8B}.MinSizeRel|x86.ActiveCfg = Release|Win32
		{DB45CD2E-7601-4985-A1BA-4347D85EFC8B}.MinSizeRel|x86.Build.0 = Release|Win32
		{DB45CD2E-7601-4985-A1BA-4347D85EFC8B}.Release|x64.ActiveCfg = Release|x64
		{DB45CD2E-7601-4985-A1BA-4347D85EFC8B}.Release|x64.Build.0 = Release|x64
		{DB45CD2E-7601-4985-A1BA-4347D85EFC8B}.Release|x86.ActiveCfg = Release|Win32
		{DB45CD2E-7601-4985-A1BA-4347D85EFC8B}.Release|x86.Build.0 = Release|Win32
		{DB45CD2E-7601-4985-A1BA-4347D85EFC8B}.RelWithDebInfo|x64.ActiveCfg = Release|x64
		{DB45CD2E-7601-4985-A1BA-4347D85EFC8B}.RelWithDebInfo|x64.Build.0 = Release|x64
		{DB45CD2E-7601-4985-A1BA-4347D85EFC8B}.RelWithDebInfo|x86.ActiveCfg = Release|Win32
		{DB45CD2E-7601-4985-A1BA-4347D85EFC8B}.RelWithDebInfo|x86.Build.0 = Release|Win32
		{DB45CD2E-7601-4985-A1BA-4347D85EFC8B}.Template|x64.ActiveCfg = Release|x64
		{DB45CD2E-7601-4985-A1BA-4347D85EFC8B}.Template|x64.Build.0 = Release|x64
		{DB45CD2E-7601-4985-A1BA-4347D85EFC8B}.Template|x86.ActiveCfg = Release|Win32
		{DB45CD2E-7601-4985-A1BA-4347D85EFC8B}.Template|x86.Build.0 = Release|Win32
		{661D361B-DCF4-455C-BE6C-A2EAA9E27D5B}.Debug|x64.ActiveCfg = Debug|x64
		{661D361B-DCF4-455C-BE6C-A2EAA9E27D5B}.Debug|x64.Build.0 = Debug|x64
		{661D361B-DCF4-455C-BE6C-A2EAA9E27D5B}.Debug|x86.ActiveCfg = Debug|Win32
		{661D361B-DCF4-455C-BE6C-A2EAA9E27D5B}.Debug|x86.Build.0 = Debug|Win32
		{661D361B-DCF4-455C-BE6C-A2EAA9E27D5B}.MinSizeRel|x64.ActiveCfg = Release|x64
		{661D361B-DCF4-455C-BE6C-A2EAA9E27D5B}.MinSizeRel|x64.Build.0 = Release|x64
		{661D361B-DCF4-455C-BE6C-A2EAA9E27D5B}.MinSizeRel|x86.ActiveCfg = Release|Win32
		{661D361B-DCF4-455C-BE6C-A2EAA9E27D5B}.MinSizeRel|x86.Build.0 = Release|Win32
		{661D361B-DCF4-455C-BE6C-A2EAA9E27D5B}.Release|x64.ActiveCfg = Release|x64
		{661D361B-DCF4-455C-BE6C-A2EAA9E27D5B}.Release|x64.Build.0 = Release|x64
		{661D361B-DCF4-455C-BE6C-A2EAA9E27D5B}.Release|x86.ActiveCfg = Release|Win32
		{661D361B-DCF4-455C-BE6C-A2EAA9E27D5B}.Release|x86.Build.0 = Release|Win32
		{661D361B-DCF4-455C-BE6C-A2EAA9E27D5B}.RelWithDebInfo|x64.ActiveCfg = Release|x64
		{661D361B-DCF4-455C-BE6C-A2EAA9E27D5B}.RelWithDebInfo|x64.Build.0 = Release|x64
		{661D361B-DCF4-455C-BE6C-A2EAA9E27D5B}.RelWithDebInfo|x86.ActiveCfg = Release|Win32
		{661D361B-DCF4-455C-BE6C-A2EAA9E27D5B}.RelWithDebInfo|x86.Build.0 = Release|Win32
		{661D361B-DCF4-455C-BE6C-A2EAA9E27D5B}.Template|x64.ActiveCfg = Release|x64
		{661D361B-DCF4-455C-BE6C-A2EAA9E27D5B}.Template|x64.Build.0 = Release|x64
		{661D361B-DCF4-455C-BE6C-A2EAA9E27D5B}.Template|x86.ActiveCfg = Release|Win32
		{661D361B-DCF4-455C-BE6C-A2EAA9E27D5B}.Template|x86.Build.0 = Release|Win32
		{CE3DDAA2-68DD-477A-B48A-7967C5143DC9}.Debug|x64.ActiveCfg = Debug|x64
		{CE3DDAA2-68DD-477A-B48A-7967C5143DC9}.Debug|x64.Build.0 = Debug|x64
		{CE3DDAA2-68DD-477A-B48A-7967C5143DC9}.Debug|x86.ActiveCfg = Debug|Win32
		{CE3DDAA2-68DD-477A-B48A-7967C5143DC9}.Debug|x86.Build.0 = Debug|Win32
		{CE3DDAA2-68DD-477A-B48A-7967C5143DC9}.MinSizeRel|x64.ActiveCfg = Release|x64
		{CE3DDAA2-68DD-477A-B48A-7967C5143DC9}.MinSizeRel|x64.Build.0 = Release|x64
		{CE3DDAA2-68DD-477A-B48A-7967C5143DC9}.MinSizeRel|x86.ActiveCfg = Release|Win32
		{CE3DDAA2-68DD-477A-B48A-7967C5143DC9}.MinSizeRel|x86.Build.0 = Release|Win32
		{CE3DDAA2-68DD-477A-B48A-7967C5143DC9}.Release|x64.ActiveCfg = Release|x64
		{CE3DDAA2-68DD-477A-B48A-7967C5143DC9}.Release|x64.Build.0 = Release|x64
		{CE3DDAA2-68DD-477A-B48A-7967C5143DC9}.Release|x86.ActiveCfg = Release|Win32
		{CE3DDAA2-68DD-477A-B48A-7967C5143DC9}.Release|x86.Build.0 = Release|Win32
		{CE3DDAA2-68DD-477A-B48A-7967C5143DC9}.RelWithDebInfo|x64.ActiveCfg = Release|x64
		{CE3DDAA2-68DD-477A-B48A-7967C5143DC9}.RelWithDebInfo|x64.Build.0 = Release|x64
		{CE3DDAA2-68DD-477A-B48A-7967C5143DC9}.RelWithDebInfo|x86.ActiveCfg = Release|Win32
		{CE3DDAA2-68DD-477A-B48A-7967C5143DC9}.RelWithDebInfo|x86.Build.0 = Release|Win32
		{CE3DDAA2-68DD-477A-B48A-7967C5143DC9}.Template|x64.ActiveCfg = Release|x64
		{CE3DDAA2-68DD-477A-B48A-7967C5143DC9}.Template|x64.Build.0 = Release|x64
		{CE3DDAA2-68DD-477A-B48A-7967C5143DC9}.Template|x86.ActiveCfg = Release|Win32
		{CE3DDAA2-68DD-477A-B48A-7967C5143DC9}.Template|x86.Build.0 = Release|Win32
	EndGlobalSection
	GlobalSection(SolutionProperties) = preSolution
		HideSolutionNode = FALSE
	EndGlobalSection
	GlobalSection(NestedProjects) = preSolution
		{18DCC1FB-8EAA-4082-9A2F-91E863743E30} = {E97765A7-4C87-43CB-99A1-2B6752E3BB81}
		{5594E9B7-DC35-4886-A550-C658551E12DF} = {E97765A7-4C87-43CB-99A1-2B6752E3BB81}
		{AA3DDBA9-C668-48A4-9063-6F9DF233F0B1} = {E97765A7-4C87-43CB-99A1-2B6752E3BB81}
		{8ED9E22E-DAC6-49BA-B7D1-9B858F69F5B6} = {E97765A7-4C87-43CB-99A1-2B6752E3BB81}
		{0EE20CD4-D3FE-4927-8A4D-B5F8FC2A95BD} = {E97765A7-4C87-43CB-99A1-2B6752E3BB81}
		{235326F4-6FFB-4BB6-B81C-305E67B40FE0} = {E97765A7-4C87-43CB-99A1-2B6752E3BB81}
		{03C1C985-CE5A-4BD6-8DBC-7C62465B87BF} = {E97765A7-4C87-43CB-99A1-2B6752E3BB81}
		{F7536A95-C981-4DB3-AFFE-800D41B06D9B} = {E97765A7-4C87-43CB-99A1-2B6752E3BB81}
		{5FE5CF98-BB42-42AB-B0E8-C55DBE08669F} = {E97765A7-4C87-43CB-99A1-2B6752E3BB81}
		{96CE869C-7B4A-4093-AA55-6ED075943623} = {E97765A7-4C87-43CB-99A1-2B6752E3BB81}
		{BCD8071F-82E5-4D7B-8D06-BA82ACCE613E} = {E97765A7-4C87-43CB-99A1-2B6752E3BB81}
		{6134E72E-71D6-4576-989D-B46E548A0E24} = {E97765A7-4C87-43CB-99A1-2B6752E3BB81}
		{6134E72E-71D6-4576-989D-B46E548A0A24} = {E97765A7-4C87-43CB-99A1-2B6752E3BB81}
		{6134E72E-71D6-4576-969D-B46E548A0A24} = {E97765A7-4C87-43CB-99A1-2B6752E3BB81}
		{6134E72E-71A6-4576-969D-B46E548A0A24} = {E97765A7-4C87-43CB-99A1-2B6752E3BB81}
		{105C441D-43A8-43C6-AC02-4BD361A5092A} = {E97765A7-4C87-43CB-99A1-2B6752E3BB81}
		{EFBA571E-92BC-4BB8-8E71-84B6969BD7BE} = {E97765A7-4C87-43CB-99A1-2B6752E3BB81}
		{2301BFFE-2740-4C90-B88E-B475329FE6B2} = {E97765A7-4C87-43CB-99A1-2B6752E3BB81}
		{105C441D-43A8-43C6-AC12-4BD361A5092A} = {E97765A7-4C87-43CB-99A1-2B6752E3BB81}
		{29EAFF6A-37C0-4A2B-88BF-F177F9D294C2} = {E97765A7-4C87-43CB-99A1-2B6752E3BB81}
		{DB45CD2E-7601-4985-A1BA-4347D85EFC8B} = {E97765A7-4C87-43CB-99A1-2B6752E3BB81}
		{CE3DDAA2-68DD-477A-B48A-7967C5143DC9} = {E97765A7-4C87-43CB-99A1-2B6752E3BB81}
		{402BFE1A-DD86-443F-96A7-5080D69EA972} = {E97765A7-4C87-43CB-99A1-2B6752E3BB81}
	EndGlobalSection
	GlobalSection(ExtensibilityGlobals) = postSolution
		SolutionGuid = {C9AEC6B4-19EB-4CA2-87A9-144868D9DD13}
	EndGlobalSection
EndGlobal
