
Microsoft Visual Studio Solution File, Format Version 12.00
# Visual Studio 15
VisualStudioVersion = 15.0.28307.489
MinimumVisualStudioVersion = 10.0.40219.1
Project("{8BC9CEB8-8B4A-11D0-8D11-00A0C91BC942}") = "EnvLibs", "EnvLibs\EnvLibs.vcxproj", "{E3502523-3A54-4A72-AC75-A59C944AD9C1}"
EndProject
Project("{8BC9CEB8-8B4A-11D0-8D11-00A0C91BC942}") = "EnvEngine", "EnvEngine\EnvEngine.vcxproj", "{7E2932D5-10E4-4BAC-A07F-2E512402B88C}"
	ProjectSection(ProjectDependencies) = postProject
		{E3502523-3A54-4A72-AC75-A59C944AD9C1} = {E3502523-3A54-4A72-AC75-A59C944AD9C1}
	EndProjectSection
EndProject
Project("{8BC9CEB8-8B4A-11D0-8D11-00A0C91BC942}") = "Envision", "Envision\Envision.vcxproj", "{2A08AFB9-CB91-4FAE-B06C-573238E74E8D}"
	ProjectSection(ProjectDependencies) = postProject
		{E3502523-3A54-4A72-AC75-A59C944AD9C1} = {E3502523-3A54-4A72-AC75-A59C944AD9C1}
		{48AD5D58-DA1C-4555-9958-C29C4925F8FB} = {48AD5D58-DA1C-4555-9958-C29C4925F8FB}
		{9C79B078-36CA-402F-A47A-D87B5F23FA90} = {9C79B078-36CA-402F-A47A-D87B5F23FA90}
		{7E2932D5-10E4-4BAC-A07F-2E512402B88C} = {7E2932D5-10E4-4BAC-A07F-2E512402B88C}
	EndProjectSection
EndProject
Project("{8BC9CEB8-8B4A-11D0-8D11-00A0C91BC942}") = "EnvWinLibs", "EnvWinLibs\EnvWinLibs.vcxproj", "{48AD5D58-DA1C-4555-9958-C29C4925F8FB}"
	ProjectSection(ProjectDependencies) = postProject
		{E3502523-3A54-4A72-AC75-A59C944AD9C1} = {E3502523-3A54-4A72-AC75-A59C944AD9C1}
	EndProjectSection
EndProject
Project("{8BC9CEB8-8B4A-11D0-8D11-00A0C91BC942}") = "UltimateGrid", "Envision\UltimateGrid\UltimateGrid.vcxproj", "{9C79B078-36CA-402F-A47A-D87B5F23FA90}"
EndProject
Project("{8BC9CEB8-8B4A-11D0-8D11-00A0C91BC942}") = "ExamplePlugin", "Plugins\ExamplePlugin\ExamplePlugin.vcxproj", "{18DCC1FB-8EAA-4082-9A2F-91E863743E30}"
	ProjectSection(ProjectDependencies) = postProject
		{E3502523-3A54-4A72-AC75-A59C944AD9C1} = {E3502523-3A54-4A72-AC75-A59C944AD9C1}
		{7E2932D5-10E4-4BAC-A07F-2E512402B88C} = {7E2932D5-10E4-4BAC-A07F-2E512402B88C}
	EndProjectSection
EndProject
Project("{8BC9CEB8-8B4A-11D0-8D11-00A0C91BC942}") = "Flow", "Plugins\Flow\Flow.vcxproj", "{5594E9B7-DC35-4886-A550-C658551E12DF}"
	ProjectSection(ProjectDependencies) = postProject
		{E3502523-3A54-4A72-AC75-A59C944AD9C1} = {E3502523-3A54-4A72-AC75-A59C944AD9C1}
		{48AD5D58-DA1C-4555-9958-C29C4925F8FB} = {48AD5D58-DA1C-4555-9958-C29C4925F8FB}
		{2A08AFB9-CB91-4FAE-B06C-573238E74E8D} = {2A08AFB9-CB91-4FAE-B06C-573238E74E8D}
		{7E2932D5-10E4-4BAC-A07F-2E512402B88C} = {7E2932D5-10E4-4BAC-A07F-2E512402B88C}
	EndProjectSection
EndProject
Project("{8BC9CEB8-8B4A-11D0-8D11-00A0C91BC942}") = "Reporter", "Plugins\Reporter\Reporter.vcxproj", "{AA3DDBA9-C668-48A4-9063-6F9DF233F0B1}"
	ProjectSection(ProjectDependencies) = postProject
		{E3502523-3A54-4A72-AC75-A59C944AD9C1} = {E3502523-3A54-4A72-AC75-A59C944AD9C1}
		{7E2932D5-10E4-4BAC-A07F-2E512402B88C} = {7E2932D5-10E4-4BAC-A07F-2E512402B88C}
	EndProjectSection
EndProject
Project("{8BC9CEB8-8B4A-11D0-8D11-00A0C91BC942}") = "AcuteHazards", "Plugins\AcuteHazards\AcuteHazards.vcxproj", "{8ED9E22E-DAC6-49BA-B7D1-9B858F69F5B6}"
	ProjectSection(ProjectDependencies) = postProject
		{E3502523-3A54-4A72-AC75-A59C944AD9C1} = {E3502523-3A54-4A72-AC75-A59C944AD9C1}
		{7E2932D5-10E4-4BAC-A07F-2E512402B88C} = {7E2932D5-10E4-4BAC-A07F-2E512402B88C}
	EndProjectSection
EndProject
Project("{8BC9CEB8-8B4A-11D0-8D11-00A0C91BC942}") = "Target", "Plugins\Target\Target.vcxproj", "{0EE20CD4-D3FE-4927-8A4D-B5F8FC2A95BD}"
	ProjectSection(ProjectDependencies) = postProject
		{E3502523-3A54-4A72-AC75-A59C944AD9C1} = {E3502523-3A54-4A72-AC75-A59C944AD9C1}
		{7E2932D5-10E4-4BAC-A07F-2E512402B88C} = {7E2932D5-10E4-4BAC-A07F-2E512402B88C}
	EndProjectSection
EndProject
Project("{8BC9CEB8-8B4A-11D0-8D11-00A0C91BC942}") = "SpatialAllocator", "Plugins\SpatialAllocator\SpatialAllocator.vcxproj", "{235326F4-6FFB-4BB6-B81C-305E67B40FE0}"
	ProjectSection(ProjectDependencies) = postProject
		{E3502523-3A54-4A72-AC75-A59C944AD9C1} = {E3502523-3A54-4A72-AC75-A59C944AD9C1}
		{7E2932D5-10E4-4BAC-A07F-2E512402B88C} = {7E2932D5-10E4-4BAC-A07F-2E512402B88C}
	EndProjectSection
EndProject
Project("{8BC9CEB8-8B4A-11D0-8D11-00A0C91BC942}") = "Developer", "Plugins\Developer\Developer.vcxproj", "{03C1C985-CE5A-4BD6-8DBC-7C62465B87BF}"
	ProjectSection(ProjectDependencies) = postProject
		{E3502523-3A54-4A72-AC75-A59C944AD9C1} = {E3502523-3A54-4A72-AC75-A59C944AD9C1}
		{7E2932D5-10E4-4BAC-A07F-2E512402B88C} = {7E2932D5-10E4-4BAC-A07F-2E512402B88C}
	EndProjectSection
EndProject
Project("{8BC9CEB8-8B4A-11D0-8D11-00A0C91BC942}") = "EnvServer", "EnvServer\EnvServer.vcxproj", "{46D2D77A-F999-404D-A0BF-F919DC40F85A}"
EndProject
Project("{8BC9CEB8-8B4A-11D0-8D11-00A0C91BC942}") = "Restbed", "EnvServer\Restbed\Restbed.vcxproj", "{3C75BE17-8D8F-4F55-BD8E-594BAEE3BFD4}"
EndProject
Project("{8BC9CEB8-8B4A-11D0-8D11-00A0C91BC942}") = "SSTM", "Plugins\SSTM\SSTM.vcxproj", "{F7536A95-C981-4DB3-AFFE-800D41B06D9B}"
EndProject
Project("{8BC9CEB8-8B4A-11D0-8D11-00A0C91BC942}") = "Sync", "Plugins\Sync\Sync.vcxproj", "{5FE5CF98-BB42-42AB-B0E8-C55DBE08669F}"
EndProject
Project("{2150E333-8FDC-42A3-9474-1A3956D46DE8}") = "Plugins", "Plugins", "{E97765A7-4C87-43CB-99A1-2B6752E3BB81}"
EndProject
Global
	GlobalSection(SolutionConfigurationPlatforms) = preSolution
		Debug|x64 = Debug|x64
		Debug|x86 = Debug|x86
		Release|x64 = Release|x64
		Release|x86 = Release|x86
		Template|x64 = Template|x64
		Template|x86 = Template|x86
	EndGlobalSection
	GlobalSection(ProjectConfigurationPlatforms) = postSolution
		{E3502523-3A54-4A72-AC75-A59C944AD9C1}.Debug|x64.ActiveCfg = Debug|x64
		{E3502523-3A54-4A72-AC75-A59C944AD9C1}.Debug|x64.Build.0 = Debug|x64
		{E3502523-3A54-4A72-AC75-A59C944AD9C1}.Debug|x86.ActiveCfg = Debug|Win32
		{E3502523-3A54-4A72-AC75-A59C944AD9C1}.Debug|x86.Build.0 = Debug|Win32
		{E3502523-3A54-4A72-AC75-A59C944AD9C1}.Release|x64.ActiveCfg = Release|x64
		{E3502523-3A54-4A72-AC75-A59C944AD9C1}.Release|x64.Build.0 = Release|x64
		{E3502523-3A54-4A72-AC75-A59C944AD9C1}.Release|x86.ActiveCfg = Release|Win32
		{E3502523-3A54-4A72-AC75-A59C944AD9C1}.Release|x86.Build.0 = Release|Win32
		{E3502523-3A54-4A72-AC75-A59C944AD9C1}.Template|x64.ActiveCfg = Release|x64
		{E3502523-3A54-4A72-AC75-A59C944AD9C1}.Template|x64.Build.0 = Release|x64
		{E3502523-3A54-4A72-AC75-A59C944AD9C1}.Template|x86.ActiveCfg = Release|Win32
		{E3502523-3A54-4A72-AC75-A59C944AD9C1}.Template|x86.Build.0 = Release|Win32
		{7E2932D5-10E4-4BAC-A07F-2E512402B88C}.Debug|x64.ActiveCfg = Debug|x64
		{7E2932D5-10E4-4BAC-A07F-2E512402B88C}.Debug|x64.Build.0 = Debug|x64
		{7E2932D5-10E4-4BAC-A07F-2E512402B88C}.Debug|x86.ActiveCfg = Debug|Win32
		{7E2932D5-10E4-4BAC-A07F-2E512402B88C}.Debug|x86.Build.0 = Debug|Win32
		{7E2932D5-10E4-4BAC-A07F-2E512402B88C}.Release|x64.ActiveCfg = Release|x64
		{7E2932D5-10E4-4BAC-A07F-2E512402B88C}.Release|x64.Build.0 = Release|x64
		{7E2932D5-10E4-4BAC-A07F-2E512402B88C}.Release|x86.ActiveCfg = Release|Win32
		{7E2932D5-10E4-4BAC-A07F-2E512402B88C}.Release|x86.Build.0 = Release|Win32
		{7E2932D5-10E4-4BAC-A07F-2E512402B88C}.Template|x64.ActiveCfg = Release|x64
		{7E2932D5-10E4-4BAC-A07F-2E512402B88C}.Template|x64.Build.0 = Release|x64
		{7E2932D5-10E4-4BAC-A07F-2E512402B88C}.Template|x86.ActiveCfg = Release|Win32
		{7E2932D5-10E4-4BAC-A07F-2E512402B88C}.Template|x86.Build.0 = Release|Win32
		{2A08AFB9-CB91-4FAE-B06C-573238E74E8D}.Debug|x64.ActiveCfg = Debug|x64
		{2A08AFB9-CB91-4FAE-B06C-573238E74E8D}.Debug|x64.Build.0 = Debug|x64
		{2A08AFB9-CB91-4FAE-B06C-573238E74E8D}.Debug|x86.ActiveCfg = Debug|Win32
		{2A08AFB9-CB91-4FAE-B06C-573238E74E8D}.Debug|x86.Build.0 = Debug|Win32
		{2A08AFB9-CB91-4FAE-B06C-573238E74E8D}.Release|x64.ActiveCfg = Release|x64
		{2A08AFB9-CB91-4FAE-B06C-573238E74E8D}.Release|x64.Build.0 = Release|x64
		{2A08AFB9-CB91-4FAE-B06C-573238E74E8D}.Release|x86.ActiveCfg = Release|Win32
		{2A08AFB9-CB91-4FAE-B06C-573238E74E8D}.Release|x86.Build.0 = Release|Win32
		{2A08AFB9-CB91-4FAE-B06C-573238E74E8D}.Template|x64.ActiveCfg = Template|x64
		{2A08AFB9-CB91-4FAE-B06C-573238E74E8D}.Template|x64.Build.0 = Template|x64
		{2A08AFB9-CB91-4FAE-B06C-573238E74E8D}.Template|x86.ActiveCfg = Template|Win32
		{2A08AFB9-CB91-4FAE-B06C-573238E74E8D}.Template|x86.Build.0 = Template|Win32
		{48AD5D58-DA1C-4555-9958-C29C4925F8FB}.Debug|x64.ActiveCfg = Debug|x64
		{48AD5D58-DA1C-4555-9958-C29C4925F8FB}.Debug|x64.Build.0 = Debug|x64
		{48AD5D58-DA1C-4555-9958-C29C4925F8FB}.Debug|x86.ActiveCfg = Debug|Win32
		{48AD5D58-DA1C-4555-9958-C29C4925F8FB}.Debug|x86.Build.0 = Debug|Win32
		{48AD5D58-DA1C-4555-9958-C29C4925F8FB}.Release|x64.ActiveCfg = Release|x64
		{48AD5D58-DA1C-4555-9958-C29C4925F8FB}.Release|x64.Build.0 = Release|x64
		{48AD5D58-DA1C-4555-9958-C29C4925F8FB}.Release|x86.ActiveCfg = Release|Win32
		{48AD5D58-DA1C-4555-9958-C29C4925F8FB}.Release|x86.Build.0 = Release|Win32
		{48AD5D58-DA1C-4555-9958-C29C4925F8FB}.Template|x64.ActiveCfg = Template|x64
		{48AD5D58-DA1C-4555-9958-C29C4925F8FB}.Template|x64.Build.0 = Template|x64
		{48AD5D58-DA1C-4555-9958-C29C4925F8FB}.Template|x86.ActiveCfg = Template|Win32
		{48AD5D58-DA1C-4555-9958-C29C4925F8FB}.Template|x86.Build.0 = Template|Win32
		{9C79B078-36CA-402F-A47A-D87B5F23FA90}.Debug|x64.ActiveCfg = Debug|x64
		{9C79B078-36CA-402F-A47A-D87B5F23FA90}.Debug|x64.Build.0 = Debug|x64
		{9C79B078-36CA-402F-A47A-D87B5F23FA90}.Debug|x86.ActiveCfg = Debug|Win32
		{9C79B078-36CA-402F-A47A-D87B5F23FA90}.Debug|x86.Build.0 = Debug|Win32
		{9C79B078-36CA-402F-A47A-D87B5F23FA90}.Release|x64.ActiveCfg = Release|x64
		{9C79B078-36CA-402F-A47A-D87B5F23FA90}.Release|x64.Build.0 = Release|x64
		{9C79B078-36CA-402F-A47A-D87B5F23FA90}.Release|x86.ActiveCfg = Release|Win32
		{9C79B078-36CA-402F-A47A-D87B5F23FA90}.Release|x86.Build.0 = Release|Win32
		{9C79B078-36CA-402F-A47A-D87B5F23FA90}.Template|x64.ActiveCfg = Release|x64
		{9C79B078-36CA-402F-A47A-D87B5F23FA90}.Template|x64.Build.0 = Release|x64
		{9C79B078-36CA-402F-A47A-D87B5F23FA90}.Template|x86.ActiveCfg = Release|Win32
		{9C79B078-36CA-402F-A47A-D87B5F23FA90}.Template|x86.Build.0 = Release|Win32
		{18DCC1FB-8EAA-4082-9A2F-91E863743E30}.Debug|x64.ActiveCfg = Debug|x64
		{18DCC1FB-8EAA-4082-9A2F-91E863743E30}.Debug|x64.Build.0 = Debug|x64
		{18DCC1FB-8EAA-4082-9A2F-91E863743E30}.Debug|x86.ActiveCfg = Debug|Win32
		{18DCC1FB-8EAA-4082-9A2F-91E863743E30}.Debug|x86.Build.0 = Debug|Win32
		{18DCC1FB-8EAA-4082-9A2F-91E863743E30}.Release|x64.ActiveCfg = Release|x64
		{18DCC1FB-8EAA-4082-9A2F-91E863743E30}.Release|x64.Build.0 = Release|x64
		{18DCC1FB-8EAA-4082-9A2F-91E863743E30}.Release|x86.ActiveCfg = Release|Win32
		{18DCC1FB-8EAA-4082-9A2F-91E863743E30}.Release|x86.Build.0 = Release|Win32
		{18DCC1FB-8EAA-4082-9A2F-91E863743E30}.Template|x64.ActiveCfg = Release|x64
		{18DCC1FB-8EAA-4082-9A2F-91E863743E30}.Template|x64.Build.0 = Release|x64
		{18DCC1FB-8EAA-4082-9A2F-91E863743E30}.Template|x86.ActiveCfg = Release|Win32
		{18DCC1FB-8EAA-4082-9A2F-91E863743E30}.Template|x86.Build.0 = Release|Win32
		{5594E9B7-DC35-4886-A550-C658551E12DF}.Debug|x64.ActiveCfg = Debug|x64
		{5594E9B7-DC35-4886-A550-C658551E12DF}.Debug|x64.Build.0 = Debug|x64
		{5594E9B7-DC35-4886-A550-C658551E12DF}.Debug|x86.ActiveCfg = Debug|Win32
		{5594E9B7-DC35-4886-A550-C658551E12DF}.Debug|x86.Build.0 = Debug|Win32
		{5594E9B7-DC35-4886-A550-C658551E12DF}.Release|x64.ActiveCfg = Release|x64
		{5594E9B7-DC35-4886-A550-C658551E12DF}.Release|x64.Build.0 = Release|x64
		{5594E9B7-DC35-4886-A550-C658551E12DF}.Release|x86.ActiveCfg = Release|Win32
		{5594E9B7-DC35-4886-A550-C658551E12DF}.Release|x86.Build.0 = Release|Win32
		{5594E9B7-DC35-4886-A550-C658551E12DF}.Template|x64.ActiveCfg = Release|x64
		{5594E9B7-DC35-4886-A550-C658551E12DF}.Template|x64.Build.0 = Release|x64
		{5594E9B7-DC35-4886-A550-C658551E12DF}.Template|x86.ActiveCfg = Release|Win32
		{5594E9B7-DC35-4886-A550-C658551E12DF}.Template|x86.Build.0 = Release|Win32
		{AA3DDBA9-C668-48A4-9063-6F9DF233F0B1}.Debug|x64.ActiveCfg = Debug|x64
		{AA3DDBA9-C668-48A4-9063-6F9DF233F0B1}.Debug|x64.Build.0 = Debug|x64
		{AA3DDBA9-C668-48A4-9063-6F9DF233F0B1}.Debug|x86.ActiveCfg = Debug|Win32
		{AA3DDBA9-C668-48A4-9063-6F9DF233F0B1}.Debug|x86.Build.0 = Debug|Win32
		{AA3DDBA9-C668-48A4-9063-6F9DF233F0B1}.Release|x64.ActiveCfg = Release|x64
		{AA3DDBA9-C668-48A4-9063-6F9DF233F0B1}.Release|x64.Build.0 = Release|x64
		{AA3DDBA9-C668-48A4-9063-6F9DF233F0B1}.Release|x86.ActiveCfg = Release|Win32
		{AA3DDBA9-C668-48A4-9063-6F9DF233F0B1}.Release|x86.Build.0 = Release|Win32
		{AA3DDBA9-C668-48A4-9063-6F9DF233F0B1}.Template|x64.ActiveCfg = Release|x64
		{AA3DDBA9-C668-48A4-9063-6F9DF233F0B1}.Template|x64.Build.0 = Release|x64
		{AA3DDBA9-C668-48A4-9063-6F9DF233F0B1}.Template|x86.ActiveCfg = Release|Win32
		{AA3DDBA9-C668-48A4-9063-6F9DF233F0B1}.Template|x86.Build.0 = Release|Win32
		{8ED9E22E-DAC6-49BA-B7D1-9B858F69F5B6}.Debug|x64.ActiveCfg = Debug|x64
		{8ED9E22E-DAC6-49BA-B7D1-9B858F69F5B6}.Debug|x64.Build.0 = Debug|x64
		{8ED9E22E-DAC6-49BA-B7D1-9B858F69F5B6}.Debug|x86.ActiveCfg = Debug|Win32
		{8ED9E22E-DAC6-49BA-B7D1-9B858F69F5B6}.Debug|x86.Build.0 = Debug|Win32
		{8ED9E22E-DAC6-49BA-B7D1-9B858F69F5B6}.Release|x64.ActiveCfg = Release|x64
		{8ED9E22E-DAC6-49BA-B7D1-9B858F69F5B6}.Release|x64.Build.0 = Release|x64
		{8ED9E22E-DAC6-49BA-B7D1-9B858F69F5B6}.Release|x86.ActiveCfg = Release|Win32
		{8ED9E22E-DAC6-49BA-B7D1-9B858F69F5B6}.Release|x86.Build.0 = Release|Win32
		{8ED9E22E-DAC6-49BA-B7D1-9B858F69F5B6}.Template|x64.ActiveCfg = Release|x64
		{8ED9E22E-DAC6-49BA-B7D1-9B858F69F5B6}.Template|x64.Build.0 = Release|x64
		{8ED9E22E-DAC6-49BA-B7D1-9B858F69F5B6}.Template|x86.ActiveCfg = Release|Win32
		{8ED9E22E-DAC6-49BA-B7D1-9B858F69F5B6}.Template|x86.Build.0 = Release|Win32
		{0EE20CD4-D3FE-4927-8A4D-B5F8FC2A95BD}.Debug|x64.ActiveCfg = Debug|x64
		{0EE20CD4-D3FE-4927-8A4D-B5F8FC2A95BD}.Debug|x64.Build.0 = Debug|x64
		{0EE20CD4-D3FE-4927-8A4D-B5F8FC2A95BD}.Debug|x86.ActiveCfg = Debug|Win32
		{0EE20CD4-D3FE-4927-8A4D-B5F8FC2A95BD}.Debug|x86.Build.0 = Debug|Win32
		{0EE20CD4-D3FE-4927-8A4D-B5F8FC2A95BD}.Release|x64.ActiveCfg = Release|x64
		{0EE20CD4-D3FE-4927-8A4D-B5F8FC2A95BD}.Release|x64.Build.0 = Release|x64
		{0EE20CD4-D3FE-4927-8A4D-B5F8FC2A95BD}.Release|x86.ActiveCfg = Release|Win32
		{0EE20CD4-D3FE-4927-8A4D-B5F8FC2A95BD}.Release|x86.Build.0 = Release|Win32
		{0EE20CD4-D3FE-4927-8A4D-B5F8FC2A95BD}.Template|x64.ActiveCfg = Release|x64
		{0EE20CD4-D3FE-4927-8A4D-B5F8FC2A95BD}.Template|x64.Build.0 = Release|x64
		{0EE20CD4-D3FE-4927-8A4D-B5F8FC2A95BD}.Template|x86.ActiveCfg = Release|Win32
		{0EE20CD4-D3FE-4927-8A4D-B5F8FC2A95BD}.Template|x86.Build.0 = Release|Win32
		{235326F4-6FFB-4BB6-B81C-305E67B40FE0}.Debug|x64.ActiveCfg = Debug|x64
		{235326F4-6FFB-4BB6-B81C-305E67B40FE0}.Debug|x64.Build.0 = Debug|x64
		{235326F4-6FFB-4BB6-B81C-305E67B40FE0}.Debug|x86.ActiveCfg = Debug|Win32
		{235326F4-6FFB-4BB6-B81C-305E67B40FE0}.Debug|x86.Build.0 = Debug|Win32
		{235326F4-6FFB-4BB6-B81C-305E67B40FE0}.Release|x64.ActiveCfg = Release|x64
		{235326F4-6FFB-4BB6-B81C-305E67B40FE0}.Release|x64.Build.0 = Release|x64
		{235326F4-6FFB-4BB6-B81C-305E67B40FE0}.Release|x86.ActiveCfg = Release|Win32
		{235326F4-6FFB-4BB6-B81C-305E67B40FE0}.Release|x86.Build.0 = Release|Win32
		{235326F4-6FFB-4BB6-B81C-305E67B40FE0}.Template|x64.ActiveCfg = Release|x64
		{235326F4-6FFB-4BB6-B81C-305E67B40FE0}.Template|x64.Build.0 = Release|x64
		{235326F4-6FFB-4BB6-B81C-305E67B40FE0}.Template|x86.ActiveCfg = Release|Win32
		{235326F4-6FFB-4BB6-B81C-305E67B40FE0}.Template|x86.Build.0 = Release|Win32
		{03C1C985-CE5A-4BD6-8DBC-7C62465B87BF}.Debug|x64.ActiveCfg = Debug|x64
		{03C1C985-CE5A-4BD6-8DBC-7C62465B87BF}.Debug|x64.Build.0 = Debug|x64
		{03C1C985-CE5A-4BD6-8DBC-7C62465B87BF}.Debug|x86.ActiveCfg = Debug|Win32
		{03C1C985-CE5A-4BD6-8DBC-7C62465B87BF}.Debug|x86.Build.0 = Debug|Win32
		{03C1C985-CE5A-4BD6-8DBC-7C62465B87BF}.Release|x64.ActiveCfg = Release|x64
		{03C1C985-CE5A-4BD6-8DBC-7C62465B87BF}.Release|x64.Build.0 = Release|x64
		{03C1C985-CE5A-4BD6-8DBC-7C62465B87BF}.Release|x86.ActiveCfg = Release|Win32
		{03C1C985-CE5A-4BD6-8DBC-7C62465B87BF}.Release|x86.Build.0 = Release|Win32
		{03C1C985-CE5A-4BD6-8DBC-7C62465B87BF}.Template|x64.ActiveCfg = Release|x64
		{03C1C985-CE5A-4BD6-8DBC-7C62465B87BF}.Template|x64.Build.0 = Release|x64
		{03C1C985-CE5A-4BD6-8DBC-7C62465B87BF}.Template|x86.ActiveCfg = Release|Win32
		{03C1C985-CE5A-4BD6-8DBC-7C62465B87BF}.Template|x86.Build.0 = Release|Win32
		{46D2D77A-F999-404D-A0BF-F919DC40F85A}.Debug|x64.ActiveCfg = Debug|x64
		{46D2D77A-F999-404D-A0BF-F919DC40F85A}.Debug|x64.Build.0 = Debug|x64
		{46D2D77A-F999-404D-A0BF-F919DC40F85A}.Debug|x86.ActiveCfg = Debug|Win32
		{46D2D77A-F999-404D-A0BF-F919DC40F85A}.Debug|x86.Build.0 = Debug|Win32
		{46D2D77A-F999-404D-A0BF-F919DC40F85A}.Release|x64.ActiveCfg = Release|x64
		{46D2D77A-F999-404D-A0BF-F919DC40F85A}.Release|x64.Build.0 = Release|x64
		{46D2D77A-F999-404D-A0BF-F919DC40F85A}.Release|x86.ActiveCfg = Release|Win32
		{46D2D77A-F999-404D-A0BF-F919DC40F85A}.Release|x86.Build.0 = Release|Win32
		{46D2D77A-F999-404D-A0BF-F919DC40F85A}.Template|x64.ActiveCfg = Release|x64
		{46D2D77A-F999-404D-A0BF-F919DC40F85A}.Template|x64.Build.0 = Release|x64
		{46D2D77A-F999-404D-A0BF-F919DC40F85A}.Template|x86.ActiveCfg = Release|Win32
		{46D2D77A-F999-404D-A0BF-F919DC40F85A}.Template|x86.Build.0 = Release|Win32
		{3C75BE17-8D8F-4F55-BD8E-594BAEE3BFD4}.Debug|x64.ActiveCfg = Debug|x64
		{3C75BE17-8D8F-4F55-BD8E-594BAEE3BFD4}.Debug|x64.Build.0 = Debug|x64
		{3C75BE17-8D8F-4F55-BD8E-594BAEE3BFD4}.Debug|x86.ActiveCfg = Debug|Win32
		{3C75BE17-8D8F-4F55-BD8E-594BAEE3BFD4}.Debug|x86.Build.0 = Debug|Win32
		{3C75BE17-8D8F-4F55-BD8E-594BAEE3BFD4}.Release|x64.ActiveCfg = Release|x64
		{3C75BE17-8D8F-4F55-BD8E-594BAEE3BFD4}.Release|x64.Build.0 = Release|x64
		{3C75BE17-8D8F-4F55-BD8E-594BAEE3BFD4}.Release|x86.ActiveCfg = Release|Win32
		{3C75BE17-8D8F-4F55-BD8E-594BAEE3BFD4}.Release|x86.Build.0 = Release|Win32
		{3C75BE17-8D8F-4F55-BD8E-594BAEE3BFD4}.Template|x64.ActiveCfg = Release|x64
		{3C75BE17-8D8F-4F55-BD8E-594BAEE3BFD4}.Template|x64.Build.0 = Release|x64
		{3C75BE17-8D8F-4F55-BD8E-594BAEE3BFD4}.Template|x86.ActiveCfg = Release|Win32
		{3C75BE17-8D8F-4F55-BD8E-594BAEE3BFD4}.Template|x86.Build.0 = Release|Win32
		{F7536A95-C981-4DB3-AFFE-800D41B06D9B}.Debug|x64.ActiveCfg = Debug|x64
		{F7536A95-C981-4DB3-AFFE-800D41B06D9B}.Debug|x64.Build.0 = Debug|x64
		{F7536A95-C981-4DB3-AFFE-800D41B06D9B}.Debug|x86.ActiveCfg = Debug|Win32
		{F7536A95-C981-4DB3-AFFE-800D41B06D9B}.Debug|x86.Build.0 = Debug|Win32
		{F7536A95-C981-4DB3-AFFE-800D41B06D9B}.Release|x64.ActiveCfg = Release|x64
		{F7536A95-C981-4DB3-AFFE-800D41B06D9B}.Release|x64.Build.0 = Release|x64
		{F7536A95-C981-4DB3-AFFE-800D41B06D9B}.Release|x86.ActiveCfg = Release|Win32
		{F7536A95-C981-4DB3-AFFE-800D41B06D9B}.Release|x86.Build.0 = Release|Win32
		{F7536A95-C981-4DB3-AFFE-800D41B06D9B}.Template|x64.ActiveCfg = Release|x64
		{F7536A95-C981-4DB3-AFFE-800D41B06D9B}.Template|x64.Build.0 = Release|x64
		{F7536A95-C981-4DB3-AFFE-800D41B06D9B}.Template|x86.ActiveCfg = Release|Win32
		{F7536A95-C981-4DB3-AFFE-800D41B06D9B}.Template|x86.Build.0 = Release|Win32
		{5FE5CF98-BB42-42AB-B0E8-C55DBE08669F}.Debug|x64.ActiveCfg = Debug|x64
		{5FE5CF98-BB42-42AB-B0E8-C55DBE08669F}.Debug|x64.Build.0 = Debug|x64
		{5FE5CF98-BB42-42AB-B0E8-C55DBE08669F}.Debug|x86.ActiveCfg = Debug|Win32
		{5FE5CF98-BB42-42AB-B0E8-C55DBE08669F}.Debug|x86.Build.0 = Debug|Win32
		{5FE5CF98-BB42-42AB-B0E8-C55DBE08669F}.Release|x64.ActiveCfg = Release|x64
		{5FE5CF98-BB42-42AB-B0E8-C55DBE08669F}.Release|x64.Build.0 = Release|x64
		{5FE5CF98-BB42-42AB-B0E8-C55DBE08669F}.Release|x86.ActiveCfg = Release|Win32
		{5FE5CF98-BB42-42AB-B0E8-C55DBE08669F}.Release|x86.Build.0 = Release|Win32
		{5FE5CF98-BB42-42AB-B0E8-C55DBE08669F}.Template|x64.ActiveCfg = Release|x64
		{5FE5CF98-BB42-42AB-B0E8-C55DBE08669F}.Template|x64.Build.0 = Release|x64
		{5FE5CF98-BB42-42AB-B0E8-C55DBE08669F}.Template|x86.ActiveCfg = Release|Win32
		{5FE5CF98-BB42-42AB-B0E8-C55DBE08669F}.Template|x86.Build.0 = Release|Win32
	EndGlobalSection
	GlobalSection(SolutionProperties) = preSolution
		HideSolutionNode = FALSE
	EndGlobalSection
	GlobalSection(NestedProjects) = preSolution
		{18DCC1FB-8EAA-4082-9A2F-91E863743E30} = {E97765A7-4C87-43CB-99A1-2B6752E3BB81}
		{5594E9B7-DC35-4886-A550-C658551E12DF} = {E97765A7-4C87-43CB-99A1-2B6752E3BB81}
		{AA3DDBA9-C668-48A4-9063-6F9DF233F0B1} = {E97765A7-4C87-43CB-99A1-2B6752E3BB81}
		{8ED9E22E-DAC6-49BA-B7D1-9B858F69F5B6} = {E97765A7-4C87-43CB-99A1-2B6752E3BB81}
		{0EE20CD4-D3FE-4927-8A4D-B5F8FC2A95BD} = {E97765A7-4C87-43CB-99A1-2B6752E3BB81}
		{235326F4-6FFB-4BB6-B81C-305E67B40FE0} = {E97765A7-4C87-43CB-99A1-2B6752E3BB81}
		{03C1C985-CE5A-4BD6-8DBC-7C62465B87BF} = {E97765A7-4C87-43CB-99A1-2B6752E3BB81}
		{F7536A95-C981-4DB3-AFFE-800D41B06D9B} = {E97765A7-4C87-43CB-99A1-2B6752E3BB81}
		{5FE5CF98-BB42-42AB-B0E8-C55DBE08669F} = {E97765A7-4C87-43CB-99A1-2B6752E3BB81}
	EndGlobalSection
	GlobalSection(ExtensibilityGlobals) = postSolution
		SolutionGuid = {C9AEC6B4-19EB-4CA2-87A9-144868D9DD13}
	EndGlobalSection
EndGlobal
